
Microsoft Visual Studio Solution File, Format Version 12.00
# Visual Studio Version 16
VisualStudioVersion = 16.0.30011.22
MinimumVisualStudioVersion = 10.0.40219.1
Project("{2150E333-8FDC-42A3-9474-1A3956D46DE8}") = "Functions", "Functions", "{ABE6BDF4-C975-4D97-B2B9-A806DA23D0EE}"
EndProject
Project("{2150E333-8FDC-42A3-9474-1A3956D46DE8}") = "Client", "Client", "{DC47D8A1-CD1E-4099-A265-46968BDD2ADA}"
EndProject
Project("{2150E333-8FDC-42A3-9474-1A3956D46DE8}") = "Shared", "Shared", "{99F3BDEC-E50D-4761-8BD7-45C2361F275A}"
EndProject
Project("{2150E333-8FDC-42A3-9474-1A3956D46DE8}") = "Quiz", "Quiz", "{D9DA9FEC-0333-4085-AC26-BCBCC6066A37}"
EndProject
Project("{2150E333-8FDC-42A3-9474-1A3956D46DE8}") = "Test", "Test", "{4539F960-DB60-47DE-B4FD-A7308F5BE325}"
EndProject
Project("{9A19103F-16F7-4668-BE54-9A1E7A4F7556}") = "SwiftCaps.Services.Reporting.API", "Api\Function\src\SwiftCaps.Services.Reporting.API\SwiftCaps.Services.Reporting.API.csproj", "{E3CD626C-816B-4B5A-901D-6FCACD4480F0}"
EndProject
Project("{9A19103F-16F7-4668-BE54-9A1E7A4F7556}") = "SwiftCaps.Services.User.API", "Api\Function\src\SwiftCaps.Services.User.API\SwiftCaps.Services.User.API.csproj", "{6F3AE954-2E31-4494-8DF3-C9CB6DBD2231}"
EndProject
Project("{9A19103F-16F7-4668-BE54-9A1E7A4F7556}") = "SwiftCaps.Functions.Tests", "Api\Function\test\SwiftCaps.Functions.Tests\SwiftCaps.Functions.Tests.csproj", "{37CF0A7E-1F46-4A49-A94D-921DC6DC037F}"
EndProject
Project("{2150E333-8FDC-42A3-9474-1A3956D46DE8}") = "Admin", "Admin", "{432E2D2D-0DD9-45A5-9ECB-FA10620A9B2F}"
EndProject
Project("{2150E333-8FDC-42A3-9474-1A3956D46DE8}") = "Web", "Web", "{A84CF447-DDAF-4EF9-AE53-A3488079F34B}"
EndProject
Project("{2150E333-8FDC-42A3-9474-1A3956D46DE8}") = "src", "src", "{B0318ABD-038B-46D0-A48E-AB79F8300D60}"
EndProject
Project("{2150E333-8FDC-42A3-9474-1A3956D46DE8}") = "Quiz", "Quiz", "{C2E806B8-6336-468F-A867-DE72AD77B39C}"
EndProject
Project("{2150E333-8FDC-42A3-9474-1A3956D46DE8}") = "Mobile", "Mobile", "{AF0E38FF-2D58-4440-A691-CEC1907A3E30}"
EndProject
Project("{2150E333-8FDC-42A3-9474-1A3956D46DE8}") = "src", "src", "{11CD67D9-6B33-4BB3-B212-806E0EFB3FB8}"
EndProject
Project("{2150E333-8FDC-42A3-9474-1A3956D46DE8}") = "Test", "Test", "{332FF586-BF63-40E2-BA1C-5D4E92D6ACB9}"
EndProject
Project("{2150E333-8FDC-42A3-9474-1A3956D46DE8}") = "Host", "Host", "{6F28C9BF-EC41-4366-BB27-ADBB146D8B81}"
EndProject
Project("{2150E333-8FDC-42A3-9474-1A3956D46DE8}") = "Lib", "Lib", "{B0C6A5C3-C397-4CE5-ABAB-68AEE1FCB3FE}"
EndProject
Project("{9A19103F-16F7-4668-BE54-9A1E7A4F7556}") = "SwiftCaps", "Client\Quiz\Mobile\src\Host\SwiftCAPS\SwiftCaps.csproj", "{3251D0C3-8D2E-45D1-B774-8B31A75D5EFF}"
EndProject
Project("{FAE04EC0-301F-11D3-BF4B-00C04F79EFBC}") = "SwiftCaps.Android", "Client\Quiz\Mobile\src\Host\SwiftCAPS.Android\SwiftCaps.Android.csproj", "{11257315-E609-4D03-B3ED-D1EE909E9EB1}"
EndProject
Project("{FAE04EC0-301F-11D3-BF4B-00C04F79EFBC}") = "SwiftCaps.iOS", "Client\Quiz\Mobile\src\Host\SwiftCAPS.iOS\SwiftCaps.iOS.csproj", "{E7F9A087-1E5D-4737-9856-87A4A3ED7F71}"
EndProject
Project("{9A19103F-16F7-4668-BE54-9A1E7A4F7556}") = "SwiftCaps.Mobile.Shared", "Client\Quiz\Mobile\src\Lib\SwiftCaps.Mobile.Shared\SwiftCaps.Mobile.Shared.csproj", "{3DE27CB5-B566-4F26-B04C-AC83AEA3EEB5}"
EndProject
Project("{9A19103F-16F7-4668-BE54-9A1E7A4F7556}") = "SwiftCAPS.Mobile.UnitTest", "Client\Quiz\Mobile\test\SwiftCaps.Mobile.UnitTest\SwiftCAPS.Mobile.UnitTest.csproj", "{AAEFD271-D9E7-4F67-8925-9B467383B478}"
EndProject
Project("{9A19103F-16F7-4668-BE54-9A1E7A4F7556}") = "SwiftCaps.Data", "Shared\SwiftCaps.Data\SwiftCaps.Data.csproj", "{3633CB23-1D29-425C-A735-AD87F286834F}"
EndProject
Project("{9A19103F-16F7-4668-BE54-9A1E7A4F7556}") = "SwiftCaps.Data.Seeder", "Shared\SwiftCaps.Data.Seeder\SwiftCaps.Data.Seeder.csproj", "{094831D1-CFAE-4420-BDB6-D021A0599961}"
EndProject
Project("{9A19103F-16F7-4668-BE54-9A1E7A4F7556}") = "SwiftCaps.EF.Support", "Shared\SwiftCaps.EF.Support\SwiftCaps.EF.Support.csproj", "{F5E405AB-A50D-4AFE-B030-2C5EF6DFABC1}"
EndProject
Project("{9A19103F-16F7-4668-BE54-9A1E7A4F7556}") = "SwiftCaps.Fake", "Shared\SwiftCaps.Fake\SwiftCaps.Fake.csproj", "{08FE6926-C83E-4DA9-8406-D4855AA81065}"
EndProject
Project("{9A19103F-16F7-4668-BE54-9A1E7A4F7556}") = "SwiftCaps.Helpers", "Shared\SwiftCaps.Helpers\SwiftCaps.Helpers.csproj", "{FE07378E-0D6A-4371-BCE8-E3735643A5D0}"
EndProject
Project("{9A19103F-16F7-4668-BE54-9A1E7A4F7556}") = "SwiftCaps.Models", "Shared\SwiftCaps.Models\SwiftCaps.Models.csproj", "{7087C155-50C7-47C8-80A5-4F3DA37ED55D}"
EndProject
Project("{9A19103F-16F7-4668-BE54-9A1E7A4F7556}") = "Xamariners.Functions.Core", "Shared\Xamariners.Functions.Core\Xamariners.Functions.Core.csproj", "{53A464B4-690C-4746-91A5-C02FA3057EB8}"
EndProject
Project("{D954291E-2A0B-460D-934E-DC6B0785DB48}") = "Xamariners.Shared", "Shared\Xamariners.Shared\Xamariners.Shared.shproj", "{DC1A765B-F5A9-423E-B4CA-B0E950EFEBDC}"
EndProject
Project("{2150E333-8FDC-42A3-9474-1A3956D46DE8}") = "Web", "Web", "{989B5D49-E5A5-4FAF-9A53-27BEEEF06276}"
EndProject
Project("{2150E333-8FDC-42A3-9474-1A3956D46DE8}") = "src", "src", "{0E2715D1-F978-446E-AC2A-D329D114A1FE}"
EndProject
Project("{9A19103F-16F7-4668-BE54-9A1E7A4F7556}") = "SwiftCaps.Services.Quiz", "Api\Service\src\SwiftCaps.Services.Quiz\SwiftCaps.Services.Quiz.csproj", "{4AC7DEC7-C791-4845-B0A4-1D2E365D316D}"
EndProject
Project("{9A19103F-16F7-4668-BE54-9A1E7A4F7556}") = "SwiftCaps.Services.Reporting", "Api\Service\src\SwiftCaps.Services.Reporting\SwiftCaps.Services.Reporting.csproj", "{392789B6-6597-401D-A978-1F52EB4EC0C3}"
EndProject
Project("{9A19103F-16F7-4668-BE54-9A1E7A4F7556}") = "SwiftCaps.Services.User", "Api\Service\src\SwiftCaps.Services.Users\SwiftCaps.Services.User.csproj", "{C0F9615D-F7D1-4C03-A10B-B62B6829828A}"
EndProject
Project("{9A19103F-16F7-4668-BE54-9A1E7A4F7556}") = "SwiftCaps.Client.Core", "Client\Quiz\Mobile\src\Lib\SwiftCaps.Client.Core\SwiftCaps.Client.Core.csproj", "{58038C09-C141-4B8F-BABA-CCB1299B64D0}"
EndProject
Project("{9A19103F-16F7-4668-BE54-9A1E7A4F7556}") = "SwiftCaps.Services.Quiz.API", "Api\Function\src\SwiftCaps.Services.Quiz.API\SwiftCaps.Services.Quiz.API.csproj", "{252319AD-623C-452B-AC6E-5434BFF5395E}"
EndProject
Project("{9A19103F-16F7-4668-BE54-9A1E7A4F7556}") = "SwiftCaps.Client.Bootstrap", "Client\Quiz\Mobile\src\Lib\SwiftCaps.Bootstrap\SwiftCaps.Client.Bootstrap.csproj", "{7B99B20B-9D35-4C4F-BF66-F672F64FA9FE}"
EndProject
Project("{9A19103F-16F7-4668-BE54-9A1E7A4F7556}") = "SwiftCaps.Services.Abstraction", "Shared\SwiftCaps.Services.Abstraction\SwiftCaps.Services.Abstraction.csproj", "{C8314513-1D8D-4425-81A3-B956D244E03B}"
EndProject
Project("{9A19103F-16F7-4668-BE54-9A1E7A4F7556}") = "SwiftCaps.Helpers.Tests", "Shared\SwiftCaps.Helpers.Tests\SwiftCaps.Helpers.Tests.csproj", "{B6758819-8CAA-4BCC-99B4-7CACED9E0B79}"
EndProject
Project("{2150E333-8FDC-42A3-9474-1A3956D46DE8}") = "Admin", "Admin", "{10FE5829-EEF6-4AED-B8BA-3CC66498E441}"
EndProject
Project("{2150E333-8FDC-42A3-9474-1A3956D46DE8}") = "Quiz", "Quiz", "{B2D07F72-19EC-4D65-A38A-A0204C054E21}"
EndProject
Project("{2150E333-8FDC-42A3-9474-1A3956D46DE8}") = "Reporting", "Reporting", "{7D970CB1-F398-47B8-B313-C397B1884FB9}"
EndProject
Project("{2150E333-8FDC-42A3-9474-1A3956D46DE8}") = "User", "User", "{3442B6C7-C7ED-4A6B-8A29-0849912F8AEB}"
EndProject
Project("{9A19103F-16F7-4668-BE54-9A1E7A4F7556}") = "SwiftCaps.Admin.Services.Quiz.API", "Api\Function\src\SwiftCaps.Admin.Services.Quiz.API\SwiftCaps.Admin.Services.Quiz.API.csproj", "{061B16E0-5AAF-4583-8F02-8506594D19A1}"
EndProject
Project("{9A19103F-16F7-4668-BE54-9A1E7A4F7556}") = "SwiftCaps.Admin.Services.Quiz", "Api\Service\src\SwiftCaps.Admin.Services.Quiz\SwiftCaps.Admin.Services.Quiz.csproj", "{B73EFC6F-7DBA-427E-9FE4-FBA6754BD9E1}"
EndProject
Project("{2150E333-8FDC-42A3-9474-1A3956D46DE8}") = "Lib", "Lib", "{7B693E18-7EDC-481C-9AED-22C2FAD5B1B0}"
EndProject
Project("{2150E333-8FDC-42A3-9474-1A3956D46DE8}") = "Xamariners", "Xamariners", "{45F1C639-0B88-41C8-B479-E62836628E5F}"
EndProject
Project("{2150E333-8FDC-42A3-9474-1A3956D46DE8}") = "Test", "Test", "{3A9E20B2-B19A-4D3E-B8A5-54315F744091}"
EndProject
Project("{9A19103F-16F7-4668-BE54-9A1E7A4F7556}") = "SwiftCAPS.Admin.Web.Server", "Client\Admin\Web\src\Server\SwiftCAPS.Admin.Web.Server.csproj", "{57E255EB-26E8-4FCD-AEA7-1BC817302788}"
EndProject
Project("{9A19103F-16F7-4668-BE54-9A1E7A4F7556}") = "SwiftCAPS.Admin.Web.Client", "Client\Admin\Web\src\Client\SwiftCAPS.Admin.Web.Client.csproj", "{5B2ECB96-31D4-4753-B84E-FB8E580DE409}"
EndProject
Project("{9A19103F-16F7-4668-BE54-9A1E7A4F7556}") = "SwiftCAPS.Admin.Web.Shared", "Client\Admin\Web\src\Shared\SwiftCAPS.Admin.Web.Shared.csproj", "{91E0788A-0611-412B-BE2B-374AFB7D2ECA}"
EndProject
Project("{9A19103F-16F7-4668-BE54-9A1E7A4F7556}") = "SwiftCAPS.Blazor.Components", "Client\Shared\src\SwiftCAPS.Blazor.Components\SwiftCAPS.Blazor.Components.csproj", "{898FAE79-33A7-4ABF-A6AF-E8C82D82AAB3}"
EndProject
Project("{9A19103F-16F7-4668-BE54-9A1E7A4F7556}") = "SwiftCaps.Client.Shared", "Client\Shared\src\SwiftCaps.Client.Shared\SwiftCaps.Client.Shared.csproj", "{00216DEF-72C4-4298-8B54-5257891D7089}"
EndProject
Project("{9A19103F-16F7-4668-BE54-9A1E7A4F7556}") = "SwiftCAPS.Web.Client", "Client\Quiz\Web\src\Client\SwiftCAPS.Web.Client.csproj", "{05C05416-9F09-40FC-A853-61B29CAE1AC9}"
EndProject
Project("{9A19103F-16F7-4668-BE54-9A1E7A4F7556}") = "SwiftCAPS.Web.Server", "Client\Quiz\Web\src\Server\SwiftCAPS.Web.Server.csproj", "{FCF3BDE7-9568-4160-88E3-4D5631FC8490}"
EndProject
Project("{9A19103F-16F7-4668-BE54-9A1E7A4F7556}") = "SwiftCAPS.Web.Shared", "Client\Quiz\Web\src\Shared\SwiftCAPS.Web.Shared.csproj", "{9CD53454-F634-486A-ABDA-CB79A7FE72A5}"
EndProject
Project("{9A19103F-16F7-4668-BE54-9A1E7A4F7556}") = "SwiftCaps.Client.Cache.Service", "Client\Shared\src\SwiftCaps.Client.Cache.Service\SwiftCaps.Client.Cache.Service.csproj", "{80343487-E0B9-4F3E-84D3-181B129FBEB9}"
EndProject
Global
	GlobalSection(SharedMSBuildProjectFiles) = preSolution
		Shared\Xamariners.Shared\Xamariners.Shared.projitems*{11257315-e609-4d03-b3ed-d1ee909e9eb1}*SharedItemsImports = 4
		Shared\Xamariners.Shared\Xamariners.Shared.projitems*{dc1a765b-f5a9-423e-b4ca-b0e950efebdc}*SharedItemsImports = 13
		Shared\Xamariners.Shared\Xamariners.Shared.projitems*{e7f9a087-1e5d-4737-9856-87a4a3ed7f71}*SharedItemsImports = 4
	EndGlobalSection
	GlobalSection(SolutionConfigurationPlatforms) = preSolution
		Debug|Any CPU = Debug|Any CPU
		Debug|iPhone = Debug|iPhone
		Debug|iPhoneSimulator = Debug|iPhoneSimulator
		DebugFake|Any CPU = DebugFake|Any CPU
		DebugFake|iPhone = DebugFake|iPhone
		DebugFake|iPhoneSimulator = DebugFake|iPhoneSimulator
		Release|Any CPU = Release|Any CPU
		Release|iPhone = Release|iPhone
		Release|iPhoneSimulator = Release|iPhoneSimulator
	EndGlobalSection
	GlobalSection(ProjectConfigurationPlatforms) = postSolution
		{E3CD626C-816B-4B5A-901D-6FCACD4480F0}.Debug|Any CPU.ActiveCfg = Debug|Any CPU
		{E3CD626C-816B-4B5A-901D-6FCACD4480F0}.Debug|Any CPU.Build.0 = Debug|Any CPU
		{E3CD626C-816B-4B5A-901D-6FCACD4480F0}.Debug|iPhone.ActiveCfg = Debug|Any CPU
		{E3CD626C-816B-4B5A-901D-6FCACD4480F0}.Debug|iPhone.Build.0 = Debug|Any CPU
		{E3CD626C-816B-4B5A-901D-6FCACD4480F0}.Debug|iPhoneSimulator.ActiveCfg = Debug|Any CPU
		{E3CD626C-816B-4B5A-901D-6FCACD4480F0}.Debug|iPhoneSimulator.Build.0 = Debug|Any CPU
		{E3CD626C-816B-4B5A-901D-6FCACD4480F0}.DebugFake|Any CPU.ActiveCfg = Debug|Any CPU
		{E3CD626C-816B-4B5A-901D-6FCACD4480F0}.DebugFake|Any CPU.Build.0 = Debug|Any CPU
		{E3CD626C-816B-4B5A-901D-6FCACD4480F0}.DebugFake|iPhone.ActiveCfg = Debug|Any CPU
		{E3CD626C-816B-4B5A-901D-6FCACD4480F0}.DebugFake|iPhone.Build.0 = Debug|Any CPU
		{E3CD626C-816B-4B5A-901D-6FCACD4480F0}.DebugFake|iPhoneSimulator.ActiveCfg = Debug|Any CPU
		{E3CD626C-816B-4B5A-901D-6FCACD4480F0}.DebugFake|iPhoneSimulator.Build.0 = Debug|Any CPU
		{E3CD626C-816B-4B5A-901D-6FCACD4480F0}.Release|Any CPU.ActiveCfg = Release|Any CPU
		{E3CD626C-816B-4B5A-901D-6FCACD4480F0}.Release|Any CPU.Build.0 = Release|Any CPU
		{E3CD626C-816B-4B5A-901D-6FCACD4480F0}.Release|iPhone.ActiveCfg = Release|Any CPU
		{E3CD626C-816B-4B5A-901D-6FCACD4480F0}.Release|iPhone.Build.0 = Release|Any CPU
		{E3CD626C-816B-4B5A-901D-6FCACD4480F0}.Release|iPhoneSimulator.ActiveCfg = Release|Any CPU
		{E3CD626C-816B-4B5A-901D-6FCACD4480F0}.Release|iPhoneSimulator.Build.0 = Release|Any CPU
		{6F3AE954-2E31-4494-8DF3-C9CB6DBD2231}.Debug|Any CPU.ActiveCfg = Debug|Any CPU
		{6F3AE954-2E31-4494-8DF3-C9CB6DBD2231}.Debug|Any CPU.Build.0 = Debug|Any CPU
		{6F3AE954-2E31-4494-8DF3-C9CB6DBD2231}.Debug|iPhone.ActiveCfg = Debug|Any CPU
		{6F3AE954-2E31-4494-8DF3-C9CB6DBD2231}.Debug|iPhone.Build.0 = Debug|Any CPU
		{6F3AE954-2E31-4494-8DF3-C9CB6DBD2231}.Debug|iPhoneSimulator.ActiveCfg = Debug|Any CPU
		{6F3AE954-2E31-4494-8DF3-C9CB6DBD2231}.Debug|iPhoneSimulator.Build.0 = Debug|Any CPU
		{6F3AE954-2E31-4494-8DF3-C9CB6DBD2231}.DebugFake|Any CPU.ActiveCfg = Debug|Any CPU
		{6F3AE954-2E31-4494-8DF3-C9CB6DBD2231}.DebugFake|Any CPU.Build.0 = Debug|Any CPU
		{6F3AE954-2E31-4494-8DF3-C9CB6DBD2231}.DebugFake|iPhone.ActiveCfg = Debug|Any CPU
		{6F3AE954-2E31-4494-8DF3-C9CB6DBD2231}.DebugFake|iPhone.Build.0 = Debug|Any CPU
		{6F3AE954-2E31-4494-8DF3-C9CB6DBD2231}.DebugFake|iPhoneSimulator.ActiveCfg = Debug|Any CPU
		{6F3AE954-2E31-4494-8DF3-C9CB6DBD2231}.DebugFake|iPhoneSimulator.Build.0 = Debug|Any CPU
		{6F3AE954-2E31-4494-8DF3-C9CB6DBD2231}.Release|Any CPU.ActiveCfg = Release|Any CPU
		{6F3AE954-2E31-4494-8DF3-C9CB6DBD2231}.Release|Any CPU.Build.0 = Release|Any CPU
		{6F3AE954-2E31-4494-8DF3-C9CB6DBD2231}.Release|iPhone.ActiveCfg = Release|Any CPU
		{6F3AE954-2E31-4494-8DF3-C9CB6DBD2231}.Release|iPhone.Build.0 = Release|Any CPU
		{6F3AE954-2E31-4494-8DF3-C9CB6DBD2231}.Release|iPhoneSimulator.ActiveCfg = Release|Any CPU
		{6F3AE954-2E31-4494-8DF3-C9CB6DBD2231}.Release|iPhoneSimulator.Build.0 = Release|Any CPU
		{37CF0A7E-1F46-4A49-A94D-921DC6DC037F}.Debug|Any CPU.ActiveCfg = Debug|Any CPU
		{37CF0A7E-1F46-4A49-A94D-921DC6DC037F}.Debug|Any CPU.Build.0 = Debug|Any CPU
		{37CF0A7E-1F46-4A49-A94D-921DC6DC037F}.Debug|iPhone.ActiveCfg = Debug|Any CPU
		{37CF0A7E-1F46-4A49-A94D-921DC6DC037F}.Debug|iPhone.Build.0 = Debug|Any CPU
		{37CF0A7E-1F46-4A49-A94D-921DC6DC037F}.Debug|iPhoneSimulator.ActiveCfg = Debug|Any CPU
		{37CF0A7E-1F46-4A49-A94D-921DC6DC037F}.Debug|iPhoneSimulator.Build.0 = Debug|Any CPU
		{37CF0A7E-1F46-4A49-A94D-921DC6DC037F}.DebugFake|Any CPU.ActiveCfg = Debug|Any CPU
		{37CF0A7E-1F46-4A49-A94D-921DC6DC037F}.DebugFake|Any CPU.Build.0 = Debug|Any CPU
		{37CF0A7E-1F46-4A49-A94D-921DC6DC037F}.DebugFake|iPhone.ActiveCfg = Debug|Any CPU
		{37CF0A7E-1F46-4A49-A94D-921DC6DC037F}.DebugFake|iPhone.Build.0 = Debug|Any CPU
		{37CF0A7E-1F46-4A49-A94D-921DC6DC037F}.DebugFake|iPhoneSimulator.ActiveCfg = Debug|Any CPU
		{37CF0A7E-1F46-4A49-A94D-921DC6DC037F}.DebugFake|iPhoneSimulator.Build.0 = Debug|Any CPU
		{37CF0A7E-1F46-4A49-A94D-921DC6DC037F}.Release|Any CPU.ActiveCfg = Release|Any CPU
		{37CF0A7E-1F46-4A49-A94D-921DC6DC037F}.Release|Any CPU.Build.0 = Release|Any CPU
		{37CF0A7E-1F46-4A49-A94D-921DC6DC037F}.Release|iPhone.ActiveCfg = Release|Any CPU
		{37CF0A7E-1F46-4A49-A94D-921DC6DC037F}.Release|iPhone.Build.0 = Release|Any CPU
		{37CF0A7E-1F46-4A49-A94D-921DC6DC037F}.Release|iPhoneSimulator.ActiveCfg = Release|Any CPU
		{37CF0A7E-1F46-4A49-A94D-921DC6DC037F}.Release|iPhoneSimulator.Build.0 = Release|Any CPU
		{3251D0C3-8D2E-45D1-B774-8B31A75D5EFF}.Debug|Any CPU.ActiveCfg = Debug|Any CPU
		{3251D0C3-8D2E-45D1-B774-8B31A75D5EFF}.Debug|Any CPU.Build.0 = Debug|Any CPU
		{3251D0C3-8D2E-45D1-B774-8B31A75D5EFF}.Debug|iPhone.ActiveCfg = Debug|Any CPU
		{3251D0C3-8D2E-45D1-B774-8B31A75D5EFF}.Debug|iPhone.Build.0 = Debug|Any CPU
		{3251D0C3-8D2E-45D1-B774-8B31A75D5EFF}.Debug|iPhoneSimulator.ActiveCfg = Debug|Any CPU
		{3251D0C3-8D2E-45D1-B774-8B31A75D5EFF}.Debug|iPhoneSimulator.Build.0 = Debug|Any CPU
		{3251D0C3-8D2E-45D1-B774-8B31A75D5EFF}.DebugFake|Any CPU.ActiveCfg = DebugFake|Any CPU
		{3251D0C3-8D2E-45D1-B774-8B31A75D5EFF}.DebugFake|Any CPU.Build.0 = DebugFake|Any CPU
		{3251D0C3-8D2E-45D1-B774-8B31A75D5EFF}.DebugFake|iPhone.ActiveCfg = DebugFake|Any CPU
		{3251D0C3-8D2E-45D1-B774-8B31A75D5EFF}.DebugFake|iPhone.Build.0 = DebugFake|Any CPU
		{3251D0C3-8D2E-45D1-B774-8B31A75D5EFF}.DebugFake|iPhoneSimulator.ActiveCfg = DebugFake|Any CPU
		{3251D0C3-8D2E-45D1-B774-8B31A75D5EFF}.DebugFake|iPhoneSimulator.Build.0 = DebugFake|Any CPU
		{3251D0C3-8D2E-45D1-B774-8B31A75D5EFF}.Release|Any CPU.ActiveCfg = Release|Any CPU
		{3251D0C3-8D2E-45D1-B774-8B31A75D5EFF}.Release|Any CPU.Build.0 = Release|Any CPU
		{3251D0C3-8D2E-45D1-B774-8B31A75D5EFF}.Release|iPhone.ActiveCfg = Release|Any CPU
		{3251D0C3-8D2E-45D1-B774-8B31A75D5EFF}.Release|iPhone.Build.0 = Release|Any CPU
		{3251D0C3-8D2E-45D1-B774-8B31A75D5EFF}.Release|iPhoneSimulator.ActiveCfg = Release|Any CPU
		{3251D0C3-8D2E-45D1-B774-8B31A75D5EFF}.Release|iPhoneSimulator.Build.0 = Release|Any CPU
		{11257315-E609-4D03-B3ED-D1EE909E9EB1}.Debug|Any CPU.ActiveCfg = Debug|Any CPU
		{11257315-E609-4D03-B3ED-D1EE909E9EB1}.Debug|Any CPU.Build.0 = Debug|Any CPU
		{11257315-E609-4D03-B3ED-D1EE909E9EB1}.Debug|Any CPU.Deploy.0 = Debug|Any CPU
		{11257315-E609-4D03-B3ED-D1EE909E9EB1}.Debug|iPhone.ActiveCfg = Debug|Any CPU
		{11257315-E609-4D03-B3ED-D1EE909E9EB1}.Debug|iPhone.Build.0 = Debug|Any CPU
		{11257315-E609-4D03-B3ED-D1EE909E9EB1}.Debug|iPhoneSimulator.ActiveCfg = Debug|Any CPU
		{11257315-E609-4D03-B3ED-D1EE909E9EB1}.Debug|iPhoneSimulator.Build.0 = Debug|Any CPU
		{11257315-E609-4D03-B3ED-D1EE909E9EB1}.DebugFake|Any CPU.ActiveCfg = DebugFake|Any CPU
		{11257315-E609-4D03-B3ED-D1EE909E9EB1}.DebugFake|Any CPU.Build.0 = DebugFake|Any CPU
		{11257315-E609-4D03-B3ED-D1EE909E9EB1}.DebugFake|Any CPU.Deploy.0 = DebugFake|Any CPU
		{11257315-E609-4D03-B3ED-D1EE909E9EB1}.DebugFake|iPhone.ActiveCfg = DebugFake|Any CPU
		{11257315-E609-4D03-B3ED-D1EE909E9EB1}.DebugFake|iPhone.Build.0 = DebugFake|Any CPU
		{11257315-E609-4D03-B3ED-D1EE909E9EB1}.DebugFake|iPhone.Deploy.0 = DebugFake|Any CPU
		{11257315-E609-4D03-B3ED-D1EE909E9EB1}.DebugFake|iPhoneSimulator.ActiveCfg = DebugFake|Any CPU
		{11257315-E609-4D03-B3ED-D1EE909E9EB1}.DebugFake|iPhoneSimulator.Build.0 = DebugFake|Any CPU
		{11257315-E609-4D03-B3ED-D1EE909E9EB1}.DebugFake|iPhoneSimulator.Deploy.0 = DebugFake|Any CPU
		{11257315-E609-4D03-B3ED-D1EE909E9EB1}.Release|Any CPU.ActiveCfg = Release|Any CPU
		{11257315-E609-4D03-B3ED-D1EE909E9EB1}.Release|Any CPU.Build.0 = Release|Any CPU
		{11257315-E609-4D03-B3ED-D1EE909E9EB1}.Release|Any CPU.Deploy.0 = Release|Any CPU
		{11257315-E609-4D03-B3ED-D1EE909E9EB1}.Release|iPhone.ActiveCfg = Release|Any CPU
		{11257315-E609-4D03-B3ED-D1EE909E9EB1}.Release|iPhone.Build.0 = Release|Any CPU
		{11257315-E609-4D03-B3ED-D1EE909E9EB1}.Release|iPhone.Deploy.0 = Release|Any CPU
		{11257315-E609-4D03-B3ED-D1EE909E9EB1}.Release|iPhoneSimulator.ActiveCfg = Release|Any CPU
		{11257315-E609-4D03-B3ED-D1EE909E9EB1}.Release|iPhoneSimulator.Build.0 = Release|Any CPU
		{11257315-E609-4D03-B3ED-D1EE909E9EB1}.Release|iPhoneSimulator.Deploy.0 = Release|Any CPU
		{E7F9A087-1E5D-4737-9856-87A4A3ED7F71}.Debug|Any CPU.ActiveCfg = Debug|iPhone
		{E7F9A087-1E5D-4737-9856-87A4A3ED7F71}.Debug|iPhone.ActiveCfg = Debug|iPhone
		{E7F9A087-1E5D-4737-9856-87A4A3ED7F71}.Debug|iPhone.Build.0 = Debug|iPhone
		{E7F9A087-1E5D-4737-9856-87A4A3ED7F71}.Debug|iPhone.Deploy.0 = Debug|iPhone
		{E7F9A087-1E5D-4737-9856-87A4A3ED7F71}.Debug|iPhoneSimulator.ActiveCfg = Debug|iPhoneSimulator
		{E7F9A087-1E5D-4737-9856-87A4A3ED7F71}.Debug|iPhoneSimulator.Build.0 = Debug|iPhoneSimulator
		{E7F9A087-1E5D-4737-9856-87A4A3ED7F71}.DebugFake|Any CPU.ActiveCfg = DebugFake|iPhone
		{E7F9A087-1E5D-4737-9856-87A4A3ED7F71}.DebugFake|iPhone.ActiveCfg = DebugFake|iPhone
		{E7F9A087-1E5D-4737-9856-87A4A3ED7F71}.DebugFake|iPhone.Build.0 = DebugFake|iPhone
		{E7F9A087-1E5D-4737-9856-87A4A3ED7F71}.DebugFake|iPhone.Deploy.0 = DebugFake|iPhone
		{E7F9A087-1E5D-4737-9856-87A4A3ED7F71}.DebugFake|iPhoneSimulator.ActiveCfg = DebugFake|iPhoneSimulator
		{E7F9A087-1E5D-4737-9856-87A4A3ED7F71}.DebugFake|iPhoneSimulator.Build.0 = DebugFake|iPhoneSimulator
		{E7F9A087-1E5D-4737-9856-87A4A3ED7F71}.Release|Any CPU.ActiveCfg = Release|iPhone
		{E7F9A087-1E5D-4737-9856-87A4A3ED7F71}.Release|iPhone.ActiveCfg = Release|iPhone
		{E7F9A087-1E5D-4737-9856-87A4A3ED7F71}.Release|iPhone.Build.0 = Release|iPhone
		{E7F9A087-1E5D-4737-9856-87A4A3ED7F71}.Release|iPhoneSimulator.ActiveCfg = Release|iPhoneSimulator
		{E7F9A087-1E5D-4737-9856-87A4A3ED7F71}.Release|iPhoneSimulator.Build.0 = Release|iPhoneSimulator
		{3DE27CB5-B566-4F26-B04C-AC83AEA3EEB5}.Debug|Any CPU.ActiveCfg = Debug|Any CPU
		{3DE27CB5-B566-4F26-B04C-AC83AEA3EEB5}.Debug|Any CPU.Build.0 = Debug|Any CPU
		{3DE27CB5-B566-4F26-B04C-AC83AEA3EEB5}.Debug|iPhone.ActiveCfg = Debug|Any CPU
		{3DE27CB5-B566-4F26-B04C-AC83AEA3EEB5}.Debug|iPhone.Build.0 = Debug|Any CPU
		{3DE27CB5-B566-4F26-B04C-AC83AEA3EEB5}.Debug|iPhoneSimulator.ActiveCfg = Debug|Any CPU
		{3DE27CB5-B566-4F26-B04C-AC83AEA3EEB5}.Debug|iPhoneSimulator.Build.0 = Debug|Any CPU
		{3DE27CB5-B566-4F26-B04C-AC83AEA3EEB5}.DebugFake|Any CPU.ActiveCfg = Debug|Any CPU
		{3DE27CB5-B566-4F26-B04C-AC83AEA3EEB5}.DebugFake|Any CPU.Build.0 = Debug|Any CPU
		{3DE27CB5-B566-4F26-B04C-AC83AEA3EEB5}.DebugFake|iPhone.ActiveCfg = Debug|Any CPU
		{3DE27CB5-B566-4F26-B04C-AC83AEA3EEB5}.DebugFake|iPhone.Build.0 = Debug|Any CPU
		{3DE27CB5-B566-4F26-B04C-AC83AEA3EEB5}.DebugFake|iPhoneSimulator.ActiveCfg = Debug|Any CPU
		{3DE27CB5-B566-4F26-B04C-AC83AEA3EEB5}.DebugFake|iPhoneSimulator.Build.0 = Debug|Any CPU
		{3DE27CB5-B566-4F26-B04C-AC83AEA3EEB5}.Release|Any CPU.ActiveCfg = Release|Any CPU
		{3DE27CB5-B566-4F26-B04C-AC83AEA3EEB5}.Release|Any CPU.Build.0 = Release|Any CPU
		{3DE27CB5-B566-4F26-B04C-AC83AEA3EEB5}.Release|iPhone.ActiveCfg = Release|Any CPU
		{3DE27CB5-B566-4F26-B04C-AC83AEA3EEB5}.Release|iPhone.Build.0 = Release|Any CPU
		{3DE27CB5-B566-4F26-B04C-AC83AEA3EEB5}.Release|iPhoneSimulator.ActiveCfg = Release|Any CPU
		{3DE27CB5-B566-4F26-B04C-AC83AEA3EEB5}.Release|iPhoneSimulator.Build.0 = Release|Any CPU
		{AAEFD271-D9E7-4F67-8925-9B467383B478}.Debug|Any CPU.ActiveCfg = Debug|Any CPU
		{AAEFD271-D9E7-4F67-8925-9B467383B478}.Debug|Any CPU.Build.0 = Debug|Any CPU
		{AAEFD271-D9E7-4F67-8925-9B467383B478}.Debug|iPhone.ActiveCfg = Debug|Any CPU
		{AAEFD271-D9E7-4F67-8925-9B467383B478}.Debug|iPhone.Build.0 = Debug|Any CPU
		{AAEFD271-D9E7-4F67-8925-9B467383B478}.Debug|iPhoneSimulator.ActiveCfg = Debug|Any CPU
		{AAEFD271-D9E7-4F67-8925-9B467383B478}.Debug|iPhoneSimulator.Build.0 = Debug|Any CPU
		{AAEFD271-D9E7-4F67-8925-9B467383B478}.DebugFake|Any CPU.ActiveCfg = Debug|Any CPU
		{AAEFD271-D9E7-4F67-8925-9B467383B478}.DebugFake|Any CPU.Build.0 = Debug|Any CPU
		{AAEFD271-D9E7-4F67-8925-9B467383B478}.DebugFake|iPhone.ActiveCfg = Debug|Any CPU
		{AAEFD271-D9E7-4F67-8925-9B467383B478}.DebugFake|iPhone.Build.0 = Debug|Any CPU
		{AAEFD271-D9E7-4F67-8925-9B467383B478}.DebugFake|iPhoneSimulator.ActiveCfg = Debug|Any CPU
		{AAEFD271-D9E7-4F67-8925-9B467383B478}.DebugFake|iPhoneSimulator.Build.0 = Debug|Any CPU
		{AAEFD271-D9E7-4F67-8925-9B467383B478}.Release|Any CPU.ActiveCfg = Release|Any CPU
		{AAEFD271-D9E7-4F67-8925-9B467383B478}.Release|Any CPU.Build.0 = Release|Any CPU
		{AAEFD271-D9E7-4F67-8925-9B467383B478}.Release|iPhone.ActiveCfg = Release|Any CPU
		{AAEFD271-D9E7-4F67-8925-9B467383B478}.Release|iPhone.Build.0 = Release|Any CPU
		{AAEFD271-D9E7-4F67-8925-9B467383B478}.Release|iPhoneSimulator.ActiveCfg = Release|Any CPU
		{AAEFD271-D9E7-4F67-8925-9B467383B478}.Release|iPhoneSimulator.Build.0 = Release|Any CPU
		{3633CB23-1D29-425C-A735-AD87F286834F}.Debug|Any CPU.ActiveCfg = Debug|Any CPU
		{3633CB23-1D29-425C-A735-AD87F286834F}.Debug|Any CPU.Build.0 = Debug|Any CPU
		{3633CB23-1D29-425C-A735-AD87F286834F}.Debug|iPhone.ActiveCfg = Debug|Any CPU
		{3633CB23-1D29-425C-A735-AD87F286834F}.Debug|iPhone.Build.0 = Debug|Any CPU
		{3633CB23-1D29-425C-A735-AD87F286834F}.Debug|iPhoneSimulator.ActiveCfg = Debug|Any CPU
		{3633CB23-1D29-425C-A735-AD87F286834F}.Debug|iPhoneSimulator.Build.0 = Debug|Any CPU
		{3633CB23-1D29-425C-A735-AD87F286834F}.DebugFake|Any CPU.ActiveCfg = Debug|Any CPU
		{3633CB23-1D29-425C-A735-AD87F286834F}.DebugFake|Any CPU.Build.0 = Debug|Any CPU
		{3633CB23-1D29-425C-A735-AD87F286834F}.DebugFake|iPhone.ActiveCfg = Debug|Any CPU
		{3633CB23-1D29-425C-A735-AD87F286834F}.DebugFake|iPhone.Build.0 = Debug|Any CPU
		{3633CB23-1D29-425C-A735-AD87F286834F}.DebugFake|iPhoneSimulator.ActiveCfg = Debug|Any CPU
		{3633CB23-1D29-425C-A735-AD87F286834F}.DebugFake|iPhoneSimulator.Build.0 = Debug|Any CPU
		{3633CB23-1D29-425C-A735-AD87F286834F}.Release|Any CPU.ActiveCfg = Release|Any CPU
		{3633CB23-1D29-425C-A735-AD87F286834F}.Release|Any CPU.Build.0 = Release|Any CPU
		{3633CB23-1D29-425C-A735-AD87F286834F}.Release|iPhone.ActiveCfg = Release|Any CPU
		{3633CB23-1D29-425C-A735-AD87F286834F}.Release|iPhone.Build.0 = Release|Any CPU
		{3633CB23-1D29-425C-A735-AD87F286834F}.Release|iPhoneSimulator.ActiveCfg = Release|Any CPU
		{3633CB23-1D29-425C-A735-AD87F286834F}.Release|iPhoneSimulator.Build.0 = Release|Any CPU
		{094831D1-CFAE-4420-BDB6-D021A0599961}.Debug|Any CPU.ActiveCfg = Debug|Any CPU
		{094831D1-CFAE-4420-BDB6-D021A0599961}.Debug|Any CPU.Build.0 = Debug|Any CPU
		{094831D1-CFAE-4420-BDB6-D021A0599961}.Debug|iPhone.ActiveCfg = Debug|Any CPU
		{094831D1-CFAE-4420-BDB6-D021A0599961}.Debug|iPhone.Build.0 = Debug|Any CPU
		{094831D1-CFAE-4420-BDB6-D021A0599961}.Debug|iPhoneSimulator.ActiveCfg = Debug|Any CPU
		{094831D1-CFAE-4420-BDB6-D021A0599961}.Debug|iPhoneSimulator.Build.0 = Debug|Any CPU
		{094831D1-CFAE-4420-BDB6-D021A0599961}.DebugFake|Any CPU.ActiveCfg = Debug|Any CPU
		{094831D1-CFAE-4420-BDB6-D021A0599961}.DebugFake|Any CPU.Build.0 = Debug|Any CPU
		{094831D1-CFAE-4420-BDB6-D021A0599961}.DebugFake|iPhone.ActiveCfg = Debug|Any CPU
		{094831D1-CFAE-4420-BDB6-D021A0599961}.DebugFake|iPhone.Build.0 = Debug|Any CPU
		{094831D1-CFAE-4420-BDB6-D021A0599961}.DebugFake|iPhoneSimulator.ActiveCfg = Debug|Any CPU
		{094831D1-CFAE-4420-BDB6-D021A0599961}.DebugFake|iPhoneSimulator.Build.0 = Debug|Any CPU
		{094831D1-CFAE-4420-BDB6-D021A0599961}.Release|Any CPU.ActiveCfg = Release|Any CPU
		{094831D1-CFAE-4420-BDB6-D021A0599961}.Release|Any CPU.Build.0 = Release|Any CPU
		{094831D1-CFAE-4420-BDB6-D021A0599961}.Release|iPhone.ActiveCfg = Release|Any CPU
		{094831D1-CFAE-4420-BDB6-D021A0599961}.Release|iPhone.Build.0 = Release|Any CPU
		{094831D1-CFAE-4420-BDB6-D021A0599961}.Release|iPhoneSimulator.ActiveCfg = Release|Any CPU
		{094831D1-CFAE-4420-BDB6-D021A0599961}.Release|iPhoneSimulator.Build.0 = Release|Any CPU
		{F5E405AB-A50D-4AFE-B030-2C5EF6DFABC1}.Debug|Any CPU.ActiveCfg = Debug|Any CPU
		{F5E405AB-A50D-4AFE-B030-2C5EF6DFABC1}.Debug|Any CPU.Build.0 = Debug|Any CPU
		{F5E405AB-A50D-4AFE-B030-2C5EF6DFABC1}.Debug|iPhone.ActiveCfg = Debug|Any CPU
		{F5E405AB-A50D-4AFE-B030-2C5EF6DFABC1}.Debug|iPhone.Build.0 = Debug|Any CPU
		{F5E405AB-A50D-4AFE-B030-2C5EF6DFABC1}.Debug|iPhoneSimulator.ActiveCfg = Debug|Any CPU
		{F5E405AB-A50D-4AFE-B030-2C5EF6DFABC1}.Debug|iPhoneSimulator.Build.0 = Debug|Any CPU
		{F5E405AB-A50D-4AFE-B030-2C5EF6DFABC1}.DebugFake|Any CPU.ActiveCfg = Debug|Any CPU
		{F5E405AB-A50D-4AFE-B030-2C5EF6DFABC1}.DebugFake|Any CPU.Build.0 = Debug|Any CPU
		{F5E405AB-A50D-4AFE-B030-2C5EF6DFABC1}.DebugFake|iPhone.ActiveCfg = Debug|Any CPU
		{F5E405AB-A50D-4AFE-B030-2C5EF6DFABC1}.DebugFake|iPhone.Build.0 = Debug|Any CPU
		{F5E405AB-A50D-4AFE-B030-2C5EF6DFABC1}.DebugFake|iPhoneSimulator.ActiveCfg = Debug|Any CPU
		{F5E405AB-A50D-4AFE-B030-2C5EF6DFABC1}.DebugFake|iPhoneSimulator.Build.0 = Debug|Any CPU
		{F5E405AB-A50D-4AFE-B030-2C5EF6DFABC1}.Release|Any CPU.ActiveCfg = Release|Any CPU
		{F5E405AB-A50D-4AFE-B030-2C5EF6DFABC1}.Release|Any CPU.Build.0 = Release|Any CPU
		{F5E405AB-A50D-4AFE-B030-2C5EF6DFABC1}.Release|iPhone.ActiveCfg = Release|Any CPU
		{F5E405AB-A50D-4AFE-B030-2C5EF6DFABC1}.Release|iPhone.Build.0 = Release|Any CPU
		{F5E405AB-A50D-4AFE-B030-2C5EF6DFABC1}.Release|iPhoneSimulator.ActiveCfg = Release|Any CPU
		{F5E405AB-A50D-4AFE-B030-2C5EF6DFABC1}.Release|iPhoneSimulator.Build.0 = Release|Any CPU
		{08FE6926-C83E-4DA9-8406-D4855AA81065}.Debug|Any CPU.ActiveCfg = Debug|Any CPU
		{08FE6926-C83E-4DA9-8406-D4855AA81065}.Debug|Any CPU.Build.0 = Debug|Any CPU
		{08FE6926-C83E-4DA9-8406-D4855AA81065}.Debug|iPhone.ActiveCfg = Debug|Any CPU
		{08FE6926-C83E-4DA9-8406-D4855AA81065}.Debug|iPhone.Build.0 = Debug|Any CPU
		{08FE6926-C83E-4DA9-8406-D4855AA81065}.Debug|iPhoneSimulator.ActiveCfg = Debug|Any CPU
		{08FE6926-C83E-4DA9-8406-D4855AA81065}.Debug|iPhoneSimulator.Build.0 = Debug|Any CPU
		{08FE6926-C83E-4DA9-8406-D4855AA81065}.DebugFake|Any CPU.ActiveCfg = Debug|Any CPU
		{08FE6926-C83E-4DA9-8406-D4855AA81065}.DebugFake|Any CPU.Build.0 = Debug|Any CPU
		{08FE6926-C83E-4DA9-8406-D4855AA81065}.DebugFake|iPhone.ActiveCfg = Debug|Any CPU
		{08FE6926-C83E-4DA9-8406-D4855AA81065}.DebugFake|iPhone.Build.0 = Debug|Any CPU
		{08FE6926-C83E-4DA9-8406-D4855AA81065}.DebugFake|iPhoneSimulator.ActiveCfg = Debug|Any CPU
		{08FE6926-C83E-4DA9-8406-D4855AA81065}.DebugFake|iPhoneSimulator.Build.0 = Debug|Any CPU
		{08FE6926-C83E-4DA9-8406-D4855AA81065}.Release|Any CPU.ActiveCfg = Release|Any CPU
		{08FE6926-C83E-4DA9-8406-D4855AA81065}.Release|Any CPU.Build.0 = Release|Any CPU
		{08FE6926-C83E-4DA9-8406-D4855AA81065}.Release|iPhone.ActiveCfg = Release|Any CPU
		{08FE6926-C83E-4DA9-8406-D4855AA81065}.Release|iPhone.Build.0 = Release|Any CPU
		{08FE6926-C83E-4DA9-8406-D4855AA81065}.Release|iPhoneSimulator.ActiveCfg = Release|Any CPU
		{08FE6926-C83E-4DA9-8406-D4855AA81065}.Release|iPhoneSimulator.Build.0 = Release|Any CPU
		{FE07378E-0D6A-4371-BCE8-E3735643A5D0}.Debug|Any CPU.ActiveCfg = Debug|Any CPU
		{FE07378E-0D6A-4371-BCE8-E3735643A5D0}.Debug|Any CPU.Build.0 = Debug|Any CPU
		{FE07378E-0D6A-4371-BCE8-E3735643A5D0}.Debug|iPhone.ActiveCfg = Debug|Any CPU
		{FE07378E-0D6A-4371-BCE8-E3735643A5D0}.Debug|iPhone.Build.0 = Debug|Any CPU
		{FE07378E-0D6A-4371-BCE8-E3735643A5D0}.Debug|iPhoneSimulator.ActiveCfg = Debug|Any CPU
		{FE07378E-0D6A-4371-BCE8-E3735643A5D0}.Debug|iPhoneSimulator.Build.0 = Debug|Any CPU
		{FE07378E-0D6A-4371-BCE8-E3735643A5D0}.DebugFake|Any CPU.ActiveCfg = Debug|Any CPU
		{FE07378E-0D6A-4371-BCE8-E3735643A5D0}.DebugFake|Any CPU.Build.0 = Debug|Any CPU
		{FE07378E-0D6A-4371-BCE8-E3735643A5D0}.DebugFake|iPhone.ActiveCfg = Debug|Any CPU
		{FE07378E-0D6A-4371-BCE8-E3735643A5D0}.DebugFake|iPhone.Build.0 = Debug|Any CPU
		{FE07378E-0D6A-4371-BCE8-E3735643A5D0}.DebugFake|iPhoneSimulator.ActiveCfg = Debug|Any CPU
		{FE07378E-0D6A-4371-BCE8-E3735643A5D0}.DebugFake|iPhoneSimulator.Build.0 = Debug|Any CPU
		{FE07378E-0D6A-4371-BCE8-E3735643A5D0}.Release|Any CPU.ActiveCfg = Release|Any CPU
		{FE07378E-0D6A-4371-BCE8-E3735643A5D0}.Release|Any CPU.Build.0 = Release|Any CPU
		{FE07378E-0D6A-4371-BCE8-E3735643A5D0}.Release|iPhone.ActiveCfg = Release|Any CPU
		{FE07378E-0D6A-4371-BCE8-E3735643A5D0}.Release|iPhone.Build.0 = Release|Any CPU
		{FE07378E-0D6A-4371-BCE8-E3735643A5D0}.Release|iPhoneSimulator.ActiveCfg = Release|Any CPU
		{FE07378E-0D6A-4371-BCE8-E3735643A5D0}.Release|iPhoneSimulator.Build.0 = Release|Any CPU
		{7087C155-50C7-47C8-80A5-4F3DA37ED55D}.Debug|Any CPU.ActiveCfg = Debug|Any CPU
		{7087C155-50C7-47C8-80A5-4F3DA37ED55D}.Debug|Any CPU.Build.0 = Debug|Any CPU
		{7087C155-50C7-47C8-80A5-4F3DA37ED55D}.Debug|iPhone.ActiveCfg = Debug|Any CPU
		{7087C155-50C7-47C8-80A5-4F3DA37ED55D}.Debug|iPhone.Build.0 = Debug|Any CPU
		{7087C155-50C7-47C8-80A5-4F3DA37ED55D}.Debug|iPhoneSimulator.ActiveCfg = Debug|Any CPU
		{7087C155-50C7-47C8-80A5-4F3DA37ED55D}.Debug|iPhoneSimulator.Build.0 = Debug|Any CPU
		{7087C155-50C7-47C8-80A5-4F3DA37ED55D}.DebugFake|Any CPU.ActiveCfg = Debug|Any CPU
		{7087C155-50C7-47C8-80A5-4F3DA37ED55D}.DebugFake|Any CPU.Build.0 = Debug|Any CPU
		{7087C155-50C7-47C8-80A5-4F3DA37ED55D}.DebugFake|iPhone.ActiveCfg = Debug|Any CPU
		{7087C155-50C7-47C8-80A5-4F3DA37ED55D}.DebugFake|iPhone.Build.0 = Debug|Any CPU
		{7087C155-50C7-47C8-80A5-4F3DA37ED55D}.DebugFake|iPhoneSimulator.ActiveCfg = Debug|Any CPU
		{7087C155-50C7-47C8-80A5-4F3DA37ED55D}.DebugFake|iPhoneSimulator.Build.0 = Debug|Any CPU
		{7087C155-50C7-47C8-80A5-4F3DA37ED55D}.Release|Any CPU.ActiveCfg = Release|Any CPU
		{7087C155-50C7-47C8-80A5-4F3DA37ED55D}.Release|Any CPU.Build.0 = Release|Any CPU
		{7087C155-50C7-47C8-80A5-4F3DA37ED55D}.Release|iPhone.ActiveCfg = Release|Any CPU
		{7087C155-50C7-47C8-80A5-4F3DA37ED55D}.Release|iPhone.Build.0 = Release|Any CPU
		{7087C155-50C7-47C8-80A5-4F3DA37ED55D}.Release|iPhoneSimulator.ActiveCfg = Release|Any CPU
		{7087C155-50C7-47C8-80A5-4F3DA37ED55D}.Release|iPhoneSimulator.Build.0 = Release|Any CPU
		{53A464B4-690C-4746-91A5-C02FA3057EB8}.Debug|Any CPU.ActiveCfg = Debug|Any CPU
		{53A464B4-690C-4746-91A5-C02FA3057EB8}.Debug|Any CPU.Build.0 = Debug|Any CPU
		{53A464B4-690C-4746-91A5-C02FA3057EB8}.Debug|iPhone.ActiveCfg = Debug|Any CPU
		{53A464B4-690C-4746-91A5-C02FA3057EB8}.Debug|iPhone.Build.0 = Debug|Any CPU
		{53A464B4-690C-4746-91A5-C02FA3057EB8}.Debug|iPhoneSimulator.ActiveCfg = Debug|Any CPU
		{53A464B4-690C-4746-91A5-C02FA3057EB8}.Debug|iPhoneSimulator.Build.0 = Debug|Any CPU
		{53A464B4-690C-4746-91A5-C02FA3057EB8}.DebugFake|Any CPU.ActiveCfg = Debug|Any CPU
		{53A464B4-690C-4746-91A5-C02FA3057EB8}.DebugFake|Any CPU.Build.0 = Debug|Any CPU
		{53A464B4-690C-4746-91A5-C02FA3057EB8}.DebugFake|iPhone.ActiveCfg = Debug|Any CPU
		{53A464B4-690C-4746-91A5-C02FA3057EB8}.DebugFake|iPhone.Build.0 = Debug|Any CPU
		{53A464B4-690C-4746-91A5-C02FA3057EB8}.DebugFake|iPhoneSimulator.ActiveCfg = Debug|Any CPU
		{53A464B4-690C-4746-91A5-C02FA3057EB8}.DebugFake|iPhoneSimulator.Build.0 = Debug|Any CPU
		{53A464B4-690C-4746-91A5-C02FA3057EB8}.Release|Any CPU.ActiveCfg = Release|Any CPU
		{53A464B4-690C-4746-91A5-C02FA3057EB8}.Release|Any CPU.Build.0 = Release|Any CPU
		{53A464B4-690C-4746-91A5-C02FA3057EB8}.Release|iPhone.ActiveCfg = Release|Any CPU
		{53A464B4-690C-4746-91A5-C02FA3057EB8}.Release|iPhone.Build.0 = Release|Any CPU
		{53A464B4-690C-4746-91A5-C02FA3057EB8}.Release|iPhoneSimulator.ActiveCfg = Release|Any CPU
		{53A464B4-690C-4746-91A5-C02FA3057EB8}.Release|iPhoneSimulator.Build.0 = Release|Any CPU
		{4AC7DEC7-C791-4845-B0A4-1D2E365D316D}.Debug|Any CPU.ActiveCfg = Debug|Any CPU
		{4AC7DEC7-C791-4845-B0A4-1D2E365D316D}.Debug|Any CPU.Build.0 = Debug|Any CPU
		{4AC7DEC7-C791-4845-B0A4-1D2E365D316D}.Debug|iPhone.ActiveCfg = Debug|Any CPU
		{4AC7DEC7-C791-4845-B0A4-1D2E365D316D}.Debug|iPhone.Build.0 = Debug|Any CPU
		{4AC7DEC7-C791-4845-B0A4-1D2E365D316D}.Debug|iPhoneSimulator.ActiveCfg = Debug|Any CPU
		{4AC7DEC7-C791-4845-B0A4-1D2E365D316D}.Debug|iPhoneSimulator.Build.0 = Debug|Any CPU
		{4AC7DEC7-C791-4845-B0A4-1D2E365D316D}.DebugFake|Any CPU.ActiveCfg = Debug|Any CPU
		{4AC7DEC7-C791-4845-B0A4-1D2E365D316D}.DebugFake|Any CPU.Build.0 = Debug|Any CPU
		{4AC7DEC7-C791-4845-B0A4-1D2E365D316D}.DebugFake|iPhone.ActiveCfg = Debug|Any CPU
		{4AC7DEC7-C791-4845-B0A4-1D2E365D316D}.DebugFake|iPhone.Build.0 = Debug|Any CPU
		{4AC7DEC7-C791-4845-B0A4-1D2E365D316D}.DebugFake|iPhoneSimulator.ActiveCfg = Debug|Any CPU
		{4AC7DEC7-C791-4845-B0A4-1D2E365D316D}.DebugFake|iPhoneSimulator.Build.0 = Debug|Any CPU
		{4AC7DEC7-C791-4845-B0A4-1D2E365D316D}.Release|Any CPU.ActiveCfg = Release|Any CPU
		{4AC7DEC7-C791-4845-B0A4-1D2E365D316D}.Release|Any CPU.Build.0 = Release|Any CPU
		{4AC7DEC7-C791-4845-B0A4-1D2E365D316D}.Release|iPhone.ActiveCfg = Release|Any CPU
		{4AC7DEC7-C791-4845-B0A4-1D2E365D316D}.Release|iPhone.Build.0 = Release|Any CPU
		{4AC7DEC7-C791-4845-B0A4-1D2E365D316D}.Release|iPhoneSimulator.ActiveCfg = Release|Any CPU
		{4AC7DEC7-C791-4845-B0A4-1D2E365D316D}.Release|iPhoneSimulator.Build.0 = Release|Any CPU
		{392789B6-6597-401D-A978-1F52EB4EC0C3}.Debug|Any CPU.ActiveCfg = Debug|Any CPU
		{392789B6-6597-401D-A978-1F52EB4EC0C3}.Debug|Any CPU.Build.0 = Debug|Any CPU
		{392789B6-6597-401D-A978-1F52EB4EC0C3}.Debug|iPhone.ActiveCfg = Debug|Any CPU
		{392789B6-6597-401D-A978-1F52EB4EC0C3}.Debug|iPhone.Build.0 = Debug|Any CPU
		{392789B6-6597-401D-A978-1F52EB4EC0C3}.Debug|iPhoneSimulator.ActiveCfg = Debug|Any CPU
		{392789B6-6597-401D-A978-1F52EB4EC0C3}.Debug|iPhoneSimulator.Build.0 = Debug|Any CPU
		{392789B6-6597-401D-A978-1F52EB4EC0C3}.DebugFake|Any CPU.ActiveCfg = Debug|Any CPU
		{392789B6-6597-401D-A978-1F52EB4EC0C3}.DebugFake|Any CPU.Build.0 = Debug|Any CPU
		{392789B6-6597-401D-A978-1F52EB4EC0C3}.DebugFake|iPhone.ActiveCfg = Debug|Any CPU
		{392789B6-6597-401D-A978-1F52EB4EC0C3}.DebugFake|iPhone.Build.0 = Debug|Any CPU
		{392789B6-6597-401D-A978-1F52EB4EC0C3}.DebugFake|iPhoneSimulator.ActiveCfg = Debug|Any CPU
		{392789B6-6597-401D-A978-1F52EB4EC0C3}.DebugFake|iPhoneSimulator.Build.0 = Debug|Any CPU
		{392789B6-6597-401D-A978-1F52EB4EC0C3}.Release|Any CPU.ActiveCfg = Release|Any CPU
		{392789B6-6597-401D-A978-1F52EB4EC0C3}.Release|Any CPU.Build.0 = Release|Any CPU
		{392789B6-6597-401D-A978-1F52EB4EC0C3}.Release|iPhone.ActiveCfg = Release|Any CPU
		{392789B6-6597-401D-A978-1F52EB4EC0C3}.Release|iPhone.Build.0 = Release|Any CPU
		{392789B6-6597-401D-A978-1F52EB4EC0C3}.Release|iPhoneSimulator.ActiveCfg = Release|Any CPU
		{392789B6-6597-401D-A978-1F52EB4EC0C3}.Release|iPhoneSimulator.Build.0 = Release|Any CPU
		{C0F9615D-F7D1-4C03-A10B-B62B6829828A}.Debug|Any CPU.ActiveCfg = Debug|Any CPU
		{C0F9615D-F7D1-4C03-A10B-B62B6829828A}.Debug|Any CPU.Build.0 = Debug|Any CPU
		{C0F9615D-F7D1-4C03-A10B-B62B6829828A}.Debug|iPhone.ActiveCfg = Debug|Any CPU
		{C0F9615D-F7D1-4C03-A10B-B62B6829828A}.Debug|iPhone.Build.0 = Debug|Any CPU
		{C0F9615D-F7D1-4C03-A10B-B62B6829828A}.Debug|iPhoneSimulator.ActiveCfg = Debug|Any CPU
		{C0F9615D-F7D1-4C03-A10B-B62B6829828A}.Debug|iPhoneSimulator.Build.0 = Debug|Any CPU
		{C0F9615D-F7D1-4C03-A10B-B62B6829828A}.DebugFake|Any CPU.ActiveCfg = Debug|Any CPU
		{C0F9615D-F7D1-4C03-A10B-B62B6829828A}.DebugFake|Any CPU.Build.0 = Debug|Any CPU
		{C0F9615D-F7D1-4C03-A10B-B62B6829828A}.DebugFake|iPhone.ActiveCfg = Debug|Any CPU
		{C0F9615D-F7D1-4C03-A10B-B62B6829828A}.DebugFake|iPhone.Build.0 = Debug|Any CPU
		{C0F9615D-F7D1-4C03-A10B-B62B6829828A}.DebugFake|iPhoneSimulator.ActiveCfg = Debug|Any CPU
		{C0F9615D-F7D1-4C03-A10B-B62B6829828A}.DebugFake|iPhoneSimulator.Build.0 = Debug|Any CPU
		{C0F9615D-F7D1-4C03-A10B-B62B6829828A}.Release|Any CPU.ActiveCfg = Release|Any CPU
		{C0F9615D-F7D1-4C03-A10B-B62B6829828A}.Release|Any CPU.Build.0 = Release|Any CPU
		{C0F9615D-F7D1-4C03-A10B-B62B6829828A}.Release|iPhone.ActiveCfg = Release|Any CPU
		{C0F9615D-F7D1-4C03-A10B-B62B6829828A}.Release|iPhone.Build.0 = Release|Any CPU
		{C0F9615D-F7D1-4C03-A10B-B62B6829828A}.Release|iPhoneSimulator.ActiveCfg = Release|Any CPU
		{C0F9615D-F7D1-4C03-A10B-B62B6829828A}.Release|iPhoneSimulator.Build.0 = Release|Any CPU
		{58038C09-C141-4B8F-BABA-CCB1299B64D0}.Debug|Any CPU.ActiveCfg = Debug|Any CPU
		{58038C09-C141-4B8F-BABA-CCB1299B64D0}.Debug|Any CPU.Build.0 = Debug|Any CPU
		{58038C09-C141-4B8F-BABA-CCB1299B64D0}.Debug|iPhone.ActiveCfg = Debug|Any CPU
		{58038C09-C141-4B8F-BABA-CCB1299B64D0}.Debug|iPhone.Build.0 = Debug|Any CPU
		{58038C09-C141-4B8F-BABA-CCB1299B64D0}.Debug|iPhoneSimulator.ActiveCfg = Debug|Any CPU
		{58038C09-C141-4B8F-BABA-CCB1299B64D0}.Debug|iPhoneSimulator.Build.0 = Debug|Any CPU
		{58038C09-C141-4B8F-BABA-CCB1299B64D0}.DebugFake|Any CPU.ActiveCfg = Debug|Any CPU
		{58038C09-C141-4B8F-BABA-CCB1299B64D0}.DebugFake|Any CPU.Build.0 = Debug|Any CPU
		{58038C09-C141-4B8F-BABA-CCB1299B64D0}.DebugFake|iPhone.ActiveCfg = Debug|Any CPU
		{58038C09-C141-4B8F-BABA-CCB1299B64D0}.DebugFake|iPhone.Build.0 = Debug|Any CPU
		{58038C09-C141-4B8F-BABA-CCB1299B64D0}.DebugFake|iPhoneSimulator.ActiveCfg = Debug|Any CPU
		{58038C09-C141-4B8F-BABA-CCB1299B64D0}.DebugFake|iPhoneSimulator.Build.0 = Debug|Any CPU
		{58038C09-C141-4B8F-BABA-CCB1299B64D0}.Release|Any CPU.ActiveCfg = Release|Any CPU
		{58038C09-C141-4B8F-BABA-CCB1299B64D0}.Release|Any CPU.Build.0 = Release|Any CPU
		{58038C09-C141-4B8F-BABA-CCB1299B64D0}.Release|iPhone.ActiveCfg = Release|Any CPU
		{58038C09-C141-4B8F-BABA-CCB1299B64D0}.Release|iPhone.Build.0 = Release|Any CPU
		{58038C09-C141-4B8F-BABA-CCB1299B64D0}.Release|iPhoneSimulator.ActiveCfg = Release|Any CPU
		{58038C09-C141-4B8F-BABA-CCB1299B64D0}.Release|iPhoneSimulator.Build.0 = Release|Any CPU
		{252319AD-623C-452B-AC6E-5434BFF5395E}.Debug|Any CPU.ActiveCfg = Debug|Any CPU
		{252319AD-623C-452B-AC6E-5434BFF5395E}.Debug|Any CPU.Build.0 = Debug|Any CPU
		{252319AD-623C-452B-AC6E-5434BFF5395E}.Debug|iPhone.ActiveCfg = Debug|Any CPU
		{252319AD-623C-452B-AC6E-5434BFF5395E}.Debug|iPhone.Build.0 = Debug|Any CPU
		{252319AD-623C-452B-AC6E-5434BFF5395E}.Debug|iPhoneSimulator.ActiveCfg = Debug|Any CPU
		{252319AD-623C-452B-AC6E-5434BFF5395E}.Debug|iPhoneSimulator.Build.0 = Debug|Any CPU
		{252319AD-623C-452B-AC6E-5434BFF5395E}.DebugFake|Any CPU.ActiveCfg = Debug|Any CPU
		{252319AD-623C-452B-AC6E-5434BFF5395E}.DebugFake|Any CPU.Build.0 = Debug|Any CPU
		{252319AD-623C-452B-AC6E-5434BFF5395E}.DebugFake|iPhone.ActiveCfg = Debug|Any CPU
		{252319AD-623C-452B-AC6E-5434BFF5395E}.DebugFake|iPhone.Build.0 = Debug|Any CPU
		{252319AD-623C-452B-AC6E-5434BFF5395E}.DebugFake|iPhoneSimulator.ActiveCfg = Debug|Any CPU
		{252319AD-623C-452B-AC6E-5434BFF5395E}.DebugFake|iPhoneSimulator.Build.0 = Debug|Any CPU
		{252319AD-623C-452B-AC6E-5434BFF5395E}.Release|Any CPU.ActiveCfg = Release|Any CPU
		{252319AD-623C-452B-AC6E-5434BFF5395E}.Release|Any CPU.Build.0 = Release|Any CPU
		{252319AD-623C-452B-AC6E-5434BFF5395E}.Release|iPhone.ActiveCfg = Release|Any CPU
		{252319AD-623C-452B-AC6E-5434BFF5395E}.Release|iPhone.Build.0 = Release|Any CPU
		{252319AD-623C-452B-AC6E-5434BFF5395E}.Release|iPhoneSimulator.ActiveCfg = Release|Any CPU
		{252319AD-623C-452B-AC6E-5434BFF5395E}.Release|iPhoneSimulator.Build.0 = Release|Any CPU
		{7B99B20B-9D35-4C4F-BF66-F672F64FA9FE}.Debug|Any CPU.ActiveCfg = Debug|Any CPU
		{7B99B20B-9D35-4C4F-BF66-F672F64FA9FE}.Debug|Any CPU.Build.0 = Debug|Any CPU
		{7B99B20B-9D35-4C4F-BF66-F672F64FA9FE}.Debug|iPhone.ActiveCfg = Debug|Any CPU
		{7B99B20B-9D35-4C4F-BF66-F672F64FA9FE}.Debug|iPhone.Build.0 = Debug|Any CPU
		{7B99B20B-9D35-4C4F-BF66-F672F64FA9FE}.Debug|iPhoneSimulator.ActiveCfg = Debug|Any CPU
		{7B99B20B-9D35-4C4F-BF66-F672F64FA9FE}.Debug|iPhoneSimulator.Build.0 = Debug|Any CPU
		{7B99B20B-9D35-4C4F-BF66-F672F64FA9FE}.DebugFake|Any CPU.ActiveCfg = DebugFake|Any CPU
		{7B99B20B-9D35-4C4F-BF66-F672F64FA9FE}.DebugFake|Any CPU.Build.0 = DebugFake|Any CPU
		{7B99B20B-9D35-4C4F-BF66-F672F64FA9FE}.DebugFake|iPhone.ActiveCfg = DebugFake|Any CPU
		{7B99B20B-9D35-4C4F-BF66-F672F64FA9FE}.DebugFake|iPhone.Build.0 = DebugFake|Any CPU
		{7B99B20B-9D35-4C4F-BF66-F672F64FA9FE}.DebugFake|iPhoneSimulator.ActiveCfg = DebugFake|Any CPU
		{7B99B20B-9D35-4C4F-BF66-F672F64FA9FE}.DebugFake|iPhoneSimulator.Build.0 = DebugFake|Any CPU
		{7B99B20B-9D35-4C4F-BF66-F672F64FA9FE}.Release|Any CPU.ActiveCfg = Release|Any CPU
		{7B99B20B-9D35-4C4F-BF66-F672F64FA9FE}.Release|Any CPU.Build.0 = Release|Any CPU
		{7B99B20B-9D35-4C4F-BF66-F672F64FA9FE}.Release|iPhone.ActiveCfg = Release|Any CPU
		{7B99B20B-9D35-4C4F-BF66-F672F64FA9FE}.Release|iPhone.Build.0 = Release|Any CPU
		{7B99B20B-9D35-4C4F-BF66-F672F64FA9FE}.Release|iPhoneSimulator.ActiveCfg = Release|Any CPU
		{7B99B20B-9D35-4C4F-BF66-F672F64FA9FE}.Release|iPhoneSimulator.Build.0 = Release|Any CPU
		{C8314513-1D8D-4425-81A3-B956D244E03B}.Debug|Any CPU.ActiveCfg = Debug|Any CPU
		{C8314513-1D8D-4425-81A3-B956D244E03B}.Debug|Any CPU.Build.0 = Debug|Any CPU
		{C8314513-1D8D-4425-81A3-B956D244E03B}.Debug|iPhone.ActiveCfg = Debug|Any CPU
		{C8314513-1D8D-4425-81A3-B956D244E03B}.Debug|iPhone.Build.0 = Debug|Any CPU
		{C8314513-1D8D-4425-81A3-B956D244E03B}.Debug|iPhoneSimulator.ActiveCfg = Debug|Any CPU
		{C8314513-1D8D-4425-81A3-B956D244E03B}.Debug|iPhoneSimulator.Build.0 = Debug|Any CPU
		{C8314513-1D8D-4425-81A3-B956D244E03B}.DebugFake|Any CPU.ActiveCfg = Debug|Any CPU
		{C8314513-1D8D-4425-81A3-B956D244E03B}.DebugFake|Any CPU.Build.0 = Debug|Any CPU
		{C8314513-1D8D-4425-81A3-B956D244E03B}.DebugFake|iPhone.ActiveCfg = Debug|Any CPU
		{C8314513-1D8D-4425-81A3-B956D244E03B}.DebugFake|iPhone.Build.0 = Debug|Any CPU
		{C8314513-1D8D-4425-81A3-B956D244E03B}.DebugFake|iPhoneSimulator.ActiveCfg = Debug|Any CPU
		{C8314513-1D8D-4425-81A3-B956D244E03B}.DebugFake|iPhoneSimulator.Build.0 = Debug|Any CPU
		{C8314513-1D8D-4425-81A3-B956D244E03B}.Release|Any CPU.ActiveCfg = Release|Any CPU
		{C8314513-1D8D-4425-81A3-B956D244E03B}.Release|Any CPU.Build.0 = Release|Any CPU
		{C8314513-1D8D-4425-81A3-B956D244E03B}.Release|iPhone.ActiveCfg = Release|Any CPU
		{C8314513-1D8D-4425-81A3-B956D244E03B}.Release|iPhone.Build.0 = Release|Any CPU
		{C8314513-1D8D-4425-81A3-B956D244E03B}.Release|iPhoneSimulator.ActiveCfg = Release|Any CPU
		{C8314513-1D8D-4425-81A3-B956D244E03B}.Release|iPhoneSimulator.Build.0 = Release|Any CPU
		{B6758819-8CAA-4BCC-99B4-7CACED9E0B79}.Debug|Any CPU.ActiveCfg = Debug|Any CPU
		{B6758819-8CAA-4BCC-99B4-7CACED9E0B79}.Debug|Any CPU.Build.0 = Debug|Any CPU
		{B6758819-8CAA-4BCC-99B4-7CACED9E0B79}.Debug|iPhone.ActiveCfg = Debug|Any CPU
		{B6758819-8CAA-4BCC-99B4-7CACED9E0B79}.Debug|iPhone.Build.0 = Debug|Any CPU
		{B6758819-8CAA-4BCC-99B4-7CACED9E0B79}.Debug|iPhoneSimulator.ActiveCfg = Debug|Any CPU
		{B6758819-8CAA-4BCC-99B4-7CACED9E0B79}.Debug|iPhoneSimulator.Build.0 = Debug|Any CPU
		{B6758819-8CAA-4BCC-99B4-7CACED9E0B79}.DebugFake|Any CPU.ActiveCfg = Debug|Any CPU
		{B6758819-8CAA-4BCC-99B4-7CACED9E0B79}.DebugFake|Any CPU.Build.0 = Debug|Any CPU
		{B6758819-8CAA-4BCC-99B4-7CACED9E0B79}.DebugFake|iPhone.ActiveCfg = Debug|Any CPU
		{B6758819-8CAA-4BCC-99B4-7CACED9E0B79}.DebugFake|iPhone.Build.0 = Debug|Any CPU
		{B6758819-8CAA-4BCC-99B4-7CACED9E0B79}.DebugFake|iPhoneSimulator.ActiveCfg = Debug|Any CPU
		{B6758819-8CAA-4BCC-99B4-7CACED9E0B79}.DebugFake|iPhoneSimulator.Build.0 = Debug|Any CPU
		{B6758819-8CAA-4BCC-99B4-7CACED9E0B79}.Release|Any CPU.ActiveCfg = Release|Any CPU
		{B6758819-8CAA-4BCC-99B4-7CACED9E0B79}.Release|Any CPU.Build.0 = Release|Any CPU
		{B6758819-8CAA-4BCC-99B4-7CACED9E0B79}.Release|iPhone.ActiveCfg = Release|Any CPU
		{B6758819-8CAA-4BCC-99B4-7CACED9E0B79}.Release|iPhone.Build.0 = Release|Any CPU
		{B6758819-8CAA-4BCC-99B4-7CACED9E0B79}.Release|iPhoneSimulator.ActiveCfg = Release|Any CPU
		{B6758819-8CAA-4BCC-99B4-7CACED9E0B79}.Release|iPhoneSimulator.Build.0 = Release|Any CPU
		{061B16E0-5AAF-4583-8F02-8506594D19A1}.Debug|Any CPU.ActiveCfg = Debug|Any CPU
		{061B16E0-5AAF-4583-8F02-8506594D19A1}.Debug|Any CPU.Build.0 = Debug|Any CPU
		{061B16E0-5AAF-4583-8F02-8506594D19A1}.Debug|iPhone.ActiveCfg = Debug|Any CPU
		{061B16E0-5AAF-4583-8F02-8506594D19A1}.Debug|iPhone.Build.0 = Debug|Any CPU
		{061B16E0-5AAF-4583-8F02-8506594D19A1}.Debug|iPhoneSimulator.ActiveCfg = Debug|Any CPU
		{061B16E0-5AAF-4583-8F02-8506594D19A1}.Debug|iPhoneSimulator.Build.0 = Debug|Any CPU
		{061B16E0-5AAF-4583-8F02-8506594D19A1}.DebugFake|Any CPU.ActiveCfg = Debug|Any CPU
		{061B16E0-5AAF-4583-8F02-8506594D19A1}.DebugFake|Any CPU.Build.0 = Debug|Any CPU
		{061B16E0-5AAF-4583-8F02-8506594D19A1}.DebugFake|iPhone.ActiveCfg = Debug|Any CPU
		{061B16E0-5AAF-4583-8F02-8506594D19A1}.DebugFake|iPhone.Build.0 = Debug|Any CPU
		{061B16E0-5AAF-4583-8F02-8506594D19A1}.DebugFake|iPhoneSimulator.ActiveCfg = Debug|Any CPU
		{061B16E0-5AAF-4583-8F02-8506594D19A1}.DebugFake|iPhoneSimulator.Build.0 = Debug|Any CPU
		{061B16E0-5AAF-4583-8F02-8506594D19A1}.Release|Any CPU.ActiveCfg = Release|Any CPU
		{061B16E0-5AAF-4583-8F02-8506594D19A1}.Release|Any CPU.Build.0 = Release|Any CPU
		{061B16E0-5AAF-4583-8F02-8506594D19A1}.Release|iPhone.ActiveCfg = Release|Any CPU
		{061B16E0-5AAF-4583-8F02-8506594D19A1}.Release|iPhone.Build.0 = Release|Any CPU
		{061B16E0-5AAF-4583-8F02-8506594D19A1}.Release|iPhoneSimulator.ActiveCfg = Release|Any CPU
		{061B16E0-5AAF-4583-8F02-8506594D19A1}.Release|iPhoneSimulator.Build.0 = Release|Any CPU
		{B73EFC6F-7DBA-427E-9FE4-FBA6754BD9E1}.Debug|Any CPU.ActiveCfg = Debug|Any CPU
		{B73EFC6F-7DBA-427E-9FE4-FBA6754BD9E1}.Debug|Any CPU.Build.0 = Debug|Any CPU
		{B73EFC6F-7DBA-427E-9FE4-FBA6754BD9E1}.Debug|iPhone.ActiveCfg = Debug|Any CPU
		{B73EFC6F-7DBA-427E-9FE4-FBA6754BD9E1}.Debug|iPhone.Build.0 = Debug|Any CPU
		{B73EFC6F-7DBA-427E-9FE4-FBA6754BD9E1}.Debug|iPhoneSimulator.ActiveCfg = Debug|Any CPU
		{B73EFC6F-7DBA-427E-9FE4-FBA6754BD9E1}.Debug|iPhoneSimulator.Build.0 = Debug|Any CPU
		{B73EFC6F-7DBA-427E-9FE4-FBA6754BD9E1}.DebugFake|Any CPU.ActiveCfg = Debug|Any CPU
		{B73EFC6F-7DBA-427E-9FE4-FBA6754BD9E1}.DebugFake|Any CPU.Build.0 = Debug|Any CPU
		{B73EFC6F-7DBA-427E-9FE4-FBA6754BD9E1}.DebugFake|iPhone.ActiveCfg = Debug|Any CPU
		{B73EFC6F-7DBA-427E-9FE4-FBA6754BD9E1}.DebugFake|iPhone.Build.0 = Debug|Any CPU
		{B73EFC6F-7DBA-427E-9FE4-FBA6754BD9E1}.DebugFake|iPhoneSimulator.ActiveCfg = Debug|Any CPU
		{B73EFC6F-7DBA-427E-9FE4-FBA6754BD9E1}.DebugFake|iPhoneSimulator.Build.0 = Debug|Any CPU
		{B73EFC6F-7DBA-427E-9FE4-FBA6754BD9E1}.Release|Any CPU.ActiveCfg = Release|Any CPU
		{B73EFC6F-7DBA-427E-9FE4-FBA6754BD9E1}.Release|Any CPU.Build.0 = Release|Any CPU
		{B73EFC6F-7DBA-427E-9FE4-FBA6754BD9E1}.Release|iPhone.ActiveCfg = Release|Any CPU
		{B73EFC6F-7DBA-427E-9FE4-FBA6754BD9E1}.Release|iPhone.Build.0 = Release|Any CPU
		{B73EFC6F-7DBA-427E-9FE4-FBA6754BD9E1}.Release|iPhoneSimulator.ActiveCfg = Release|Any CPU
		{B73EFC6F-7DBA-427E-9FE4-FBA6754BD9E1}.Release|iPhoneSimulator.Build.0 = Release|Any CPU
		{57E255EB-26E8-4FCD-AEA7-1BC817302788}.Debug|Any CPU.ActiveCfg = Debug|Any CPU
		{57E255EB-26E8-4FCD-AEA7-1BC817302788}.Debug|Any CPU.Build.0 = Debug|Any CPU
		{57E255EB-26E8-4FCD-AEA7-1BC817302788}.Debug|iPhone.ActiveCfg = Debug|Any CPU
		{57E255EB-26E8-4FCD-AEA7-1BC817302788}.Debug|iPhone.Build.0 = Debug|Any CPU
		{57E255EB-26E8-4FCD-AEA7-1BC817302788}.Debug|iPhoneSimulator.ActiveCfg = Debug|Any CPU
		{57E255EB-26E8-4FCD-AEA7-1BC817302788}.Debug|iPhoneSimulator.Build.0 = Debug|Any CPU
		{57E255EB-26E8-4FCD-AEA7-1BC817302788}.DebugFake|Any CPU.ActiveCfg = Debug|Any CPU
		{57E255EB-26E8-4FCD-AEA7-1BC817302788}.DebugFake|Any CPU.Build.0 = Debug|Any CPU
		{57E255EB-26E8-4FCD-AEA7-1BC817302788}.DebugFake|iPhone.ActiveCfg = Debug|Any CPU
		{57E255EB-26E8-4FCD-AEA7-1BC817302788}.DebugFake|iPhone.Build.0 = Debug|Any CPU
		{57E255EB-26E8-4FCD-AEA7-1BC817302788}.DebugFake|iPhoneSimulator.ActiveCfg = Debug|Any CPU
		{57E255EB-26E8-4FCD-AEA7-1BC817302788}.DebugFake|iPhoneSimulator.Build.0 = Debug|Any CPU
		{57E255EB-26E8-4FCD-AEA7-1BC817302788}.Release|Any CPU.ActiveCfg = Release|Any CPU
		{57E255EB-26E8-4FCD-AEA7-1BC817302788}.Release|Any CPU.Build.0 = Release|Any CPU
		{57E255EB-26E8-4FCD-AEA7-1BC817302788}.Release|iPhone.ActiveCfg = Release|Any CPU
		{57E255EB-26E8-4FCD-AEA7-1BC817302788}.Release|iPhone.Build.0 = Release|Any CPU
		{57E255EB-26E8-4FCD-AEA7-1BC817302788}.Release|iPhoneSimulator.ActiveCfg = Release|Any CPU
		{57E255EB-26E8-4FCD-AEA7-1BC817302788}.Release|iPhoneSimulator.Build.0 = Release|Any CPU
		{5B2ECB96-31D4-4753-B84E-FB8E580DE409}.Debug|Any CPU.ActiveCfg = Debug|Any CPU
		{5B2ECB96-31D4-4753-B84E-FB8E580DE409}.Debug|Any CPU.Build.0 = Debug|Any CPU
		{5B2ECB96-31D4-4753-B84E-FB8E580DE409}.Debug|iPhone.ActiveCfg = Debug|Any CPU
		{5B2ECB96-31D4-4753-B84E-FB8E580DE409}.Debug|iPhone.Build.0 = Debug|Any CPU
		{5B2ECB96-31D4-4753-B84E-FB8E580DE409}.Debug|iPhoneSimulator.ActiveCfg = Debug|Any CPU
		{5B2ECB96-31D4-4753-B84E-FB8E580DE409}.Debug|iPhoneSimulator.Build.0 = Debug|Any CPU
		{5B2ECB96-31D4-4753-B84E-FB8E580DE409}.DebugFake|Any CPU.ActiveCfg = Debug|Any CPU
		{5B2ECB96-31D4-4753-B84E-FB8E580DE409}.DebugFake|Any CPU.Build.0 = Debug|Any CPU
		{5B2ECB96-31D4-4753-B84E-FB8E580DE409}.DebugFake|iPhone.ActiveCfg = Debug|Any CPU
		{5B2ECB96-31D4-4753-B84E-FB8E580DE409}.DebugFake|iPhone.Build.0 = Debug|Any CPU
		{5B2ECB96-31D4-4753-B84E-FB8E580DE409}.DebugFake|iPhoneSimulator.ActiveCfg = Debug|Any CPU
		{5B2ECB96-31D4-4753-B84E-FB8E580DE409}.DebugFake|iPhoneSimulator.Build.0 = Debug|Any CPU
		{5B2ECB96-31D4-4753-B84E-FB8E580DE409}.Release|Any CPU.ActiveCfg = Release|Any CPU
		{5B2ECB96-31D4-4753-B84E-FB8E580DE409}.Release|Any CPU.Build.0 = Release|Any CPU
		{5B2ECB96-31D4-4753-B84E-FB8E580DE409}.Release|iPhone.ActiveCfg = Release|Any CPU
		{5B2ECB96-31D4-4753-B84E-FB8E580DE409}.Release|iPhone.Build.0 = Release|Any CPU
		{5B2ECB96-31D4-4753-B84E-FB8E580DE409}.Release|iPhoneSimulator.ActiveCfg = Release|Any CPU
		{5B2ECB96-31D4-4753-B84E-FB8E580DE409}.Release|iPhoneSimulator.Build.0 = Release|Any CPU
		{91E0788A-0611-412B-BE2B-374AFB7D2ECA}.Debug|Any CPU.ActiveCfg = Debug|Any CPU
		{91E0788A-0611-412B-BE2B-374AFB7D2ECA}.Debug|Any CPU.Build.0 = Debug|Any CPU
		{91E0788A-0611-412B-BE2B-374AFB7D2ECA}.Debug|iPhone.ActiveCfg = Debug|Any CPU
		{91E0788A-0611-412B-BE2B-374AFB7D2ECA}.Debug|iPhone.Build.0 = Debug|Any CPU
		{91E0788A-0611-412B-BE2B-374AFB7D2ECA}.Debug|iPhoneSimulator.ActiveCfg = Debug|Any CPU
		{91E0788A-0611-412B-BE2B-374AFB7D2ECA}.Debug|iPhoneSimulator.Build.0 = Debug|Any CPU
		{91E0788A-0611-412B-BE2B-374AFB7D2ECA}.DebugFake|Any CPU.ActiveCfg = Debug|Any CPU
		{91E0788A-0611-412B-BE2B-374AFB7D2ECA}.DebugFake|Any CPU.Build.0 = Debug|Any CPU
		{91E0788A-0611-412B-BE2B-374AFB7D2ECA}.DebugFake|iPhone.ActiveCfg = Debug|Any CPU
		{91E0788A-0611-412B-BE2B-374AFB7D2ECA}.DebugFake|iPhone.Build.0 = Debug|Any CPU
		{91E0788A-0611-412B-BE2B-374AFB7D2ECA}.DebugFake|iPhoneSimulator.ActiveCfg = Debug|Any CPU
		{91E0788A-0611-412B-BE2B-374AFB7D2ECA}.DebugFake|iPhoneSimulator.Build.0 = Debug|Any CPU
		{91E0788A-0611-412B-BE2B-374AFB7D2ECA}.Release|Any CPU.ActiveCfg = Release|Any CPU
		{91E0788A-0611-412B-BE2B-374AFB7D2ECA}.Release|Any CPU.Build.0 = Release|Any CPU
		{91E0788A-0611-412B-BE2B-374AFB7D2ECA}.Release|iPhone.ActiveCfg = Release|Any CPU
		{91E0788A-0611-412B-BE2B-374AFB7D2ECA}.Release|iPhone.Build.0 = Release|Any CPU
		{91E0788A-0611-412B-BE2B-374AFB7D2ECA}.Release|iPhoneSimulator.ActiveCfg = Release|Any CPU
		{91E0788A-0611-412B-BE2B-374AFB7D2ECA}.Release|iPhoneSimulator.Build.0 = Release|Any CPU
		{898FAE79-33A7-4ABF-A6AF-E8C82D82AAB3}.Debug|Any CPU.ActiveCfg = Debug|Any CPU
		{898FAE79-33A7-4ABF-A6AF-E8C82D82AAB3}.Debug|Any CPU.Build.0 = Debug|Any CPU
		{898FAE79-33A7-4ABF-A6AF-E8C82D82AAB3}.Debug|iPhone.ActiveCfg = Debug|Any CPU
		{898FAE79-33A7-4ABF-A6AF-E8C82D82AAB3}.Debug|iPhone.Build.0 = Debug|Any CPU
		{898FAE79-33A7-4ABF-A6AF-E8C82D82AAB3}.Debug|iPhoneSimulator.ActiveCfg = Debug|Any CPU
		{898FAE79-33A7-4ABF-A6AF-E8C82D82AAB3}.Debug|iPhoneSimulator.Build.0 = Debug|Any CPU
		{898FAE79-33A7-4ABF-A6AF-E8C82D82AAB3}.DebugFake|Any CPU.ActiveCfg = Debug|Any CPU
		{898FAE79-33A7-4ABF-A6AF-E8C82D82AAB3}.DebugFake|Any CPU.Build.0 = Debug|Any CPU
		{898FAE79-33A7-4ABF-A6AF-E8C82D82AAB3}.DebugFake|iPhone.ActiveCfg = Debug|Any CPU
		{898FAE79-33A7-4ABF-A6AF-E8C82D82AAB3}.DebugFake|iPhone.Build.0 = Debug|Any CPU
		{898FAE79-33A7-4ABF-A6AF-E8C82D82AAB3}.DebugFake|iPhoneSimulator.ActiveCfg = Debug|Any CPU
		{898FAE79-33A7-4ABF-A6AF-E8C82D82AAB3}.DebugFake|iPhoneSimulator.Build.0 = Debug|Any CPU
		{898FAE79-33A7-4ABF-A6AF-E8C82D82AAB3}.Release|Any CPU.ActiveCfg = Release|Any CPU
		{898FAE79-33A7-4ABF-A6AF-E8C82D82AAB3}.Release|Any CPU.Build.0 = Release|Any CPU
		{898FAE79-33A7-4ABF-A6AF-E8C82D82AAB3}.Release|iPhone.ActiveCfg = Release|Any CPU
		{898FAE79-33A7-4ABF-A6AF-E8C82D82AAB3}.Release|iPhone.Build.0 = Release|Any CPU
		{898FAE79-33A7-4ABF-A6AF-E8C82D82AAB3}.Release|iPhoneSimulator.ActiveCfg = Release|Any CPU
		{898FAE79-33A7-4ABF-A6AF-E8C82D82AAB3}.Release|iPhoneSimulator.Build.0 = Release|Any CPU
		{00216DEF-72C4-4298-8B54-5257891D7089}.Debug|Any CPU.ActiveCfg = Debug|Any CPU
		{00216DEF-72C4-4298-8B54-5257891D7089}.Debug|Any CPU.Build.0 = Debug|Any CPU
		{00216DEF-72C4-4298-8B54-5257891D7089}.Debug|iPhone.ActiveCfg = Debug|Any CPU
		{00216DEF-72C4-4298-8B54-5257891D7089}.Debug|iPhone.Build.0 = Debug|Any CPU
		{00216DEF-72C4-4298-8B54-5257891D7089}.Debug|iPhoneSimulator.ActiveCfg = Debug|Any CPU
		{00216DEF-72C4-4298-8B54-5257891D7089}.Debug|iPhoneSimulator.Build.0 = Debug|Any CPU
		{00216DEF-72C4-4298-8B54-5257891D7089}.DebugFake|Any CPU.ActiveCfg = Debug|Any CPU
		{00216DEF-72C4-4298-8B54-5257891D7089}.DebugFake|Any CPU.Build.0 = Debug|Any CPU
		{00216DEF-72C4-4298-8B54-5257891D7089}.DebugFake|iPhone.ActiveCfg = Debug|Any CPU
		{00216DEF-72C4-4298-8B54-5257891D7089}.DebugFake|iPhone.Build.0 = Debug|Any CPU
		{00216DEF-72C4-4298-8B54-5257891D7089}.DebugFake|iPhoneSimulator.ActiveCfg = Debug|Any CPU
		{00216DEF-72C4-4298-8B54-5257891D7089}.DebugFake|iPhoneSimulator.Build.0 = Debug|Any CPU
		{00216DEF-72C4-4298-8B54-5257891D7089}.Release|Any CPU.ActiveCfg = Release|Any CPU
		{00216DEF-72C4-4298-8B54-5257891D7089}.Release|Any CPU.Build.0 = Release|Any CPU
		{00216DEF-72C4-4298-8B54-5257891D7089}.Release|iPhone.ActiveCfg = Release|Any CPU
		{00216DEF-72C4-4298-8B54-5257891D7089}.Release|iPhone.Build.0 = Release|Any CPU
		{00216DEF-72C4-4298-8B54-5257891D7089}.Release|iPhoneSimulator.ActiveCfg = Release|Any CPU
		{00216DEF-72C4-4298-8B54-5257891D7089}.Release|iPhoneSimulator.Build.0 = Release|Any CPU
		{05C05416-9F09-40FC-A853-61B29CAE1AC9}.Debug|Any CPU.ActiveCfg = Debug|Any CPU
		{05C05416-9F09-40FC-A853-61B29CAE1AC9}.Debug|Any CPU.Build.0 = Debug|Any CPU
		{05C05416-9F09-40FC-A853-61B29CAE1AC9}.Debug|iPhone.ActiveCfg = Debug|Any CPU
		{05C05416-9F09-40FC-A853-61B29CAE1AC9}.Debug|iPhone.Build.0 = Debug|Any CPU
		{05C05416-9F09-40FC-A853-61B29CAE1AC9}.Debug|iPhoneSimulator.ActiveCfg = Debug|Any CPU
		{05C05416-9F09-40FC-A853-61B29CAE1AC9}.Debug|iPhoneSimulator.Build.0 = Debug|Any CPU
		{05C05416-9F09-40FC-A853-61B29CAE1AC9}.DebugFake|Any CPU.ActiveCfg = Debug|Any CPU
		{05C05416-9F09-40FC-A853-61B29CAE1AC9}.DebugFake|Any CPU.Build.0 = Debug|Any CPU
		{05C05416-9F09-40FC-A853-61B29CAE1AC9}.DebugFake|iPhone.ActiveCfg = Debug|Any CPU
		{05C05416-9F09-40FC-A853-61B29CAE1AC9}.DebugFake|iPhone.Build.0 = Debug|Any CPU
		{05C05416-9F09-40FC-A853-61B29CAE1AC9}.DebugFake|iPhoneSimulator.ActiveCfg = Debug|Any CPU
		{05C05416-9F09-40FC-A853-61B29CAE1AC9}.DebugFake|iPhoneSimulator.Build.0 = Debug|Any CPU
		{05C05416-9F09-40FC-A853-61B29CAE1AC9}.Release|Any CPU.ActiveCfg = Release|Any CPU
		{05C05416-9F09-40FC-A853-61B29CAE1AC9}.Release|Any CPU.Build.0 = Release|Any CPU
		{05C05416-9F09-40FC-A853-61B29CAE1AC9}.Release|iPhone.ActiveCfg = Release|Any CPU
		{05C05416-9F09-40FC-A853-61B29CAE1AC9}.Release|iPhone.Build.0 = Release|Any CPU
		{05C05416-9F09-40FC-A853-61B29CAE1AC9}.Release|iPhoneSimulator.ActiveCfg = Release|Any CPU
		{05C05416-9F09-40FC-A853-61B29CAE1AC9}.Release|iPhoneSimulator.Build.0 = Release|Any CPU
		{FCF3BDE7-9568-4160-88E3-4D5631FC8490}.Debug|Any CPU.ActiveCfg = Debug|Any CPU
		{FCF3BDE7-9568-4160-88E3-4D5631FC8490}.Debug|Any CPU.Build.0 = Debug|Any CPU
		{FCF3BDE7-9568-4160-88E3-4D5631FC8490}.Debug|iPhone.ActiveCfg = Debug|Any CPU
		{FCF3BDE7-9568-4160-88E3-4D5631FC8490}.Debug|iPhone.Build.0 = Debug|Any CPU
		{FCF3BDE7-9568-4160-88E3-4D5631FC8490}.Debug|iPhoneSimulator.ActiveCfg = Debug|Any CPU
		{FCF3BDE7-9568-4160-88E3-4D5631FC8490}.Debug|iPhoneSimulator.Build.0 = Debug|Any CPU
		{FCF3BDE7-9568-4160-88E3-4D5631FC8490}.DebugFake|Any CPU.ActiveCfg = Debug|Any CPU
		{FCF3BDE7-9568-4160-88E3-4D5631FC8490}.DebugFake|Any CPU.Build.0 = Debug|Any CPU
		{FCF3BDE7-9568-4160-88E3-4D5631FC8490}.DebugFake|iPhone.ActiveCfg = Debug|Any CPU
		{FCF3BDE7-9568-4160-88E3-4D5631FC8490}.DebugFake|iPhone.Build.0 = Debug|Any CPU
		{FCF3BDE7-9568-4160-88E3-4D5631FC8490}.DebugFake|iPhoneSimulator.ActiveCfg = Debug|Any CPU
		{FCF3BDE7-9568-4160-88E3-4D5631FC8490}.DebugFake|iPhoneSimulator.Build.0 = Debug|Any CPU
		{FCF3BDE7-9568-4160-88E3-4D5631FC8490}.Release|Any CPU.ActiveCfg = Release|Any CPU
		{FCF3BDE7-9568-4160-88E3-4D5631FC8490}.Release|Any CPU.Build.0 = Release|Any CPU
		{FCF3BDE7-9568-4160-88E3-4D5631FC8490}.Release|iPhone.ActiveCfg = Release|Any CPU
		{FCF3BDE7-9568-4160-88E3-4D5631FC8490}.Release|iPhone.Build.0 = Release|Any CPU
		{FCF3BDE7-9568-4160-88E3-4D5631FC8490}.Release|iPhoneSimulator.ActiveCfg = Release|Any CPU
		{FCF3BDE7-9568-4160-88E3-4D5631FC8490}.Release|iPhoneSimulator.Build.0 = Release|Any CPU
		{9CD53454-F634-486A-ABDA-CB79A7FE72A5}.Debug|Any CPU.ActiveCfg = Debug|Any CPU
		{9CD53454-F634-486A-ABDA-CB79A7FE72A5}.Debug|Any CPU.Build.0 = Debug|Any CPU
		{9CD53454-F634-486A-ABDA-CB79A7FE72A5}.Debug|iPhone.ActiveCfg = Debug|Any CPU
		{9CD53454-F634-486A-ABDA-CB79A7FE72A5}.Debug|iPhone.Build.0 = Debug|Any CPU
		{9CD53454-F634-486A-ABDA-CB79A7FE72A5}.Debug|iPhoneSimulator.ActiveCfg = Debug|Any CPU
		{9CD53454-F634-486A-ABDA-CB79A7FE72A5}.Debug|iPhoneSimulator.Build.0 = Debug|Any CPU
		{9CD53454-F634-486A-ABDA-CB79A7FE72A5}.DebugFake|Any CPU.ActiveCfg = Debug|Any CPU
		{9CD53454-F634-486A-ABDA-CB79A7FE72A5}.DebugFake|Any CPU.Build.0 = Debug|Any CPU
		{9CD53454-F634-486A-ABDA-CB79A7FE72A5}.DebugFake|iPhone.ActiveCfg = Debug|Any CPU
		{9CD53454-F634-486A-ABDA-CB79A7FE72A5}.DebugFake|iPhone.Build.0 = Debug|Any CPU
		{9CD53454-F634-486A-ABDA-CB79A7FE72A5}.DebugFake|iPhoneSimulator.ActiveCfg = Debug|Any CPU
		{9CD53454-F634-486A-ABDA-CB79A7FE72A5}.DebugFake|iPhoneSimulator.Build.0 = Debug|Any CPU
		{9CD53454-F634-486A-ABDA-CB79A7FE72A5}.Release|Any CPU.ActiveCfg = Release|Any CPU
		{9CD53454-F634-486A-ABDA-CB79A7FE72A5}.Release|Any CPU.Build.0 = Release|Any CPU
		{9CD53454-F634-486A-ABDA-CB79A7FE72A5}.Release|iPhone.ActiveCfg = Release|Any CPU
		{9CD53454-F634-486A-ABDA-CB79A7FE72A5}.Release|iPhone.Build.0 = Release|Any CPU
		{9CD53454-F634-486A-ABDA-CB79A7FE72A5}.Release|iPhoneSimulator.ActiveCfg = Release|Any CPU
		{9CD53454-F634-486A-ABDA-CB79A7FE72A5}.Release|iPhoneSimulator.Build.0 = Release|Any CPU
		{80343487-E0B9-4F3E-84D3-181B129FBEB9}.Debug|Any CPU.ActiveCfg = Debug|Any CPU
		{80343487-E0B9-4F3E-84D3-181B129FBEB9}.Debug|Any CPU.Build.0 = Debug|Any CPU
		{80343487-E0B9-4F3E-84D3-181B129FBEB9}.Debug|iPhone.ActiveCfg = Debug|Any CPU
		{80343487-E0B9-4F3E-84D3-181B129FBEB9}.Debug|iPhone.Build.0 = Debug|Any CPU
		{80343487-E0B9-4F3E-84D3-181B129FBEB9}.Debug|iPhoneSimulator.ActiveCfg = Debug|Any CPU
		{80343487-E0B9-4F3E-84D3-181B129FBEB9}.Debug|iPhoneSimulator.Build.0 = Debug|Any CPU
		{80343487-E0B9-4F3E-84D3-181B129FBEB9}.DebugFake|Any CPU.ActiveCfg = Debug|Any CPU
		{80343487-E0B9-4F3E-84D3-181B129FBEB9}.DebugFake|Any CPU.Build.0 = Debug|Any CPU
		{80343487-E0B9-4F3E-84D3-181B129FBEB9}.DebugFake|iPhone.ActiveCfg = Debug|Any CPU
		{80343487-E0B9-4F3E-84D3-181B129FBEB9}.DebugFake|iPhone.Build.0 = Debug|Any CPU
		{80343487-E0B9-4F3E-84D3-181B129FBEB9}.DebugFake|iPhoneSimulator.ActiveCfg = Debug|Any CPU
		{80343487-E0B9-4F3E-84D3-181B129FBEB9}.DebugFake|iPhoneSimulator.Build.0 = Debug|Any CPU
		{80343487-E0B9-4F3E-84D3-181B129FBEB9}.Release|Any CPU.ActiveCfg = Release|Any CPU
		{80343487-E0B9-4F3E-84D3-181B129FBEB9}.Release|Any CPU.Build.0 = Release|Any CPU
		{80343487-E0B9-4F3E-84D3-181B129FBEB9}.Release|iPhone.ActiveCfg = Release|Any CPU
		{80343487-E0B9-4F3E-84D3-181B129FBEB9}.Release|iPhone.Build.0 = Release|Any CPU
		{80343487-E0B9-4F3E-84D3-181B129FBEB9}.Release|iPhoneSimulator.ActiveCfg = Release|Any CPU
		{80343487-E0B9-4F3E-84D3-181B129FBEB9}.Release|iPhoneSimulator.Build.0 = Release|Any CPU
	EndGlobalSection
	GlobalSection(SolutionProperties) = preSolution
		HideSolutionNode = FALSE
	EndGlobalSection
	GlobalSection(NestedProjects) = preSolution
		{99F3BDEC-E50D-4761-8BD7-45C2361F275A} = {7B693E18-7EDC-481C-9AED-22C2FAD5B1B0}
		{D9DA9FEC-0333-4085-AC26-BCBCC6066A37} = {ABE6BDF4-C975-4D97-B2B9-A806DA23D0EE}
		{4539F960-DB60-47DE-B4FD-A7308F5BE325} = {ABE6BDF4-C975-4D97-B2B9-A806DA23D0EE}
		{E3CD626C-816B-4B5A-901D-6FCACD4480F0} = {7D970CB1-F398-47B8-B313-C397B1884FB9}
		{6F3AE954-2E31-4494-8DF3-C9CB6DBD2231} = {3442B6C7-C7ED-4A6B-8A29-0849912F8AEB}
		{37CF0A7E-1F46-4A49-A94D-921DC6DC037F} = {4539F960-DB60-47DE-B4FD-A7308F5BE325}
		{432E2D2D-0DD9-45A5-9ECB-FA10620A9B2F} = {DC47D8A1-CD1E-4099-A265-46968BDD2ADA}
		{A84CF447-DDAF-4EF9-AE53-A3488079F34B} = {432E2D2D-0DD9-45A5-9ECB-FA10620A9B2F}
		{B0318ABD-038B-46D0-A48E-AB79F8300D60} = {A84CF447-DDAF-4EF9-AE53-A3488079F34B}
		{C2E806B8-6336-468F-A867-DE72AD77B39C} = {DC47D8A1-CD1E-4099-A265-46968BDD2ADA}
		{AF0E38FF-2D58-4440-A691-CEC1907A3E30} = {C2E806B8-6336-468F-A867-DE72AD77B39C}
		{11CD67D9-6B33-4BB3-B212-806E0EFB3FB8} = {AF0E38FF-2D58-4440-A691-CEC1907A3E30}
		{332FF586-BF63-40E2-BA1C-5D4E92D6ACB9} = {AF0E38FF-2D58-4440-A691-CEC1907A3E30}
		{6F28C9BF-EC41-4366-BB27-ADBB146D8B81} = {11CD67D9-6B33-4BB3-B212-806E0EFB3FB8}
		{B0C6A5C3-C397-4CE5-ABAB-68AEE1FCB3FE} = {11CD67D9-6B33-4BB3-B212-806E0EFB3FB8}
		{3251D0C3-8D2E-45D1-B774-8B31A75D5EFF} = {6F28C9BF-EC41-4366-BB27-ADBB146D8B81}
		{11257315-E609-4D03-B3ED-D1EE909E9EB1} = {6F28C9BF-EC41-4366-BB27-ADBB146D8B81}
		{E7F9A087-1E5D-4737-9856-87A4A3ED7F71} = {6F28C9BF-EC41-4366-BB27-ADBB146D8B81}
		{3DE27CB5-B566-4F26-B04C-AC83AEA3EEB5} = {B0C6A5C3-C397-4CE5-ABAB-68AEE1FCB3FE}
		{AAEFD271-D9E7-4F67-8925-9B467383B478} = {332FF586-BF63-40E2-BA1C-5D4E92D6ACB9}
		{3633CB23-1D29-425C-A735-AD87F286834F} = {99F3BDEC-E50D-4761-8BD7-45C2361F275A}
		{094831D1-CFAE-4420-BDB6-D021A0599961} = {99F3BDEC-E50D-4761-8BD7-45C2361F275A}
		{F5E405AB-A50D-4AFE-B030-2C5EF6DFABC1} = {99F3BDEC-E50D-4761-8BD7-45C2361F275A}
		{08FE6926-C83E-4DA9-8406-D4855AA81065} = {3A9E20B2-B19A-4D3E-B8A5-54315F744091}
		{FE07378E-0D6A-4371-BCE8-E3735643A5D0} = {99F3BDEC-E50D-4761-8BD7-45C2361F275A}
		{7087C155-50C7-47C8-80A5-4F3DA37ED55D} = {99F3BDEC-E50D-4761-8BD7-45C2361F275A}
		{53A464B4-690C-4746-91A5-C02FA3057EB8} = {45F1C639-0B88-41C8-B479-E62836628E5F}
		{DC1A765B-F5A9-423E-B4CA-B0E950EFEBDC} = {45F1C639-0B88-41C8-B479-E62836628E5F}
		{989B5D49-E5A5-4FAF-9A53-27BEEEF06276} = {C2E806B8-6336-468F-A867-DE72AD77B39C}
		{0E2715D1-F978-446E-AC2A-D329D114A1FE} = {989B5D49-E5A5-4FAF-9A53-27BEEEF06276}
		{4AC7DEC7-C791-4845-B0A4-1D2E365D316D} = {D9DA9FEC-0333-4085-AC26-BCBCC6066A37}
		{392789B6-6597-401D-A978-1F52EB4EC0C3} = {7D970CB1-F398-47B8-B313-C397B1884FB9}
		{C0F9615D-F7D1-4C03-A10B-B62B6829828A} = {3442B6C7-C7ED-4A6B-8A29-0849912F8AEB}
		{58038C09-C141-4B8F-BABA-CCB1299B64D0} = {B0C6A5C3-C397-4CE5-ABAB-68AEE1FCB3FE}
		{252319AD-623C-452B-AC6E-5434BFF5395E} = {D9DA9FEC-0333-4085-AC26-BCBCC6066A37}
		{7B99B20B-9D35-4C4F-BF66-F672F64FA9FE} = {B0C6A5C3-C397-4CE5-ABAB-68AEE1FCB3FE}
		{C8314513-1D8D-4425-81A3-B956D244E03B} = {99F3BDEC-E50D-4761-8BD7-45C2361F275A}
		{B6758819-8CAA-4BCC-99B4-7CACED9E0B79} = {3A9E20B2-B19A-4D3E-B8A5-54315F744091}
		{10FE5829-EEF6-4AED-B8BA-3CC66498E441} = {ABE6BDF4-C975-4D97-B2B9-A806DA23D0EE}
		{B2D07F72-19EC-4D65-A38A-A0204C054E21} = {10FE5829-EEF6-4AED-B8BA-3CC66498E441}
		{7D970CB1-F398-47B8-B313-C397B1884FB9} = {ABE6BDF4-C975-4D97-B2B9-A806DA23D0EE}
		{3442B6C7-C7ED-4A6B-8A29-0849912F8AEB} = {ABE6BDF4-C975-4D97-B2B9-A806DA23D0EE}
		{061B16E0-5AAF-4583-8F02-8506594D19A1} = {B2D07F72-19EC-4D65-A38A-A0204C054E21}
		{B73EFC6F-7DBA-427E-9FE4-FBA6754BD9E1} = {B2D07F72-19EC-4D65-A38A-A0204C054E21}
		{45F1C639-0B88-41C8-B479-E62836628E5F} = {7B693E18-7EDC-481C-9AED-22C2FAD5B1B0}
		{57E255EB-26E8-4FCD-AEA7-1BC817302788} = {B0318ABD-038B-46D0-A48E-AB79F8300D60}
		{5B2ECB96-31D4-4753-B84E-FB8E580DE409} = {B0318ABD-038B-46D0-A48E-AB79F8300D60}
		{91E0788A-0611-412B-BE2B-374AFB7D2ECA} = {B0318ABD-038B-46D0-A48E-AB79F8300D60}
		{898FAE79-33A7-4ABF-A6AF-E8C82D82AAB3} = {99F3BDEC-E50D-4761-8BD7-45C2361F275A}
		{00216DEF-72C4-4298-8B54-5257891D7089} = {99F3BDEC-E50D-4761-8BD7-45C2361F275A}
		{05C05416-9F09-40FC-A853-61B29CAE1AC9} = {0E2715D1-F978-446E-AC2A-D329D114A1FE}
		{FCF3BDE7-9568-4160-88E3-4D5631FC8490} = {0E2715D1-F978-446E-AC2A-D329D114A1FE}
		{9CD53454-F634-486A-ABDA-CB79A7FE72A5} = {0E2715D1-F978-446E-AC2A-D329D114A1FE}
		{80343487-E0B9-4F3E-84D3-181B129FBEB9} = {B0C6A5C3-C397-4CE5-ABAB-68AEE1FCB3FE}
	EndGlobalSection
	GlobalSection(ExtensibilityGlobals) = postSolution
		SolutionGuid = {304C178C-017A-4A33-8E16-11FD6D95A901}
	EndGlobalSection
EndGlobal
