
Microsoft Visual Studio Solution File, Format Version 12.00
# Visual Studio Version 17
VisualStudioVersion = 17.0.31410.414
MinimumVisualStudioVersion = 10.0.40219.1
Project("{2150E333-8FDC-42A3-9474-1A3956D46DE8}") = "Test", "Test", "{17C3FD5F-01DD-47D9-A3F4-E03CD56D7D68}"
EndProject
Project("{2150E333-8FDC-42A3-9474-1A3956D46DE8}") = "Lib", "Lib", "{53EBF2C2-4FC9-4D4C-B9BE-9E9A3D1E9935}"
EndProject
Project("{2150E333-8FDC-42A3-9474-1A3956D46DE8}") = "Xamariners", "Xamariners", "{C074271B-9646-4F5D-8BD7-ABD3C96D181E}"
EndProject
Project("{2150E333-8FDC-42A3-9474-1A3956D46DE8}") = "Functions", "Functions", "{0CE08469-56CF-40E1-8B96-41DECF4EFD2B}"
EndProject
Project("{2150E333-8FDC-42A3-9474-1A3956D46DE8}") = "Shared", "Shared", "{34057296-83A8-4275-8402-55D5BAE1C029}"
EndProject
Project("{D954291E-2A0B-460D-934E-DC6B0785DB48}") = "Xamariners.Shared", "..\..\Shared\Xamariners.Shared\Xamariners.Shared.shproj", "{DC1A765B-F5A9-423E-B4CA-B0E950EFEBDC}"
EndProject
Project("{9A19103F-16F7-4668-BE54-9A1E7A4F7556}") = "Xamariners.Functions.Core", "..\..\Shared\Xamariners.Functions.Core\Xamariners.Functions.Core.csproj", "{FBFDBC05-67E4-43D2-8170-E23CC894A307}"
EndProject
Project("{9A19103F-16F7-4668-BE54-9A1E7A4F7556}") = "SwiftCaps.Data", "..\..\Shared\SwiftCaps.Data\SwiftCaps.Data.csproj", "{BC5040C9-13B2-4ADB-93A2-2A122DC6EE3D}"
EndProject
Project("{9A19103F-16F7-4668-BE54-9A1E7A4F7556}") = "SwiftCaps.Helpers", "..\..\Shared\SwiftCaps.Helpers\SwiftCaps.Helpers.csproj", "{511BAFB4-A52E-4E23-B09B-C6A357C3E88D}"
EndProject
Project("{9A19103F-16F7-4668-BE54-9A1E7A4F7556}") = "SwiftCaps.Models", "..\..\Shared\SwiftCaps.Models\SwiftCaps.Models.csproj", "{4F77002B-DFA3-4340-8AF6-3940595D41C1}"
EndProject
Project("{9A19103F-16F7-4668-BE54-9A1E7A4F7556}") = "SwiftCaps.Services.Quiz", "..\Service\src\SwiftCaps.Services.Quiz\SwiftCaps.Services.Quiz.csproj", "{B4506610-281E-4E0C-8BED-894AEF6384E4}"
EndProject
Project("{9A19103F-16F7-4668-BE54-9A1E7A4F7556}") = "SwiftCaps.Services.Reporting", "..\Service\src\SwiftCaps.Services.Reporting\SwiftCaps.Services.Reporting.csproj", "{760E2F4B-0DD0-4C37-A513-877B0D64D18A}"
EndProject
Project("{9A19103F-16F7-4668-BE54-9A1E7A4F7556}") = "SwiftCaps.Services.User", "..\Service\src\SwiftCaps.Services.Users\SwiftCaps.Services.User.csproj", "{C162EA35-A7FF-409C-8035-5422A9D8F47D}"
EndProject
Project("{9A19103F-16F7-4668-BE54-9A1E7A4F7556}") = "SwiftCaps.Services.Quiz.API", "src\SwiftCaps.Services.Quiz.API\SwiftCaps.Services.Quiz.API.csproj", "{498D553B-803E-464E-B8E5-529505F4C99D}"
EndProject
Project("{9A19103F-16F7-4668-BE54-9A1E7A4F7556}") = "SwiftCaps.Services.Reporting.API", "src\SwiftCaps.Services.Reporting.API\SwiftCaps.Services.Reporting.API.csproj", "{0523DCDC-494F-4790-8B75-D62229EB43DA}"
EndProject
Project("{9A19103F-16F7-4668-BE54-9A1E7A4F7556}") = "SwiftCaps.Services.User.API", "src\SwiftCaps.Services.User.API\SwiftCaps.Services.User.API.csproj", "{0A62B71F-15FE-4229-B658-AB377F13F688}"
EndProject
Project("{9A19103F-16F7-4668-BE54-9A1E7A4F7556}") = "SwiftCaps.Functions.Tests", "test\SwiftCaps.Functions.Tests\SwiftCaps.Functions.Tests.csproj", "{B8E86FC3-83FC-46F5-A094-AB76384B31B2}"
EndProject
Project("{9A19103F-16F7-4668-BE54-9A1E7A4F7556}") = "SwiftCaps.Services.Abstraction", "..\..\Shared\SwiftCaps.Services.Abstraction\SwiftCaps.Services.Abstraction.csproj", "{4D3E2955-4376-4F0C-BD08-9CE2AE5099AA}"
EndProject
Project("{2150E333-8FDC-42A3-9474-1A3956D46DE8}") = "Quiz", "Quiz", "{4E90CCCD-679C-4243-BFA0-898D5E58B878}"
EndProject
Project("{2150E333-8FDC-42A3-9474-1A3956D46DE8}") = "Reporting", "Reporting", "{BB484F2A-01DB-49FF-80F0-6E22101366CD}"
EndProject
Project("{2150E333-8FDC-42A3-9474-1A3956D46DE8}") = "User", "User", "{8845185B-BA10-4E40-816D-E858E1BDEA24}"
EndProject
Project("{2150E333-8FDC-42A3-9474-1A3956D46DE8}") = "Admin", "Admin", "{6E4C22DA-AC85-4087-B121-E7EC5DCAC657}"
EndProject
Project("{2150E333-8FDC-42A3-9474-1A3956D46DE8}") = "Quiz", "Quiz", "{883007D5-7BAD-4168-B035-2A69B356EC1D}"
EndProject
Project("{9A19103F-16F7-4668-BE54-9A1E7A4F7556}") = "SwiftCaps.Admin.Services.Quiz.API", "src\SwiftCaps.Admin.Services.Quiz.API\SwiftCaps.Admin.Services.Quiz.API.csproj", "{800D90BF-A66A-4767-8204-AC7A557343AB}"
EndProject
Project("{9A19103F-16F7-4668-BE54-9A1E7A4F7556}") = "SwiftCaps.Admin.Services.Quiz", "..\Service\src\SwiftCaps.Admin.Services.Quiz\SwiftCaps.Admin.Services.Quiz.csproj", "{B01FAA11-18B6-45E6-8F26-5E1920F3D2D9}"
EndProject
Project("{9A19103F-16F7-4668-BE54-9A1E7A4F7556}") = "SwiftCaps.Admin.Services.Quiz.Tests", "..\Service\test\SwiftCaps.Admin.Services.Quiz.Tests\SwiftCaps.Admin.Services.Quiz.Tests.csproj", "{3AA14554-EEBC-413B-86A2-E544DE4AB6A9}"
EndProject
Project("{9A19103F-16F7-4668-BE54-9A1E7A4F7556}") = "SwiftCaps.Helpers.Tests", "..\..\Shared\SwiftCaps.Helpers.Tests\SwiftCaps.Helpers.Tests.csproj", "{80118D97-0A2E-455D-AC0D-ACD80C3A64C2}"
EndProject
Project("{9A19103F-16F7-4668-BE54-9A1E7A4F7556}") = "SwiftCaps.Admin.Services.Quiz.API.Tests", "test\SwiftCaps.Admin.Services.Quiz.API.Tests\SwiftCaps.Admin.Services.Quiz.API.Tests.csproj", "{D5CE8630-2AF4-445C-A10B-633166C720EF}"
EndProject
Project("{9A19103F-16F7-4668-BE54-9A1E7A4F7556}") = "SwiftCaps.Services.User.API.Tests", "test\SwiftCaps.Services.User.API.Tests\SwiftCaps.Services.User.API.Tests.csproj", "{2AF0B8B2-0C5D-48A6-A9A6-E2BA95E2D441}"
EndProject
Project("{9A19103F-16F7-4668-BE54-9A1E7A4F7556}") = "SwiftCaps.Services.User.Tests", "..\Service\test\SwiftCaps.Services.User.Tests\SwiftCaps.Services.User.Tests.csproj", "{C3AF37D2-56C4-49B7-85B7-72D84A56A04D}"
EndProject
Project("{9A19103F-16F7-4668-BE54-9A1E7A4F7556}") = "SwiftCaps.Services.Reporting.Tests", "..\Service\test\SwiftCaps.Services.Reporting.Tests\SwiftCaps.Services.Reporting.Tests.csproj", "{9A33D801-80EF-4CAF-AC4F-73C83C913E23}"
EndProject
Project("{2150E333-8FDC-42A3-9474-1A3956D46DE8}") = "Admin", "Admin", "{407C85B0-32DA-4E01-9064-2FB71ABBC8BA}"
EndProject
Project("{2150E333-8FDC-42A3-9474-1A3956D46DE8}") = "Quiz", "Quiz", "{96C724E0-B300-4AFE-B6C5-2614A52E1A78}"
EndProject
Project("{2150E333-8FDC-42A3-9474-1A3956D46DE8}") = "Reporting", "Reporting", "{BABB6299-526F-4868-91C7-7A56BF6A0033}"
EndProject
Project("{9A19103F-16F7-4668-BE54-9A1E7A4F7556}") = "SwiftCaps.Fake", "..\..\Shared\SwiftCaps.Fake\SwiftCaps.Fake.csproj", "{9B94F397-C1EA-4A89-A8FB-2ECE69CC329C}"
EndProject
Project("{9A19103F-16F7-4668-BE54-9A1E7A4F7556}") = "SwiftCaps.Services.Reporting.API.Tests", "test\SwiftCaps.Services.Reporting.API.Tests\SwiftCaps.Services.Reporting.API.Tests.csproj", "{C6925971-A22C-4D0B-9D8E-FCCD535671CC}"
EndProject
Project("{2150E333-8FDC-42A3-9474-1A3956D46DE8}") = "User", "User", "{D100225D-6540-40B8-9FD7-C2BB4CF997DB}"
EndProject
Project("{2150E333-8FDC-42A3-9474-1A3956D46DE8}") = "Quiz", "Quiz", "{F22676DC-F744-473D-8601-0AC1FDE253CA}"
EndProject
Project("{9A19103F-16F7-4668-BE54-9A1E7A4F7556}") = "SwiftCaps.Services.Quiz.API.Tests", "test\SwiftCaps.Services.Quiz.API.Tests\SwiftCaps.Services.Quiz.API.Tests.csproj", "{3DD07C2A-1FE4-496C-A96E-A25BFDC9D96D}"
EndProject
Project("{FAE04EC0-301F-11D3-BF4B-00C04F79EFBC}") = "SwiftCaps.Services.Quiz.Tests", "..\Service\test\SwiftCaps.Services.Quiz.Tests\SwiftCaps.Services.Quiz.Tests.csproj", "{98740878-7DF3-4119-B7BB-B28514959F84}"
EndProject
Global
	GlobalSection(SharedMSBuildProjectFiles) = preSolution
		..\..\Shared\Xamariners.Shared\Xamariners.Shared.projitems*{dc1a765b-f5a9-423e-b4ca-b0e950efebdc}*SharedItemsImports = 13
	EndGlobalSection
	GlobalSection(SolutionConfigurationPlatforms) = preSolution
		Debug|Any CPU = Debug|Any CPU
		Debug|iPhone = Debug|iPhone
		Debug|iPhoneSimulator = Debug|iPhoneSimulator
		DebugFake|Any CPU = DebugFake|Any CPU
		DebugFake|iPhone = DebugFake|iPhone
		DebugFake|iPhoneSimulator = DebugFake|iPhoneSimulator
		Release|Any CPU = Release|Any CPU
		Release|iPhone = Release|iPhone
		Release|iPhoneSimulator = Release|iPhoneSimulator
	EndGlobalSection
	GlobalSection(ProjectConfigurationPlatforms) = postSolution
		{FBFDBC05-67E4-43D2-8170-E23CC894A307}.Debug|Any CPU.ActiveCfg = Debug|Any CPU
		{FBFDBC05-67E4-43D2-8170-E23CC894A307}.Debug|Any CPU.Build.0 = Debug|Any CPU
		{FBFDBC05-67E4-43D2-8170-E23CC894A307}.Debug|iPhone.ActiveCfg = Debug|Any CPU
		{FBFDBC05-67E4-43D2-8170-E23CC894A307}.Debug|iPhone.Build.0 = Debug|Any CPU
		{FBFDBC05-67E4-43D2-8170-E23CC894A307}.Debug|iPhoneSimulator.ActiveCfg = Debug|Any CPU
		{FBFDBC05-67E4-43D2-8170-E23CC894A307}.Debug|iPhoneSimulator.Build.0 = Debug|Any CPU
		{FBFDBC05-67E4-43D2-8170-E23CC894A307}.DebugFake|Any CPU.ActiveCfg = Debug|Any CPU
		{FBFDBC05-67E4-43D2-8170-E23CC894A307}.DebugFake|Any CPU.Build.0 = Debug|Any CPU
		{FBFDBC05-67E4-43D2-8170-E23CC894A307}.DebugFake|iPhone.ActiveCfg = Debug|Any CPU
		{FBFDBC05-67E4-43D2-8170-E23CC894A307}.DebugFake|iPhone.Build.0 = Debug|Any CPU
		{FBFDBC05-67E4-43D2-8170-E23CC894A307}.DebugFake|iPhoneSimulator.ActiveCfg = Debug|Any CPU
		{FBFDBC05-67E4-43D2-8170-E23CC894A307}.DebugFake|iPhoneSimulator.Build.0 = Debug|Any CPU
		{FBFDBC05-67E4-43D2-8170-E23CC894A307}.Release|Any CPU.ActiveCfg = Release|Any CPU
		{FBFDBC05-67E4-43D2-8170-E23CC894A307}.Release|Any CPU.Build.0 = Release|Any CPU
		{FBFDBC05-67E4-43D2-8170-E23CC894A307}.Release|iPhone.ActiveCfg = Release|Any CPU
		{FBFDBC05-67E4-43D2-8170-E23CC894A307}.Release|iPhone.Build.0 = Release|Any CPU
		{FBFDBC05-67E4-43D2-8170-E23CC894A307}.Release|iPhoneSimulator.ActiveCfg = Release|Any CPU
		{FBFDBC05-67E4-43D2-8170-E23CC894A307}.Release|iPhoneSimulator.Build.0 = Release|Any CPU
		{BC5040C9-13B2-4ADB-93A2-2A122DC6EE3D}.Debug|Any CPU.ActiveCfg = Debug|Any CPU
		{BC5040C9-13B2-4ADB-93A2-2A122DC6EE3D}.Debug|Any CPU.Build.0 = Debug|Any CPU
		{BC5040C9-13B2-4ADB-93A2-2A122DC6EE3D}.Debug|iPhone.ActiveCfg = Debug|Any CPU
		{BC5040C9-13B2-4ADB-93A2-2A122DC6EE3D}.Debug|iPhone.Build.0 = Debug|Any CPU
		{BC5040C9-13B2-4ADB-93A2-2A122DC6EE3D}.Debug|iPhoneSimulator.ActiveCfg = Debug|Any CPU
		{BC5040C9-13B2-4ADB-93A2-2A122DC6EE3D}.Debug|iPhoneSimulator.Build.0 = Debug|Any CPU
		{BC5040C9-13B2-4ADB-93A2-2A122DC6EE3D}.DebugFake|Any CPU.ActiveCfg = Debug|Any CPU
		{BC5040C9-13B2-4ADB-93A2-2A122DC6EE3D}.DebugFake|Any CPU.Build.0 = Debug|Any CPU
		{BC5040C9-13B2-4ADB-93A2-2A122DC6EE3D}.DebugFake|iPhone.ActiveCfg = Debug|Any CPU
		{BC5040C9-13B2-4ADB-93A2-2A122DC6EE3D}.DebugFake|iPhone.Build.0 = Debug|Any CPU
		{BC5040C9-13B2-4ADB-93A2-2A122DC6EE3D}.DebugFake|iPhoneSimulator.ActiveCfg = Debug|Any CPU
		{BC5040C9-13B2-4ADB-93A2-2A122DC6EE3D}.DebugFake|iPhoneSimulator.Build.0 = Debug|Any CPU
		{BC5040C9-13B2-4ADB-93A2-2A122DC6EE3D}.Release|Any CPU.ActiveCfg = Release|Any CPU
		{BC5040C9-13B2-4ADB-93A2-2A122DC6EE3D}.Release|Any CPU.Build.0 = Release|Any CPU
		{BC5040C9-13B2-4ADB-93A2-2A122DC6EE3D}.Release|iPhone.ActiveCfg = Release|Any CPU
		{BC5040C9-13B2-4ADB-93A2-2A122DC6EE3D}.Release|iPhone.Build.0 = Release|Any CPU
		{BC5040C9-13B2-4ADB-93A2-2A122DC6EE3D}.Release|iPhoneSimulator.ActiveCfg = Release|Any CPU
		{BC5040C9-13B2-4ADB-93A2-2A122DC6EE3D}.Release|iPhoneSimulator.Build.0 = Release|Any CPU
		{511BAFB4-A52E-4E23-B09B-C6A357C3E88D}.Debug|Any CPU.ActiveCfg = Debug|Any CPU
		{511BAFB4-A52E-4E23-B09B-C6A357C3E88D}.Debug|Any CPU.Build.0 = Debug|Any CPU
		{511BAFB4-A52E-4E23-B09B-C6A357C3E88D}.Debug|iPhone.ActiveCfg = Debug|Any CPU
		{511BAFB4-A52E-4E23-B09B-C6A357C3E88D}.Debug|iPhone.Build.0 = Debug|Any CPU
		{511BAFB4-A52E-4E23-B09B-C6A357C3E88D}.Debug|iPhoneSimulator.ActiveCfg = Debug|Any CPU
		{511BAFB4-A52E-4E23-B09B-C6A357C3E88D}.Debug|iPhoneSimulator.Build.0 = Debug|Any CPU
		{511BAFB4-A52E-4E23-B09B-C6A357C3E88D}.DebugFake|Any CPU.ActiveCfg = Debug|Any CPU
		{511BAFB4-A52E-4E23-B09B-C6A357C3E88D}.DebugFake|Any CPU.Build.0 = Debug|Any CPU
		{511BAFB4-A52E-4E23-B09B-C6A357C3E88D}.DebugFake|iPhone.ActiveCfg = Debug|Any CPU
		{511BAFB4-A52E-4E23-B09B-C6A357C3E88D}.DebugFake|iPhone.Build.0 = Debug|Any CPU
		{511BAFB4-A52E-4E23-B09B-C6A357C3E88D}.DebugFake|iPhoneSimulator.ActiveCfg = Debug|Any CPU
		{511BAFB4-A52E-4E23-B09B-C6A357C3E88D}.DebugFake|iPhoneSimulator.Build.0 = Debug|Any CPU
		{511BAFB4-A52E-4E23-B09B-C6A357C3E88D}.Release|Any CPU.ActiveCfg = Release|Any CPU
		{511BAFB4-A52E-4E23-B09B-C6A357C3E88D}.Release|Any CPU.Build.0 = Release|Any CPU
		{511BAFB4-A52E-4E23-B09B-C6A357C3E88D}.Release|iPhone.ActiveCfg = Release|Any CPU
		{511BAFB4-A52E-4E23-B09B-C6A357C3E88D}.Release|iPhone.Build.0 = Release|Any CPU
		{511BAFB4-A52E-4E23-B09B-C6A357C3E88D}.Release|iPhoneSimulator.ActiveCfg = Release|Any CPU
		{511BAFB4-A52E-4E23-B09B-C6A357C3E88D}.Release|iPhoneSimulator.Build.0 = Release|Any CPU
		{4F77002B-DFA3-4340-8AF6-3940595D41C1}.Debug|Any CPU.ActiveCfg = Debug|Any CPU
		{4F77002B-DFA3-4340-8AF6-3940595D41C1}.Debug|Any CPU.Build.0 = Debug|Any CPU
		{4F77002B-DFA3-4340-8AF6-3940595D41C1}.Debug|iPhone.ActiveCfg = Debug|Any CPU
		{4F77002B-DFA3-4340-8AF6-3940595D41C1}.Debug|iPhone.Build.0 = Debug|Any CPU
		{4F77002B-DFA3-4340-8AF6-3940595D41C1}.Debug|iPhoneSimulator.ActiveCfg = Debug|Any CPU
		{4F77002B-DFA3-4340-8AF6-3940595D41C1}.Debug|iPhoneSimulator.Build.0 = Debug|Any CPU
		{4F77002B-DFA3-4340-8AF6-3940595D41C1}.DebugFake|Any CPU.ActiveCfg = Debug|Any CPU
		{4F77002B-DFA3-4340-8AF6-3940595D41C1}.DebugFake|Any CPU.Build.0 = Debug|Any CPU
		{4F77002B-DFA3-4340-8AF6-3940595D41C1}.DebugFake|iPhone.ActiveCfg = Debug|Any CPU
		{4F77002B-DFA3-4340-8AF6-3940595D41C1}.DebugFake|iPhone.Build.0 = Debug|Any CPU
		{4F77002B-DFA3-4340-8AF6-3940595D41C1}.DebugFake|iPhoneSimulator.ActiveCfg = Debug|Any CPU
		{4F77002B-DFA3-4340-8AF6-3940595D41C1}.DebugFake|iPhoneSimulator.Build.0 = Debug|Any CPU
		{4F77002B-DFA3-4340-8AF6-3940595D41C1}.Release|Any CPU.ActiveCfg = Release|Any CPU
		{4F77002B-DFA3-4340-8AF6-3940595D41C1}.Release|Any CPU.Build.0 = Release|Any CPU
		{4F77002B-DFA3-4340-8AF6-3940595D41C1}.Release|iPhone.ActiveCfg = Release|Any CPU
		{4F77002B-DFA3-4340-8AF6-3940595D41C1}.Release|iPhone.Build.0 = Release|Any CPU
		{4F77002B-DFA3-4340-8AF6-3940595D41C1}.Release|iPhoneSimulator.ActiveCfg = Release|Any CPU
		{4F77002B-DFA3-4340-8AF6-3940595D41C1}.Release|iPhoneSimulator.Build.0 = Release|Any CPU
		{B4506610-281E-4E0C-8BED-894AEF6384E4}.Debug|Any CPU.ActiveCfg = Debug|Any CPU
		{B4506610-281E-4E0C-8BED-894AEF6384E4}.Debug|Any CPU.Build.0 = Debug|Any CPU
		{B4506610-281E-4E0C-8BED-894AEF6384E4}.Debug|iPhone.ActiveCfg = Debug|Any CPU
		{B4506610-281E-4E0C-8BED-894AEF6384E4}.Debug|iPhone.Build.0 = Debug|Any CPU
		{B4506610-281E-4E0C-8BED-894AEF6384E4}.Debug|iPhoneSimulator.ActiveCfg = Debug|Any CPU
		{B4506610-281E-4E0C-8BED-894AEF6384E4}.Debug|iPhoneSimulator.Build.0 = Debug|Any CPU
		{B4506610-281E-4E0C-8BED-894AEF6384E4}.DebugFake|Any CPU.ActiveCfg = Debug|Any CPU
		{B4506610-281E-4E0C-8BED-894AEF6384E4}.DebugFake|Any CPU.Build.0 = Debug|Any CPU
		{B4506610-281E-4E0C-8BED-894AEF6384E4}.DebugFake|iPhone.ActiveCfg = Debug|Any CPU
		{B4506610-281E-4E0C-8BED-894AEF6384E4}.DebugFake|iPhone.Build.0 = Debug|Any CPU
		{B4506610-281E-4E0C-8BED-894AEF6384E4}.DebugFake|iPhoneSimulator.ActiveCfg = Debug|Any CPU
		{B4506610-281E-4E0C-8BED-894AEF6384E4}.DebugFake|iPhoneSimulator.Build.0 = Debug|Any CPU
		{B4506610-281E-4E0C-8BED-894AEF6384E4}.Release|Any CPU.ActiveCfg = Release|Any CPU
		{B4506610-281E-4E0C-8BED-894AEF6384E4}.Release|Any CPU.Build.0 = Release|Any CPU
		{B4506610-281E-4E0C-8BED-894AEF6384E4}.Release|iPhone.ActiveCfg = Release|Any CPU
		{B4506610-281E-4E0C-8BED-894AEF6384E4}.Release|iPhone.Build.0 = Release|Any CPU
		{B4506610-281E-4E0C-8BED-894AEF6384E4}.Release|iPhoneSimulator.ActiveCfg = Release|Any CPU
		{B4506610-281E-4E0C-8BED-894AEF6384E4}.Release|iPhoneSimulator.Build.0 = Release|Any CPU
		{760E2F4B-0DD0-4C37-A513-877B0D64D18A}.Debug|Any CPU.ActiveCfg = Debug|Any CPU
		{760E2F4B-0DD0-4C37-A513-877B0D64D18A}.Debug|Any CPU.Build.0 = Debug|Any CPU
		{760E2F4B-0DD0-4C37-A513-877B0D64D18A}.Debug|iPhone.ActiveCfg = Debug|Any CPU
		{760E2F4B-0DD0-4C37-A513-877B0D64D18A}.Debug|iPhone.Build.0 = Debug|Any CPU
		{760E2F4B-0DD0-4C37-A513-877B0D64D18A}.Debug|iPhoneSimulator.ActiveCfg = Debug|Any CPU
		{760E2F4B-0DD0-4C37-A513-877B0D64D18A}.Debug|iPhoneSimulator.Build.0 = Debug|Any CPU
		{760E2F4B-0DD0-4C37-A513-877B0D64D18A}.DebugFake|Any CPU.ActiveCfg = Debug|Any CPU
		{760E2F4B-0DD0-4C37-A513-877B0D64D18A}.DebugFake|Any CPU.Build.0 = Debug|Any CPU
		{760E2F4B-0DD0-4C37-A513-877B0D64D18A}.DebugFake|iPhone.ActiveCfg = Debug|Any CPU
		{760E2F4B-0DD0-4C37-A513-877B0D64D18A}.DebugFake|iPhone.Build.0 = Debug|Any CPU
		{760E2F4B-0DD0-4C37-A513-877B0D64D18A}.DebugFake|iPhoneSimulator.ActiveCfg = Debug|Any CPU
		{760E2F4B-0DD0-4C37-A513-877B0D64D18A}.DebugFake|iPhoneSimulator.Build.0 = Debug|Any CPU
		{760E2F4B-0DD0-4C37-A513-877B0D64D18A}.Release|Any CPU.ActiveCfg = Release|Any CPU
		{760E2F4B-0DD0-4C37-A513-877B0D64D18A}.Release|Any CPU.Build.0 = Release|Any CPU
		{760E2F4B-0DD0-4C37-A513-877B0D64D18A}.Release|iPhone.ActiveCfg = Release|Any CPU
		{760E2F4B-0DD0-4C37-A513-877B0D64D18A}.Release|iPhone.Build.0 = Release|Any CPU
		{760E2F4B-0DD0-4C37-A513-877B0D64D18A}.Release|iPhoneSimulator.ActiveCfg = Release|Any CPU
		{760E2F4B-0DD0-4C37-A513-877B0D64D18A}.Release|iPhoneSimulator.Build.0 = Release|Any CPU
		{C162EA35-A7FF-409C-8035-5422A9D8F47D}.Debug|Any CPU.ActiveCfg = Debug|Any CPU
		{C162EA35-A7FF-409C-8035-5422A9D8F47D}.Debug|Any CPU.Build.0 = Debug|Any CPU
		{C162EA35-A7FF-409C-8035-5422A9D8F47D}.Debug|iPhone.ActiveCfg = Debug|Any CPU
		{C162EA35-A7FF-409C-8035-5422A9D8F47D}.Debug|iPhone.Build.0 = Debug|Any CPU
		{C162EA35-A7FF-409C-8035-5422A9D8F47D}.Debug|iPhoneSimulator.ActiveCfg = Debug|Any CPU
		{C162EA35-A7FF-409C-8035-5422A9D8F47D}.Debug|iPhoneSimulator.Build.0 = Debug|Any CPU
		{C162EA35-A7FF-409C-8035-5422A9D8F47D}.DebugFake|Any CPU.ActiveCfg = Debug|Any CPU
		{C162EA35-A7FF-409C-8035-5422A9D8F47D}.DebugFake|Any CPU.Build.0 = Debug|Any CPU
		{C162EA35-A7FF-409C-8035-5422A9D8F47D}.DebugFake|iPhone.ActiveCfg = Debug|Any CPU
		{C162EA35-A7FF-409C-8035-5422A9D8F47D}.DebugFake|iPhone.Build.0 = Debug|Any CPU
		{C162EA35-A7FF-409C-8035-5422A9D8F47D}.DebugFake|iPhoneSimulator.ActiveCfg = Debug|Any CPU
		{C162EA35-A7FF-409C-8035-5422A9D8F47D}.DebugFake|iPhoneSimulator.Build.0 = Debug|Any CPU
		{C162EA35-A7FF-409C-8035-5422A9D8F47D}.Release|Any CPU.ActiveCfg = Release|Any CPU
		{C162EA35-A7FF-409C-8035-5422A9D8F47D}.Release|Any CPU.Build.0 = Release|Any CPU
		{C162EA35-A7FF-409C-8035-5422A9D8F47D}.Release|iPhone.ActiveCfg = Release|Any CPU
		{C162EA35-A7FF-409C-8035-5422A9D8F47D}.Release|iPhone.Build.0 = Release|Any CPU
		{C162EA35-A7FF-409C-8035-5422A9D8F47D}.Release|iPhoneSimulator.ActiveCfg = Release|Any CPU
		{C162EA35-A7FF-409C-8035-5422A9D8F47D}.Release|iPhoneSimulator.Build.0 = Release|Any CPU
		{498D553B-803E-464E-B8E5-529505F4C99D}.Debug|Any CPU.ActiveCfg = Debug|Any CPU
		{498D553B-803E-464E-B8E5-529505F4C99D}.Debug|Any CPU.Build.0 = Debug|Any CPU
		{498D553B-803E-464E-B8E5-529505F4C99D}.Debug|iPhone.ActiveCfg = Debug|Any CPU
		{498D553B-803E-464E-B8E5-529505F4C99D}.Debug|iPhone.Build.0 = Debug|Any CPU
		{498D553B-803E-464E-B8E5-529505F4C99D}.Debug|iPhoneSimulator.ActiveCfg = Debug|Any CPU
		{498D553B-803E-464E-B8E5-529505F4C99D}.Debug|iPhoneSimulator.Build.0 = Debug|Any CPU
		{498D553B-803E-464E-B8E5-529505F4C99D}.DebugFake|Any CPU.ActiveCfg = Debug|Any CPU
		{498D553B-803E-464E-B8E5-529505F4C99D}.DebugFake|Any CPU.Build.0 = Debug|Any CPU
		{498D553B-803E-464E-B8E5-529505F4C99D}.DebugFake|iPhone.ActiveCfg = Debug|Any CPU
		{498D553B-803E-464E-B8E5-529505F4C99D}.DebugFake|iPhone.Build.0 = Debug|Any CPU
		{498D553B-803E-464E-B8E5-529505F4C99D}.DebugFake|iPhoneSimulator.ActiveCfg = Debug|Any CPU
		{498D553B-803E-464E-B8E5-529505F4C99D}.DebugFake|iPhoneSimulator.Build.0 = Debug|Any CPU
		{498D553B-803E-464E-B8E5-529505F4C99D}.Release|Any CPU.ActiveCfg = Release|Any CPU
		{498D553B-803E-464E-B8E5-529505F4C99D}.Release|Any CPU.Build.0 = Release|Any CPU
		{498D553B-803E-464E-B8E5-529505F4C99D}.Release|iPhone.ActiveCfg = Release|Any CPU
		{498D553B-803E-464E-B8E5-529505F4C99D}.Release|iPhone.Build.0 = Release|Any CPU
		{498D553B-803E-464E-B8E5-529505F4C99D}.Release|iPhoneSimulator.ActiveCfg = Release|Any CPU
		{498D553B-803E-464E-B8E5-529505F4C99D}.Release|iPhoneSimulator.Build.0 = Release|Any CPU
		{0523DCDC-494F-4790-8B75-D62229EB43DA}.Debug|Any CPU.ActiveCfg = Debug|Any CPU
		{0523DCDC-494F-4790-8B75-D62229EB43DA}.Debug|Any CPU.Build.0 = Debug|Any CPU
		{0523DCDC-494F-4790-8B75-D62229EB43DA}.Debug|iPhone.ActiveCfg = Debug|Any CPU
		{0523DCDC-494F-4790-8B75-D62229EB43DA}.Debug|iPhone.Build.0 = Debug|Any CPU
		{0523DCDC-494F-4790-8B75-D62229EB43DA}.Debug|iPhoneSimulator.ActiveCfg = Debug|Any CPU
		{0523DCDC-494F-4790-8B75-D62229EB43DA}.Debug|iPhoneSimulator.Build.0 = Debug|Any CPU
		{0523DCDC-494F-4790-8B75-D62229EB43DA}.DebugFake|Any CPU.ActiveCfg = Debug|Any CPU
		{0523DCDC-494F-4790-8B75-D62229EB43DA}.DebugFake|Any CPU.Build.0 = Debug|Any CPU
		{0523DCDC-494F-4790-8B75-D62229EB43DA}.DebugFake|iPhone.ActiveCfg = Debug|Any CPU
		{0523DCDC-494F-4790-8B75-D62229EB43DA}.DebugFake|iPhone.Build.0 = Debug|Any CPU
		{0523DCDC-494F-4790-8B75-D62229EB43DA}.DebugFake|iPhoneSimulator.ActiveCfg = Debug|Any CPU
		{0523DCDC-494F-4790-8B75-D62229EB43DA}.DebugFake|iPhoneSimulator.Build.0 = Debug|Any CPU
		{0523DCDC-494F-4790-8B75-D62229EB43DA}.Release|Any CPU.ActiveCfg = Release|Any CPU
		{0523DCDC-494F-4790-8B75-D62229EB43DA}.Release|Any CPU.Build.0 = Release|Any CPU
		{0523DCDC-494F-4790-8B75-D62229EB43DA}.Release|iPhone.ActiveCfg = Release|Any CPU
		{0523DCDC-494F-4790-8B75-D62229EB43DA}.Release|iPhone.Build.0 = Release|Any CPU
		{0523DCDC-494F-4790-8B75-D62229EB43DA}.Release|iPhoneSimulator.ActiveCfg = Release|Any CPU
		{0523DCDC-494F-4790-8B75-D62229EB43DA}.Release|iPhoneSimulator.Build.0 = Release|Any CPU
		{0A62B71F-15FE-4229-B658-AB377F13F688}.Debug|Any CPU.ActiveCfg = Debug|Any CPU
		{0A62B71F-15FE-4229-B658-AB377F13F688}.Debug|Any CPU.Build.0 = Debug|Any CPU
		{0A62B71F-15FE-4229-B658-AB377F13F688}.Debug|iPhone.ActiveCfg = Debug|Any CPU
		{0A62B71F-15FE-4229-B658-AB377F13F688}.Debug|iPhone.Build.0 = Debug|Any CPU
		{0A62B71F-15FE-4229-B658-AB377F13F688}.Debug|iPhoneSimulator.ActiveCfg = Debug|Any CPU
		{0A62B71F-15FE-4229-B658-AB377F13F688}.Debug|iPhoneSimulator.Build.0 = Debug|Any CPU
		{0A62B71F-15FE-4229-B658-AB377F13F688}.DebugFake|Any CPU.ActiveCfg = Debug|Any CPU
		{0A62B71F-15FE-4229-B658-AB377F13F688}.DebugFake|Any CPU.Build.0 = Debug|Any CPU
		{0A62B71F-15FE-4229-B658-AB377F13F688}.DebugFake|iPhone.ActiveCfg = Debug|Any CPU
		{0A62B71F-15FE-4229-B658-AB377F13F688}.DebugFake|iPhone.Build.0 = Debug|Any CPU
		{0A62B71F-15FE-4229-B658-AB377F13F688}.DebugFake|iPhoneSimulator.ActiveCfg = Debug|Any CPU
		{0A62B71F-15FE-4229-B658-AB377F13F688}.DebugFake|iPhoneSimulator.Build.0 = Debug|Any CPU
		{0A62B71F-15FE-4229-B658-AB377F13F688}.Release|Any CPU.ActiveCfg = Release|Any CPU
		{0A62B71F-15FE-4229-B658-AB377F13F688}.Release|Any CPU.Build.0 = Release|Any CPU
		{0A62B71F-15FE-4229-B658-AB377F13F688}.Release|iPhone.ActiveCfg = Release|Any CPU
		{0A62B71F-15FE-4229-B658-AB377F13F688}.Release|iPhone.Build.0 = Release|Any CPU
		{0A62B71F-15FE-4229-B658-AB377F13F688}.Release|iPhoneSimulator.ActiveCfg = Release|Any CPU
		{0A62B71F-15FE-4229-B658-AB377F13F688}.Release|iPhoneSimulator.Build.0 = Release|Any CPU
		{B8E86FC3-83FC-46F5-A094-AB76384B31B2}.Debug|Any CPU.ActiveCfg = Debug|Any CPU
		{B8E86FC3-83FC-46F5-A094-AB76384B31B2}.Debug|Any CPU.Build.0 = Debug|Any CPU
		{B8E86FC3-83FC-46F5-A094-AB76384B31B2}.Debug|iPhone.ActiveCfg = Debug|Any CPU
		{B8E86FC3-83FC-46F5-A094-AB76384B31B2}.Debug|iPhone.Build.0 = Debug|Any CPU
		{B8E86FC3-83FC-46F5-A094-AB76384B31B2}.Debug|iPhoneSimulator.ActiveCfg = Debug|Any CPU
		{B8E86FC3-83FC-46F5-A094-AB76384B31B2}.Debug|iPhoneSimulator.Build.0 = Debug|Any CPU
		{B8E86FC3-83FC-46F5-A094-AB76384B31B2}.DebugFake|Any CPU.ActiveCfg = Debug|Any CPU
		{B8E86FC3-83FC-46F5-A094-AB76384B31B2}.DebugFake|Any CPU.Build.0 = Debug|Any CPU
		{B8E86FC3-83FC-46F5-A094-AB76384B31B2}.DebugFake|iPhone.ActiveCfg = Debug|Any CPU
		{B8E86FC3-83FC-46F5-A094-AB76384B31B2}.DebugFake|iPhone.Build.0 = Debug|Any CPU
		{B8E86FC3-83FC-46F5-A094-AB76384B31B2}.DebugFake|iPhoneSimulator.ActiveCfg = Debug|Any CPU
		{B8E86FC3-83FC-46F5-A094-AB76384B31B2}.DebugFake|iPhoneSimulator.Build.0 = Debug|Any CPU
		{B8E86FC3-83FC-46F5-A094-AB76384B31B2}.Release|Any CPU.ActiveCfg = Release|Any CPU
		{B8E86FC3-83FC-46F5-A094-AB76384B31B2}.Release|Any CPU.Build.0 = Release|Any CPU
		{B8E86FC3-83FC-46F5-A094-AB76384B31B2}.Release|iPhone.ActiveCfg = Release|Any CPU
		{B8E86FC3-83FC-46F5-A094-AB76384B31B2}.Release|iPhone.Build.0 = Release|Any CPU
		{B8E86FC3-83FC-46F5-A094-AB76384B31B2}.Release|iPhoneSimulator.ActiveCfg = Release|Any CPU
		{B8E86FC3-83FC-46F5-A094-AB76384B31B2}.Release|iPhoneSimulator.Build.0 = Release|Any CPU
		{4D3E2955-4376-4F0C-BD08-9CE2AE5099AA}.Debug|Any CPU.ActiveCfg = Debug|Any CPU
		{4D3E2955-4376-4F0C-BD08-9CE2AE5099AA}.Debug|Any CPU.Build.0 = Debug|Any CPU
		{4D3E2955-4376-4F0C-BD08-9CE2AE5099AA}.Debug|iPhone.ActiveCfg = Debug|Any CPU
		{4D3E2955-4376-4F0C-BD08-9CE2AE5099AA}.Debug|iPhone.Build.0 = Debug|Any CPU
		{4D3E2955-4376-4F0C-BD08-9CE2AE5099AA}.Debug|iPhoneSimulator.ActiveCfg = Debug|Any CPU
		{4D3E2955-4376-4F0C-BD08-9CE2AE5099AA}.Debug|iPhoneSimulator.Build.0 = Debug|Any CPU
		{4D3E2955-4376-4F0C-BD08-9CE2AE5099AA}.DebugFake|Any CPU.ActiveCfg = Debug|Any CPU
		{4D3E2955-4376-4F0C-BD08-9CE2AE5099AA}.DebugFake|Any CPU.Build.0 = Debug|Any CPU
		{4D3E2955-4376-4F0C-BD08-9CE2AE5099AA}.DebugFake|iPhone.ActiveCfg = Debug|Any CPU
		{4D3E2955-4376-4F0C-BD08-9CE2AE5099AA}.DebugFake|iPhone.Build.0 = Debug|Any CPU
		{4D3E2955-4376-4F0C-BD08-9CE2AE5099AA}.DebugFake|iPhoneSimulator.ActiveCfg = Debug|Any CPU
		{4D3E2955-4376-4F0C-BD08-9CE2AE5099AA}.DebugFake|iPhoneSimulator.Build.0 = Debug|Any CPU
		{4D3E2955-4376-4F0C-BD08-9CE2AE5099AA}.Release|Any CPU.ActiveCfg = Release|Any CPU
		{4D3E2955-4376-4F0C-BD08-9CE2AE5099AA}.Release|Any CPU.Build.0 = Release|Any CPU
		{4D3E2955-4376-4F0C-BD08-9CE2AE5099AA}.Release|iPhone.ActiveCfg = Release|Any CPU
		{4D3E2955-4376-4F0C-BD08-9CE2AE5099AA}.Release|iPhone.Build.0 = Release|Any CPU
		{4D3E2955-4376-4F0C-BD08-9CE2AE5099AA}.Release|iPhoneSimulator.ActiveCfg = Release|Any CPU
		{4D3E2955-4376-4F0C-BD08-9CE2AE5099AA}.Release|iPhoneSimulator.Build.0 = Release|Any CPU
		{800D90BF-A66A-4767-8204-AC7A557343AB}.Debug|Any CPU.ActiveCfg = Debug|Any CPU
		{800D90BF-A66A-4767-8204-AC7A557343AB}.Debug|Any CPU.Build.0 = Debug|Any CPU
		{800D90BF-A66A-4767-8204-AC7A557343AB}.Debug|iPhone.ActiveCfg = Debug|Any CPU
		{800D90BF-A66A-4767-8204-AC7A557343AB}.Debug|iPhone.Build.0 = Debug|Any CPU
		{800D90BF-A66A-4767-8204-AC7A557343AB}.Debug|iPhoneSimulator.ActiveCfg = Debug|Any CPU
		{800D90BF-A66A-4767-8204-AC7A557343AB}.Debug|iPhoneSimulator.Build.0 = Debug|Any CPU
		{800D90BF-A66A-4767-8204-AC7A557343AB}.DebugFake|Any CPU.ActiveCfg = Debug|Any CPU
		{800D90BF-A66A-4767-8204-AC7A557343AB}.DebugFake|Any CPU.Build.0 = Debug|Any CPU
		{800D90BF-A66A-4767-8204-AC7A557343AB}.DebugFake|iPhone.ActiveCfg = Debug|Any CPU
		{800D90BF-A66A-4767-8204-AC7A557343AB}.DebugFake|iPhone.Build.0 = Debug|Any CPU
		{800D90BF-A66A-4767-8204-AC7A557343AB}.DebugFake|iPhoneSimulator.ActiveCfg = Debug|Any CPU
		{800D90BF-A66A-4767-8204-AC7A557343AB}.DebugFake|iPhoneSimulator.Build.0 = Debug|Any CPU
		{800D90BF-A66A-4767-8204-AC7A557343AB}.Release|Any CPU.ActiveCfg = Release|Any CPU
		{800D90BF-A66A-4767-8204-AC7A557343AB}.Release|Any CPU.Build.0 = Release|Any CPU
		{800D90BF-A66A-4767-8204-AC7A557343AB}.Release|iPhone.ActiveCfg = Release|Any CPU
		{800D90BF-A66A-4767-8204-AC7A557343AB}.Release|iPhone.Build.0 = Release|Any CPU
		{800D90BF-A66A-4767-8204-AC7A557343AB}.Release|iPhoneSimulator.ActiveCfg = Release|Any CPU
		{800D90BF-A66A-4767-8204-AC7A557343AB}.Release|iPhoneSimulator.Build.0 = Release|Any CPU
		{B01FAA11-18B6-45E6-8F26-5E1920F3D2D9}.Debug|Any CPU.ActiveCfg = Debug|Any CPU
		{B01FAA11-18B6-45E6-8F26-5E1920F3D2D9}.Debug|Any CPU.Build.0 = Debug|Any CPU
		{B01FAA11-18B6-45E6-8F26-5E1920F3D2D9}.Debug|iPhone.ActiveCfg = Debug|Any CPU
		{B01FAA11-18B6-45E6-8F26-5E1920F3D2D9}.Debug|iPhone.Build.0 = Debug|Any CPU
		{B01FAA11-18B6-45E6-8F26-5E1920F3D2D9}.Debug|iPhoneSimulator.ActiveCfg = Debug|Any CPU
		{B01FAA11-18B6-45E6-8F26-5E1920F3D2D9}.Debug|iPhoneSimulator.Build.0 = Debug|Any CPU
		{B01FAA11-18B6-45E6-8F26-5E1920F3D2D9}.DebugFake|Any CPU.ActiveCfg = Debug|Any CPU
		{B01FAA11-18B6-45E6-8F26-5E1920F3D2D9}.DebugFake|Any CPU.Build.0 = Debug|Any CPU
		{B01FAA11-18B6-45E6-8F26-5E1920F3D2D9}.DebugFake|iPhone.ActiveCfg = Debug|Any CPU
		{B01FAA11-18B6-45E6-8F26-5E1920F3D2D9}.DebugFake|iPhone.Build.0 = Debug|Any CPU
		{B01FAA11-18B6-45E6-8F26-5E1920F3D2D9}.DebugFake|iPhoneSimulator.ActiveCfg = Debug|Any CPU
		{B01FAA11-18B6-45E6-8F26-5E1920F3D2D9}.DebugFake|iPhoneSimulator.Build.0 = Debug|Any CPU
		{B01FAA11-18B6-45E6-8F26-5E1920F3D2D9}.Release|Any CPU.ActiveCfg = Release|Any CPU
		{B01FAA11-18B6-45E6-8F26-5E1920F3D2D9}.Release|Any CPU.Build.0 = Release|Any CPU
		{B01FAA11-18B6-45E6-8F26-5E1920F3D2D9}.Release|iPhone.ActiveCfg = Release|Any CPU
		{B01FAA11-18B6-45E6-8F26-5E1920F3D2D9}.Release|iPhone.Build.0 = Release|Any CPU
		{B01FAA11-18B6-45E6-8F26-5E1920F3D2D9}.Release|iPhoneSimulator.ActiveCfg = Release|Any CPU
		{B01FAA11-18B6-45E6-8F26-5E1920F3D2D9}.Release|iPhoneSimulator.Build.0 = Release|Any CPU
		{3AA14554-EEBC-413B-86A2-E544DE4AB6A9}.Debug|Any CPU.ActiveCfg = Debug|Any CPU
		{3AA14554-EEBC-413B-86A2-E544DE4AB6A9}.Debug|Any CPU.Build.0 = Debug|Any CPU
		{3AA14554-EEBC-413B-86A2-E544DE4AB6A9}.Debug|iPhone.ActiveCfg = Debug|Any CPU
		{3AA14554-EEBC-413B-86A2-E544DE4AB6A9}.Debug|iPhone.Build.0 = Debug|Any CPU
		{3AA14554-EEBC-413B-86A2-E544DE4AB6A9}.Debug|iPhoneSimulator.ActiveCfg = Debug|Any CPU
		{3AA14554-EEBC-413B-86A2-E544DE4AB6A9}.Debug|iPhoneSimulator.Build.0 = Debug|Any CPU
		{3AA14554-EEBC-413B-86A2-E544DE4AB6A9}.DebugFake|Any CPU.ActiveCfg = Debug|Any CPU
		{3AA14554-EEBC-413B-86A2-E544DE4AB6A9}.DebugFake|Any CPU.Build.0 = Debug|Any CPU
		{3AA14554-EEBC-413B-86A2-E544DE4AB6A9}.DebugFake|iPhone.ActiveCfg = Debug|Any CPU
		{3AA14554-EEBC-413B-86A2-E544DE4AB6A9}.DebugFake|iPhone.Build.0 = Debug|Any CPU
		{3AA14554-EEBC-413B-86A2-E544DE4AB6A9}.DebugFake|iPhoneSimulator.ActiveCfg = Debug|Any CPU
		{3AA14554-EEBC-413B-86A2-E544DE4AB6A9}.DebugFake|iPhoneSimulator.Build.0 = Debug|Any CPU
		{3AA14554-EEBC-413B-86A2-E544DE4AB6A9}.Release|Any CPU.ActiveCfg = Release|Any CPU
		{3AA14554-EEBC-413B-86A2-E544DE4AB6A9}.Release|Any CPU.Build.0 = Release|Any CPU
		{3AA14554-EEBC-413B-86A2-E544DE4AB6A9}.Release|iPhone.ActiveCfg = Release|Any CPU
		{3AA14554-EEBC-413B-86A2-E544DE4AB6A9}.Release|iPhone.Build.0 = Release|Any CPU
		{3AA14554-EEBC-413B-86A2-E544DE4AB6A9}.Release|iPhoneSimulator.ActiveCfg = Release|Any CPU
		{3AA14554-EEBC-413B-86A2-E544DE4AB6A9}.Release|iPhoneSimulator.Build.0 = Release|Any CPU
		{80118D97-0A2E-455D-AC0D-ACD80C3A64C2}.Debug|Any CPU.ActiveCfg = Debug|Any CPU
		{80118D97-0A2E-455D-AC0D-ACD80C3A64C2}.Debug|Any CPU.Build.0 = Debug|Any CPU
		{80118D97-0A2E-455D-AC0D-ACD80C3A64C2}.Debug|iPhone.ActiveCfg = Debug|Any CPU
		{80118D97-0A2E-455D-AC0D-ACD80C3A64C2}.Debug|iPhone.Build.0 = Debug|Any CPU
		{80118D97-0A2E-455D-AC0D-ACD80C3A64C2}.Debug|iPhoneSimulator.ActiveCfg = Debug|Any CPU
		{80118D97-0A2E-455D-AC0D-ACD80C3A64C2}.Debug|iPhoneSimulator.Build.0 = Debug|Any CPU
		{80118D97-0A2E-455D-AC0D-ACD80C3A64C2}.DebugFake|Any CPU.ActiveCfg = Debug|Any CPU
		{80118D97-0A2E-455D-AC0D-ACD80C3A64C2}.DebugFake|Any CPU.Build.0 = Debug|Any CPU
		{80118D97-0A2E-455D-AC0D-ACD80C3A64C2}.DebugFake|iPhone.ActiveCfg = Debug|Any CPU
		{80118D97-0A2E-455D-AC0D-ACD80C3A64C2}.DebugFake|iPhone.Build.0 = Debug|Any CPU
		{80118D97-0A2E-455D-AC0D-ACD80C3A64C2}.DebugFake|iPhoneSimulator.ActiveCfg = Debug|Any CPU
		{80118D97-0A2E-455D-AC0D-ACD80C3A64C2}.DebugFake|iPhoneSimulator.Build.0 = Debug|Any CPU
		{80118D97-0A2E-455D-AC0D-ACD80C3A64C2}.Release|Any CPU.ActiveCfg = Release|Any CPU
		{80118D97-0A2E-455D-AC0D-ACD80C3A64C2}.Release|Any CPU.Build.0 = Release|Any CPU
		{80118D97-0A2E-455D-AC0D-ACD80C3A64C2}.Release|iPhone.ActiveCfg = Release|Any CPU
		{80118D97-0A2E-455D-AC0D-ACD80C3A64C2}.Release|iPhone.Build.0 = Release|Any CPU
		{80118D97-0A2E-455D-AC0D-ACD80C3A64C2}.Release|iPhoneSimulator.ActiveCfg = Release|Any CPU
		{80118D97-0A2E-455D-AC0D-ACD80C3A64C2}.Release|iPhoneSimulator.Build.0 = Release|Any CPU
		{D5CE8630-2AF4-445C-A10B-633166C720EF}.Debug|Any CPU.ActiveCfg = Debug|Any CPU
		{D5CE8630-2AF4-445C-A10B-633166C720EF}.Debug|Any CPU.Build.0 = Debug|Any CPU
		{D5CE8630-2AF4-445C-A10B-633166C720EF}.Debug|iPhone.ActiveCfg = Debug|Any CPU
		{D5CE8630-2AF4-445C-A10B-633166C720EF}.Debug|iPhone.Build.0 = Debug|Any CPU
		{D5CE8630-2AF4-445C-A10B-633166C720EF}.Debug|iPhoneSimulator.ActiveCfg = Debug|Any CPU
		{D5CE8630-2AF4-445C-A10B-633166C720EF}.Debug|iPhoneSimulator.Build.0 = Debug|Any CPU
		{D5CE8630-2AF4-445C-A10B-633166C720EF}.DebugFake|Any CPU.ActiveCfg = Debug|Any CPU
		{D5CE8630-2AF4-445C-A10B-633166C720EF}.DebugFake|Any CPU.Build.0 = Debug|Any CPU
		{D5CE8630-2AF4-445C-A10B-633166C720EF}.DebugFake|iPhone.ActiveCfg = Debug|Any CPU
		{D5CE8630-2AF4-445C-A10B-633166C720EF}.DebugFake|iPhone.Build.0 = Debug|Any CPU
		{D5CE8630-2AF4-445C-A10B-633166C720EF}.DebugFake|iPhoneSimulator.ActiveCfg = Debug|Any CPU
		{D5CE8630-2AF4-445C-A10B-633166C720EF}.DebugFake|iPhoneSimulator.Build.0 = Debug|Any CPU
		{D5CE8630-2AF4-445C-A10B-633166C720EF}.Release|Any CPU.ActiveCfg = Release|Any CPU
		{D5CE8630-2AF4-445C-A10B-633166C720EF}.Release|Any CPU.Build.0 = Release|Any CPU
		{D5CE8630-2AF4-445C-A10B-633166C720EF}.Release|iPhone.ActiveCfg = Release|Any CPU
		{D5CE8630-2AF4-445C-A10B-633166C720EF}.Release|iPhone.Build.0 = Release|Any CPU
		{D5CE8630-2AF4-445C-A10B-633166C720EF}.Release|iPhoneSimulator.ActiveCfg = Release|Any CPU
		{D5CE8630-2AF4-445C-A10B-633166C720EF}.Release|iPhoneSimulator.Build.0 = Release|Any CPU
		{2AF0B8B2-0C5D-48A6-A9A6-E2BA95E2D441}.Debug|Any CPU.ActiveCfg = Debug|Any CPU
		{2AF0B8B2-0C5D-48A6-A9A6-E2BA95E2D441}.Debug|Any CPU.Build.0 = Debug|Any CPU
		{2AF0B8B2-0C5D-48A6-A9A6-E2BA95E2D441}.Debug|iPhone.ActiveCfg = Debug|Any CPU
		{2AF0B8B2-0C5D-48A6-A9A6-E2BA95E2D441}.Debug|iPhone.Build.0 = Debug|Any CPU
		{2AF0B8B2-0C5D-48A6-A9A6-E2BA95E2D441}.Debug|iPhoneSimulator.ActiveCfg = Debug|Any CPU
		{2AF0B8B2-0C5D-48A6-A9A6-E2BA95E2D441}.Debug|iPhoneSimulator.Build.0 = Debug|Any CPU
		{2AF0B8B2-0C5D-48A6-A9A6-E2BA95E2D441}.DebugFake|Any CPU.ActiveCfg = Debug|Any CPU
		{2AF0B8B2-0C5D-48A6-A9A6-E2BA95E2D441}.DebugFake|Any CPU.Build.0 = Debug|Any CPU
		{2AF0B8B2-0C5D-48A6-A9A6-E2BA95E2D441}.DebugFake|iPhone.ActiveCfg = Debug|Any CPU
		{2AF0B8B2-0C5D-48A6-A9A6-E2BA95E2D441}.DebugFake|iPhone.Build.0 = Debug|Any CPU
		{2AF0B8B2-0C5D-48A6-A9A6-E2BA95E2D441}.DebugFake|iPhoneSimulator.ActiveCfg = Debug|Any CPU
		{2AF0B8B2-0C5D-48A6-A9A6-E2BA95E2D441}.DebugFake|iPhoneSimulator.Build.0 = Debug|Any CPU
		{2AF0B8B2-0C5D-48A6-A9A6-E2BA95E2D441}.Release|Any CPU.ActiveCfg = Release|Any CPU
		{2AF0B8B2-0C5D-48A6-A9A6-E2BA95E2D441}.Release|Any CPU.Build.0 = Release|Any CPU
		{2AF0B8B2-0C5D-48A6-A9A6-E2BA95E2D441}.Release|iPhone.ActiveCfg = Release|Any CPU
		{2AF0B8B2-0C5D-48A6-A9A6-E2BA95E2D441}.Release|iPhone.Build.0 = Release|Any CPU
		{2AF0B8B2-0C5D-48A6-A9A6-E2BA95E2D441}.Release|iPhoneSimulator.ActiveCfg = Release|Any CPU
		{2AF0B8B2-0C5D-48A6-A9A6-E2BA95E2D441}.Release|iPhoneSimulator.Build.0 = Release|Any CPU
		{C3AF37D2-56C4-49B7-85B7-72D84A56A04D}.Debug|Any CPU.ActiveCfg = Debug|Any CPU
		{C3AF37D2-56C4-49B7-85B7-72D84A56A04D}.Debug|Any CPU.Build.0 = Debug|Any CPU
		{C3AF37D2-56C4-49B7-85B7-72D84A56A04D}.Debug|iPhone.ActiveCfg = Debug|Any CPU
		{C3AF37D2-56C4-49B7-85B7-72D84A56A04D}.Debug|iPhone.Build.0 = Debug|Any CPU
		{C3AF37D2-56C4-49B7-85B7-72D84A56A04D}.Debug|iPhoneSimulator.ActiveCfg = Debug|Any CPU
		{C3AF37D2-56C4-49B7-85B7-72D84A56A04D}.Debug|iPhoneSimulator.Build.0 = Debug|Any CPU
		{C3AF37D2-56C4-49B7-85B7-72D84A56A04D}.DebugFake|Any CPU.ActiveCfg = Debug|Any CPU
		{C3AF37D2-56C4-49B7-85B7-72D84A56A04D}.DebugFake|Any CPU.Build.0 = Debug|Any CPU
		{C3AF37D2-56C4-49B7-85B7-72D84A56A04D}.DebugFake|iPhone.ActiveCfg = Debug|Any CPU
		{C3AF37D2-56C4-49B7-85B7-72D84A56A04D}.DebugFake|iPhone.Build.0 = Debug|Any CPU
		{C3AF37D2-56C4-49B7-85B7-72D84A56A04D}.DebugFake|iPhoneSimulator.ActiveCfg = Debug|Any CPU
		{C3AF37D2-56C4-49B7-85B7-72D84A56A04D}.DebugFake|iPhoneSimulator.Build.0 = Debug|Any CPU
		{C3AF37D2-56C4-49B7-85B7-72D84A56A04D}.Release|Any CPU.ActiveCfg = Release|Any CPU
		{C3AF37D2-56C4-49B7-85B7-72D84A56A04D}.Release|Any CPU.Build.0 = Release|Any CPU
		{C3AF37D2-56C4-49B7-85B7-72D84A56A04D}.Release|iPhone.ActiveCfg = Release|Any CPU
		{C3AF37D2-56C4-49B7-85B7-72D84A56A04D}.Release|iPhone.Build.0 = Release|Any CPU
		{C3AF37D2-56C4-49B7-85B7-72D84A56A04D}.Release|iPhoneSimulator.ActiveCfg = Release|Any CPU
		{C3AF37D2-56C4-49B7-85B7-72D84A56A04D}.Release|iPhoneSimulator.Build.0 = Release|Any CPU
		{9A33D801-80EF-4CAF-AC4F-73C83C913E23}.Debug|Any CPU.ActiveCfg = Debug|Any CPU
		{9A33D801-80EF-4CAF-AC4F-73C83C913E23}.Debug|Any CPU.Build.0 = Debug|Any CPU
		{9A33D801-80EF-4CAF-AC4F-73C83C913E23}.Debug|iPhone.ActiveCfg = Debug|Any CPU
		{9A33D801-80EF-4CAF-AC4F-73C83C913E23}.Debug|iPhone.Build.0 = Debug|Any CPU
		{9A33D801-80EF-4CAF-AC4F-73C83C913E23}.Debug|iPhoneSimulator.ActiveCfg = Debug|Any CPU
		{9A33D801-80EF-4CAF-AC4F-73C83C913E23}.Debug|iPhoneSimulator.Build.0 = Debug|Any CPU
		{9A33D801-80EF-4CAF-AC4F-73C83C913E23}.DebugFake|Any CPU.ActiveCfg = Debug|Any CPU
		{9A33D801-80EF-4CAF-AC4F-73C83C913E23}.DebugFake|Any CPU.Build.0 = Debug|Any CPU
		{9A33D801-80EF-4CAF-AC4F-73C83C913E23}.DebugFake|iPhone.ActiveCfg = Debug|Any CPU
		{9A33D801-80EF-4CAF-AC4F-73C83C913E23}.DebugFake|iPhone.Build.0 = Debug|Any CPU
		{9A33D801-80EF-4CAF-AC4F-73C83C913E23}.DebugFake|iPhoneSimulator.ActiveCfg = Debug|Any CPU
		{9A33D801-80EF-4CAF-AC4F-73C83C913E23}.DebugFake|iPhoneSimulator.Build.0 = Debug|Any CPU
		{9A33D801-80EF-4CAF-AC4F-73C83C913E23}.Release|Any CPU.ActiveCfg = Release|Any CPU
		{9A33D801-80EF-4CAF-AC4F-73C83C913E23}.Release|Any CPU.Build.0 = Release|Any CPU
		{9A33D801-80EF-4CAF-AC4F-73C83C913E23}.Release|iPhone.ActiveCfg = Release|Any CPU
		{9A33D801-80EF-4CAF-AC4F-73C83C913E23}.Release|iPhone.Build.0 = Release|Any CPU
		{9A33D801-80EF-4CAF-AC4F-73C83C913E23}.Release|iPhoneSimulator.ActiveCfg = Release|Any CPU
		{9A33D801-80EF-4CAF-AC4F-73C83C913E23}.Release|iPhoneSimulator.Build.0 = Release|Any CPU
		{9B94F397-C1EA-4A89-A8FB-2ECE69CC329C}.Debug|Any CPU.ActiveCfg = Debug|Any CPU
		{9B94F397-C1EA-4A89-A8FB-2ECE69CC329C}.Debug|Any CPU.Build.0 = Debug|Any CPU
		{9B94F397-C1EA-4A89-A8FB-2ECE69CC329C}.Debug|iPhone.ActiveCfg = Debug|Any CPU
		{9B94F397-C1EA-4A89-A8FB-2ECE69CC329C}.Debug|iPhone.Build.0 = Debug|Any CPU
		{9B94F397-C1EA-4A89-A8FB-2ECE69CC329C}.Debug|iPhoneSimulator.ActiveCfg = Debug|Any CPU
		{9B94F397-C1EA-4A89-A8FB-2ECE69CC329C}.Debug|iPhoneSimulator.Build.0 = Debug|Any CPU
		{9B94F397-C1EA-4A89-A8FB-2ECE69CC329C}.DebugFake|Any CPU.ActiveCfg = Debug|Any CPU
		{9B94F397-C1EA-4A89-A8FB-2ECE69CC329C}.DebugFake|Any CPU.Build.0 = Debug|Any CPU
		{9B94F397-C1EA-4A89-A8FB-2ECE69CC329C}.DebugFake|iPhone.ActiveCfg = Debug|Any CPU
		{9B94F397-C1EA-4A89-A8FB-2ECE69CC329C}.DebugFake|iPhone.Build.0 = Debug|Any CPU
		{9B94F397-C1EA-4A89-A8FB-2ECE69CC329C}.DebugFake|iPhoneSimulator.ActiveCfg = Debug|Any CPU
		{9B94F397-C1EA-4A89-A8FB-2ECE69CC329C}.DebugFake|iPhoneSimulator.Build.0 = Debug|Any CPU
		{9B94F397-C1EA-4A89-A8FB-2ECE69CC329C}.Release|Any CPU.ActiveCfg = Release|Any CPU
		{9B94F397-C1EA-4A89-A8FB-2ECE69CC329C}.Release|Any CPU.Build.0 = Release|Any CPU
		{9B94F397-C1EA-4A89-A8FB-2ECE69CC329C}.Release|iPhone.ActiveCfg = Release|Any CPU
		{9B94F397-C1EA-4A89-A8FB-2ECE69CC329C}.Release|iPhone.Build.0 = Release|Any CPU
		{9B94F397-C1EA-4A89-A8FB-2ECE69CC329C}.Release|iPhoneSimulator.ActiveCfg = Release|Any CPU
		{9B94F397-C1EA-4A89-A8FB-2ECE69CC329C}.Release|iPhoneSimulator.Build.0 = Release|Any CPU
		{C6925971-A22C-4D0B-9D8E-FCCD535671CC}.Debug|Any CPU.ActiveCfg = Debug|Any CPU
		{C6925971-A22C-4D0B-9D8E-FCCD535671CC}.Debug|Any CPU.Build.0 = Debug|Any CPU
		{C6925971-A22C-4D0B-9D8E-FCCD535671CC}.Debug|iPhone.ActiveCfg = Debug|Any CPU
		{C6925971-A22C-4D0B-9D8E-FCCD535671CC}.Debug|iPhone.Build.0 = Debug|Any CPU
		{C6925971-A22C-4D0B-9D8E-FCCD535671CC}.Debug|iPhoneSimulator.ActiveCfg = Debug|Any CPU
		{C6925971-A22C-4D0B-9D8E-FCCD535671CC}.Debug|iPhoneSimulator.Build.0 = Debug|Any CPU
		{C6925971-A22C-4D0B-9D8E-FCCD535671CC}.DebugFake|Any CPU.ActiveCfg = Debug|Any CPU
		{C6925971-A22C-4D0B-9D8E-FCCD535671CC}.DebugFake|Any CPU.Build.0 = Debug|Any CPU
		{C6925971-A22C-4D0B-9D8E-FCCD535671CC}.DebugFake|iPhone.ActiveCfg = Debug|Any CPU
		{C6925971-A22C-4D0B-9D8E-FCCD535671CC}.DebugFake|iPhone.Build.0 = Debug|Any CPU
		{C6925971-A22C-4D0B-9D8E-FCCD535671CC}.DebugFake|iPhoneSimulator.ActiveCfg = Debug|Any CPU
		{C6925971-A22C-4D0B-9D8E-FCCD535671CC}.DebugFake|iPhoneSimulator.Build.0 = Debug|Any CPU
		{C6925971-A22C-4D0B-9D8E-FCCD535671CC}.Release|Any CPU.ActiveCfg = Release|Any CPU
		{C6925971-A22C-4D0B-9D8E-FCCD535671CC}.Release|Any CPU.Build.0 = Release|Any CPU
		{C6925971-A22C-4D0B-9D8E-FCCD535671CC}.Release|iPhone.ActiveCfg = Release|Any CPU
		{C6925971-A22C-4D0B-9D8E-FCCD535671CC}.Release|iPhone.Build.0 = Release|Any CPU
		{C6925971-A22C-4D0B-9D8E-FCCD535671CC}.Release|iPhoneSimulator.ActiveCfg = Release|Any CPU
		{C6925971-A22C-4D0B-9D8E-FCCD535671CC}.Release|iPhoneSimulator.Build.0 = Release|Any CPU
		{3DD07C2A-1FE4-496C-A96E-A25BFDC9D96D}.Debug|Any CPU.ActiveCfg = Debug|Any CPU
		{3DD07C2A-1FE4-496C-A96E-A25BFDC9D96D}.Debug|Any CPU.Build.0 = Debug|Any CPU
		{3DD07C2A-1FE4-496C-A96E-A25BFDC9D96D}.Debug|iPhone.ActiveCfg = Debug|Any CPU
		{3DD07C2A-1FE4-496C-A96E-A25BFDC9D96D}.Debug|iPhone.Build.0 = Debug|Any CPU
		{3DD07C2A-1FE4-496C-A96E-A25BFDC9D96D}.Debug|iPhoneSimulator.ActiveCfg = Debug|Any CPU
		{3DD07C2A-1FE4-496C-A96E-A25BFDC9D96D}.Debug|iPhoneSimulator.Build.0 = Debug|Any CPU
		{3DD07C2A-1FE4-496C-A96E-A25BFDC9D96D}.DebugFake|Any CPU.ActiveCfg = Debug|Any CPU
		{3DD07C2A-1FE4-496C-A96E-A25BFDC9D96D}.DebugFake|Any CPU.Build.0 = Debug|Any CPU
		{3DD07C2A-1FE4-496C-A96E-A25BFDC9D96D}.DebugFake|iPhone.ActiveCfg = Debug|Any CPU
		{3DD07C2A-1FE4-496C-A96E-A25BFDC9D96D}.DebugFake|iPhone.Build.0 = Debug|Any CPU
		{3DD07C2A-1FE4-496C-A96E-A25BFDC9D96D}.DebugFake|iPhoneSimulator.ActiveCfg = Debug|Any CPU
		{3DD07C2A-1FE4-496C-A96E-A25BFDC9D96D}.DebugFake|iPhoneSimulator.Build.0 = Debug|Any CPU
		{3DD07C2A-1FE4-496C-A96E-A25BFDC9D96D}.Release|Any CPU.ActiveCfg = Release|Any CPU
		{3DD07C2A-1FE4-496C-A96E-A25BFDC9D96D}.Release|Any CPU.Build.0 = Release|Any CPU
		{3DD07C2A-1FE4-496C-A96E-A25BFDC9D96D}.Release|iPhone.ActiveCfg = Release|Any CPU
		{3DD07C2A-1FE4-496C-A96E-A25BFDC9D96D}.Release|iPhone.Build.0 = Release|Any CPU
		{3DD07C2A-1FE4-496C-A96E-A25BFDC9D96D}.Release|iPhoneSimulator.ActiveCfg = Release|Any CPU
		{3DD07C2A-1FE4-496C-A96E-A25BFDC9D96D}.Release|iPhoneSimulator.Build.0 = Release|Any CPU
		{98740878-7DF3-4119-B7BB-B28514959F84}.Debug|Any CPU.ActiveCfg = Debug|Any CPU
		{98740878-7DF3-4119-B7BB-B28514959F84}.Debug|Any CPU.Build.0 = Debug|Any CPU
		{98740878-7DF3-4119-B7BB-B28514959F84}.Debug|iPhone.ActiveCfg = Debug|Any CPU
		{98740878-7DF3-4119-B7BB-B28514959F84}.Debug|iPhone.Build.0 = Debug|Any CPU
		{98740878-7DF3-4119-B7BB-B28514959F84}.Debug|iPhoneSimulator.ActiveCfg = Debug|Any CPU
		{98740878-7DF3-4119-B7BB-B28514959F84}.Debug|iPhoneSimulator.Build.0 = Debug|Any CPU
		{98740878-7DF3-4119-B7BB-B28514959F84}.DebugFake|Any CPU.ActiveCfg = Debug|Any CPU
		{98740878-7DF3-4119-B7BB-B28514959F84}.DebugFake|Any CPU.Build.0 = Debug|Any CPU
		{98740878-7DF3-4119-B7BB-B28514959F84}.DebugFake|iPhone.ActiveCfg = Debug|Any CPU
		{98740878-7DF3-4119-B7BB-B28514959F84}.DebugFake|iPhone.Build.0 = Debug|Any CPU
		{98740878-7DF3-4119-B7BB-B28514959F84}.DebugFake|iPhoneSimulator.ActiveCfg = Debug|Any CPU
		{98740878-7DF3-4119-B7BB-B28514959F84}.DebugFake|iPhoneSimulator.Build.0 = Debug|Any CPU
		{98740878-7DF3-4119-B7BB-B28514959F84}.Release|Any CPU.ActiveCfg = Release|Any CPU
		{98740878-7DF3-4119-B7BB-B28514959F84}.Release|Any CPU.Build.0 = Release|Any CPU
		{98740878-7DF3-4119-B7BB-B28514959F84}.Release|iPhone.ActiveCfg = Release|Any CPU
		{98740878-7DF3-4119-B7BB-B28514959F84}.Release|iPhone.Build.0 = Release|Any CPU
		{98740878-7DF3-4119-B7BB-B28514959F84}.Release|iPhoneSimulator.ActiveCfg = Release|Any CPU
		{98740878-7DF3-4119-B7BB-B28514959F84}.Release|iPhoneSimulator.Build.0 = Release|Any CPU
	EndGlobalSection
	GlobalSection(SolutionProperties) = preSolution
		HideSolutionNode = FALSE
	EndGlobalSection
	GlobalSection(NestedProjects) = preSolution
		{C074271B-9646-4F5D-8BD7-ABD3C96D181E} = {53EBF2C2-4FC9-4D4C-B9BE-9E9A3D1E9935}
		{34057296-83A8-4275-8402-55D5BAE1C029} = {53EBF2C2-4FC9-4D4C-B9BE-9E9A3D1E9935}
		{DC1A765B-F5A9-423E-B4CA-B0E950EFEBDC} = {C074271B-9646-4F5D-8BD7-ABD3C96D181E}
		{FBFDBC05-67E4-43D2-8170-E23CC894A307} = {C074271B-9646-4F5D-8BD7-ABD3C96D181E}
		{BC5040C9-13B2-4ADB-93A2-2A122DC6EE3D} = {34057296-83A8-4275-8402-55D5BAE1C029}
		{511BAFB4-A52E-4E23-B09B-C6A357C3E88D} = {34057296-83A8-4275-8402-55D5BAE1C029}
		{4F77002B-DFA3-4340-8AF6-3940595D41C1} = {34057296-83A8-4275-8402-55D5BAE1C029}
		{B4506610-281E-4E0C-8BED-894AEF6384E4} = {4E90CCCD-679C-4243-BFA0-898D5E58B878}
		{760E2F4B-0DD0-4C37-A513-877B0D64D18A} = {BB484F2A-01DB-49FF-80F0-6E22101366CD}
		{C162EA35-A7FF-409C-8035-5422A9D8F47D} = {8845185B-BA10-4E40-816D-E858E1BDEA24}
		{498D553B-803E-464E-B8E5-529505F4C99D} = {4E90CCCD-679C-4243-BFA0-898D5E58B878}
		{0523DCDC-494F-4790-8B75-D62229EB43DA} = {BB484F2A-01DB-49FF-80F0-6E22101366CD}
		{0A62B71F-15FE-4229-B658-AB377F13F688} = {8845185B-BA10-4E40-816D-E858E1BDEA24}
		{B8E86FC3-83FC-46F5-A094-AB76384B31B2} = {17C3FD5F-01DD-47D9-A3F4-E03CD56D7D68}
		{4D3E2955-4376-4F0C-BD08-9CE2AE5099AA} = {34057296-83A8-4275-8402-55D5BAE1C029}
		{4E90CCCD-679C-4243-BFA0-898D5E58B878} = {0CE08469-56CF-40E1-8B96-41DECF4EFD2B}
		{BB484F2A-01DB-49FF-80F0-6E22101366CD} = {0CE08469-56CF-40E1-8B96-41DECF4EFD2B}
		{8845185B-BA10-4E40-816D-E858E1BDEA24} = {0CE08469-56CF-40E1-8B96-41DECF4EFD2B}
		{6E4C22DA-AC85-4087-B121-E7EC5DCAC657} = {0CE08469-56CF-40E1-8B96-41DECF4EFD2B}
		{883007D5-7BAD-4168-B035-2A69B356EC1D} = {6E4C22DA-AC85-4087-B121-E7EC5DCAC657}
		{800D90BF-A66A-4767-8204-AC7A557343AB} = {883007D5-7BAD-4168-B035-2A69B356EC1D}
		{B01FAA11-18B6-45E6-8F26-5E1920F3D2D9} = {883007D5-7BAD-4168-B035-2A69B356EC1D}
		{3AA14554-EEBC-413B-86A2-E544DE4AB6A9} = {96C724E0-B300-4AFE-B6C5-2614A52E1A78}
		{80118D97-0A2E-455D-AC0D-ACD80C3A64C2} = {17C3FD5F-01DD-47D9-A3F4-E03CD56D7D68}
		{D5CE8630-2AF4-445C-A10B-633166C720EF} = {96C724E0-B300-4AFE-B6C5-2614A52E1A78}
		{2AF0B8B2-0C5D-48A6-A9A6-E2BA95E2D441} = {D100225D-6540-40B8-9FD7-C2BB4CF997DB}
		{C3AF37D2-56C4-49B7-85B7-72D84A56A04D} = {D100225D-6540-40B8-9FD7-C2BB4CF997DB}
		{9A33D801-80EF-4CAF-AC4F-73C83C913E23} = {BABB6299-526F-4868-91C7-7A56BF6A0033}
		{407C85B0-32DA-4E01-9064-2FB71ABBC8BA} = {17C3FD5F-01DD-47D9-A3F4-E03CD56D7D68}
		{96C724E0-B300-4AFE-B6C5-2614A52E1A78} = {407C85B0-32DA-4E01-9064-2FB71ABBC8BA}
		{BABB6299-526F-4868-91C7-7A56BF6A0033} = {17C3FD5F-01DD-47D9-A3F4-E03CD56D7D68}
		{9B94F397-C1EA-4A89-A8FB-2ECE69CC329C} = {17C3FD5F-01DD-47D9-A3F4-E03CD56D7D68}
		{C6925971-A22C-4D0B-9D8E-FCCD535671CC} = {BABB6299-526F-4868-91C7-7A56BF6A0033}
		{D100225D-6540-40B8-9FD7-C2BB4CF997DB} = {17C3FD5F-01DD-47D9-A3F4-E03CD56D7D68}
		{F22676DC-F744-473D-8601-0AC1FDE253CA} = {17C3FD5F-01DD-47D9-A3F4-E03CD56D7D68}
		{3DD07C2A-1FE4-496C-A96E-A25BFDC9D96D} = {F22676DC-F744-473D-8601-0AC1FDE253CA}
		{98740878-7DF3-4119-B7BB-B28514959F84} = {F22676DC-F744-473D-8601-0AC1FDE253CA}
	EndGlobalSection
	GlobalSection(ExtensibilityGlobals) = postSolution
		SolutionGuid = {57493643-C796-4615-BDEF-4719C970E838}
	EndGlobalSection
EndGlobal
