
Microsoft Visual Studio Solution File, Format Version 12.00
# Visual Studio Version 16
VisualStudioVersion = 16.0.29025.244
MinimumVisualStudioVersion = 10.0.40219.1
Project("{FAE04EC0-301F-11D3-BF4B-00C04F79EFBC}") = "SwiftCaps.Android", "src\Host\SwiftCaps.Android\SwiftCaps.Android.csproj", "{11257315-E609-4D03-B3ED-D1EE909E9EB1}"
EndProject
Project("{2150E333-8FDC-42A3-9474-1A3956D46DE8}") = "Hosts", "Hosts", "{8723A39E-9B2E-49B9-A3AB-A52CD441BE36}"
EndProject
Project("{2150E333-8FDC-42A3-9474-1A3956D46DE8}") = "Test", "Test", "{17C3FD5F-01DD-47D9-A3F4-E03CD56D7D68}"
EndProject
Project("{2150E333-8FDC-42A3-9474-1A3956D46DE8}") = "Lib", "Lib", "{53EBF2C2-4FC9-4D4C-B9BE-9E9A3D1E9935}"
EndProject
Project("{2150E333-8FDC-42A3-9474-1A3956D46DE8}") = "Xamariners", "Xamariners", "{C074271B-9646-4F5D-8BD7-ABD3C96D181E}"
EndProject
Project("{2150E333-8FDC-42A3-9474-1A3956D46DE8}") = "Services", "Services", "{2D64771E-E4DD-495C-BAD0-E1B24F79DBC7}"
EndProject
Project("{2150E333-8FDC-42A3-9474-1A3956D46DE8}") = "Shared", "Shared", "{32004E45-3235-4167-8107-31FD7855214C}"
EndProject
Project("{9A19103F-16F7-4668-BE54-9A1E7A4F7556}") = "SwiftCaps.Mobile.Shared", "src\Lib\SwiftCaps.Mobile.Shared\SwiftCaps.Mobile.Shared.csproj", "{51BE028E-B579-43B1-A87C-4464D7FEA15A}"
EndProject
Project("{9A19103F-16F7-4668-BE54-9A1E7A4F7556}") = "SwiftCaps", "src\Host\SwiftCaps\SwiftCaps.csproj", "{E258A892-B7B7-42A7-B077-AB2D380B04C0}"
EndProject
Project("{FAE04EC0-301F-11D3-BF4B-00C04F79EFBC}") = "SwiftCaps.iOS", "src\Host\SwiftCAPS.iOS\SwiftCaps.iOS.csproj", "{E7F9A087-1E5D-4737-9856-87A4A3ED7F71}"
EndProject
Project("{9A19103F-16F7-4668-BE54-9A1E7A4F7556}") = "SwiftCaps.Services.Quiz", "..\..\..\Api\Service\src\SwiftCaps.Services.Quiz\SwiftCaps.Services.Quiz.csproj", "{CC3B1B93-876A-41C2-9CAA-3C846408207C}"
EndProject
Project("{9A19103F-16F7-4668-BE54-9A1E7A4F7556}") = "SwiftCaps.Services.Reporting", "..\..\..\Api\Service\src\SwiftCaps.Services.Reporting\SwiftCaps.Services.Reporting.csproj", "{E6801CBA-CA34-47F3-BC32-1BF9EA206F55}"
EndProject
Project("{9A19103F-16F7-4668-BE54-9A1E7A4F7556}") = "SwiftCaps.Services.User", "..\..\..\Api\Service\src\SwiftCaps.Services.Users\SwiftCaps.Services.User.csproj", "{04A37C2C-FBCB-4683-AF12-170088E26565}"
EndProject
Project("{9A19103F-16F7-4668-BE54-9A1E7A4F7556}") = "SwiftCaps.Client.Bootstrap", "src\Lib\SwiftCaps.Bootstrap\SwiftCaps.Client.Bootstrap.csproj", "{01198CB8-CE99-451C-BB2B-1C19E7206BAF}"
EndProject
Project("{9A19103F-16F7-4668-BE54-9A1E7A4F7556}") = "SwiftCaps.Client.Core", "src\Lib\SwiftCaps.Client.Core\SwiftCaps.Client.Core.csproj", "{28E8DF77-CA17-46AC-8A36-31B1C0C2F034}"
EndProject
Project("{9A19103F-16F7-4668-BE54-9A1E7A4F7556}") = "SwiftCaps.Data", "..\..\..\Shared\SwiftCaps.Data\SwiftCaps.Data.csproj", "{F5B13973-1BDF-467B-B2D6-AD9FDD981701}"
EndProject
Project("{9A19103F-16F7-4668-BE54-9A1E7A4F7556}") = "SwiftCaps.Fake", "..\..\..\Shared\SwiftCaps.Fake\SwiftCaps.Fake.csproj", "{649E6CF5-92EC-4F1A-B273-091FFE2B8BE1}"
EndProject
Project("{9A19103F-16F7-4668-BE54-9A1E7A4F7556}") = "SwiftCaps.Helpers", "..\..\..\Shared\SwiftCaps.Helpers\SwiftCaps.Helpers.csproj", "{3FEEBB94-3A03-4001-9631-E5810E0A8627}"
EndProject
Project("{9A19103F-16F7-4668-BE54-9A1E7A4F7556}") = "SwiftCaps.Models", "..\..\..\Shared\SwiftCaps.Models\SwiftCaps.Models.csproj", "{16E5EFE2-20F3-413A-91FD-118525A5D83C}"
EndProject
Project("{D954291E-2A0B-460D-934E-DC6B0785DB48}") = "Xamariners.Shared", "..\..\..\Shared\Xamariners.Shared\Xamariners.Shared.shproj", "{DC1A765B-F5A9-423E-B4CA-B0E950EFEBDC}"
EndProject
Project("{9A19103F-16F7-4668-BE54-9A1E7A4F7556}") = "SwiftCAPS.Mobile.UnitTest", "test\SwiftCaps.Mobile.UnitTest\SwiftCAPS.Mobile.UnitTest.csproj", "{C8CAB251-2A5F-47E8-8AD6-E6FEE46D1C95}"
EndProject
Project("{9A19103F-16F7-4668-BE54-9A1E7A4F7556}") = "SwiftCaps.Services.Abstraction", "..\..\..\Shared\SwiftCaps.Services.Abstraction\SwiftCaps.Services.Abstraction.csproj", "{A8B1BF7B-7FF8-4089-B7FF-BFA86E25BB09}"
EndProject
Project("{FAE04EC0-301F-11D3-BF4B-00C04F79EFBC}") = "SwiftCAPS.Mobile.UITest", "test\SwiftCAPS.Mobile.UITest\SwiftCAPS.Mobile.UITest.csproj", "{99ECCB5D-1363-418C-B384-EC6D3D668BB1}"
EndProject
Project("{9A19103F-16F7-4668-BE54-9A1E7A4F7556}") = "SwiftCaps.Client.Cache.Service", "..\..\Shared\src\SwiftCaps.Client.Cache.Service\SwiftCaps.Client.Cache.Service.csproj", "{87F883FF-061D-4E2A-874E-5EAAE483ABF2}"
EndProject
Global
	GlobalSection(SharedMSBuildProjectFiles) = preSolution
		..\..\..\Shared\Xamariners.Shared\Xamariners.Shared.projitems*{11257315-e609-4d03-b3ed-d1ee909e9eb1}*SharedItemsImports = 4
		..\..\..\Shared\Xamariners.Shared\Xamariners.Shared.projitems*{dc1a765b-f5a9-423e-b4ca-b0e950efebdc}*SharedItemsImports = 13
		..\..\..\Shared\Xamariners.Shared\Xamariners.Shared.projitems*{e7f9a087-1e5d-4737-9856-87a4a3ed7f71}*SharedItemsImports = 4
	EndGlobalSection
	GlobalSection(SolutionConfigurationPlatforms) = preSolution
		Debug|Any CPU = Debug|Any CPU
		Debug|iPhone = Debug|iPhone
		Debug|iPhoneSimulator = Debug|iPhoneSimulator
		DebugFake|Any CPU = DebugFake|Any CPU
		DebugFake|iPhone = DebugFake|iPhone
		DebugFake|iPhoneSimulator = DebugFake|iPhoneSimulator
		Local|Any CPU = Local|Any CPU
		Local|iPhone = Local|iPhone
		Local|iPhoneSimulator = Local|iPhoneSimulator
		Release|Any CPU = Release|Any CPU
		Release|iPhone = Release|iPhone
		Release|iPhoneSimulator = Release|iPhoneSimulator
	EndGlobalSection
	GlobalSection(ProjectConfigurationPlatforms) = postSolution
		{11257315-E609-4D03-B3ED-D1EE909E9EB1}.Debug|Any CPU.ActiveCfg = Debug|Any CPU
		{11257315-E609-4D03-B3ED-D1EE909E9EB1}.Debug|Any CPU.Build.0 = Debug|Any CPU
		{11257315-E609-4D03-B3ED-D1EE909E9EB1}.Debug|Any CPU.Deploy.0 = Debug|Any CPU
		{11257315-E609-4D03-B3ED-D1EE909E9EB1}.Debug|iPhone.ActiveCfg = Debug|Any CPU
		{11257315-E609-4D03-B3ED-D1EE909E9EB1}.Debug|iPhoneSimulator.ActiveCfg = Debug|Any CPU
		{11257315-E609-4D03-B3ED-D1EE909E9EB1}.DebugFake|Any CPU.ActiveCfg = DebugFake|Any CPU
		{11257315-E609-4D03-B3ED-D1EE909E9EB1}.DebugFake|Any CPU.Build.0 = DebugFake|Any CPU
		{11257315-E609-4D03-B3ED-D1EE909E9EB1}.DebugFake|Any CPU.Deploy.0 = DebugFake|Any CPU
		{11257315-E609-4D03-B3ED-D1EE909E9EB1}.DebugFake|iPhone.ActiveCfg = DebugFake|Any CPU
		{11257315-E609-4D03-B3ED-D1EE909E9EB1}.DebugFake|iPhoneSimulator.ActiveCfg = DebugFake|Any CPU
		{11257315-E609-4D03-B3ED-D1EE909E9EB1}.Local|Any CPU.ActiveCfg = DebugFake|Any CPU
		{11257315-E609-4D03-B3ED-D1EE909E9EB1}.Local|Any CPU.Build.0 = DebugFake|Any CPU
		{11257315-E609-4D03-B3ED-D1EE909E9EB1}.Local|Any CPU.Deploy.0 = DebugFake|Any CPU
		{11257315-E609-4D03-B3ED-D1EE909E9EB1}.Local|iPhone.ActiveCfg = Release|Any CPU
		{11257315-E609-4D03-B3ED-D1EE909E9EB1}.Local|iPhone.Build.0 = Release|Any CPU
		{11257315-E609-4D03-B3ED-D1EE909E9EB1}.Local|iPhone.Deploy.0 = Release|Any CPU
		{11257315-E609-4D03-B3ED-D1EE909E9EB1}.Local|iPhoneSimulator.ActiveCfg = DebugFake|Any CPU
		{11257315-E609-4D03-B3ED-D1EE909E9EB1}.Local|iPhoneSimulator.Build.0 = DebugFake|Any CPU
		{11257315-E609-4D03-B3ED-D1EE909E9EB1}.Local|iPhoneSimulator.Deploy.0 = DebugFake|Any CPU
		{11257315-E609-4D03-B3ED-D1EE909E9EB1}.Release|Any CPU.ActiveCfg = Release|Any CPU
		{11257315-E609-4D03-B3ED-D1EE909E9EB1}.Release|Any CPU.Build.0 = Release|Any CPU
		{11257315-E609-4D03-B3ED-D1EE909E9EB1}.Release|Any CPU.Deploy.0 = Release|Any CPU
		{11257315-E609-4D03-B3ED-D1EE909E9EB1}.Release|iPhone.ActiveCfg = Release|Any CPU
		{11257315-E609-4D03-B3ED-D1EE909E9EB1}.Release|iPhoneSimulator.ActiveCfg = Release|Any CPU
		{51BE028E-B579-43B1-A87C-4464D7FEA15A}.Debug|Any CPU.ActiveCfg = Debug|Any CPU
		{51BE028E-B579-43B1-A87C-4464D7FEA15A}.Debug|Any CPU.Build.0 = Debug|Any CPU
		{51BE028E-B579-43B1-A87C-4464D7FEA15A}.Debug|iPhone.ActiveCfg = Debug|Any CPU
		{51BE028E-B579-43B1-A87C-4464D7FEA15A}.Debug|iPhone.Build.0 = Debug|Any CPU
		{51BE028E-B579-43B1-A87C-4464D7FEA15A}.Debug|iPhoneSimulator.ActiveCfg = Debug|Any CPU
		{51BE028E-B579-43B1-A87C-4464D7FEA15A}.Debug|iPhoneSimulator.Build.0 = Debug|Any CPU
		{51BE028E-B579-43B1-A87C-4464D7FEA15A}.DebugFake|Any CPU.ActiveCfg = Debug|Any CPU
		{51BE028E-B579-43B1-A87C-4464D7FEA15A}.DebugFake|Any CPU.Build.0 = Debug|Any CPU
		{51BE028E-B579-43B1-A87C-4464D7FEA15A}.DebugFake|iPhone.ActiveCfg = Debug|Any CPU
		{51BE028E-B579-43B1-A87C-4464D7FEA15A}.DebugFake|iPhone.Build.0 = Debug|Any CPU
		{51BE028E-B579-43B1-A87C-4464D7FEA15A}.DebugFake|iPhoneSimulator.ActiveCfg = Debug|Any CPU
		{51BE028E-B579-43B1-A87C-4464D7FEA15A}.DebugFake|iPhoneSimulator.Build.0 = Debug|Any CPU
		{51BE028E-B579-43B1-A87C-4464D7FEA15A}.Local|Any CPU.ActiveCfg = Debug|Any CPU
		{51BE028E-B579-43B1-A87C-4464D7FEA15A}.Local|Any CPU.Build.0 = Debug|Any CPU
		{51BE028E-B579-43B1-A87C-4464D7FEA15A}.Local|iPhone.ActiveCfg = Release|Any CPU
		{51BE028E-B579-43B1-A87C-4464D7FEA15A}.Local|iPhone.Build.0 = Release|Any CPU
		{51BE028E-B579-43B1-A87C-4464D7FEA15A}.Local|iPhoneSimulator.ActiveCfg = Debug|Any CPU
		{51BE028E-B579-43B1-A87C-4464D7FEA15A}.Local|iPhoneSimulator.Build.0 = Debug|Any CPU
		{51BE028E-B579-43B1-A87C-4464D7FEA15A}.Release|Any CPU.ActiveCfg = Release|Any CPU
		{51BE028E-B579-43B1-A87C-4464D7FEA15A}.Release|Any CPU.Build.0 = Release|Any CPU
		{51BE028E-B579-43B1-A87C-4464D7FEA15A}.Release|iPhone.ActiveCfg = Release|Any CPU
		{51BE028E-B579-43B1-A87C-4464D7FEA15A}.Release|iPhone.Build.0 = Release|Any CPU
		{51BE028E-B579-43B1-A87C-4464D7FEA15A}.Release|iPhoneSimulator.ActiveCfg = Release|Any CPU
		{51BE028E-B579-43B1-A87C-4464D7FEA15A}.Release|iPhoneSimulator.Build.0 = Release|Any CPU
		{E258A892-B7B7-42A7-B077-AB2D380B04C0}.Debug|Any CPU.ActiveCfg = Debug|Any CPU
		{E258A892-B7B7-42A7-B077-AB2D380B04C0}.Debug|Any CPU.Build.0 = Debug|Any CPU
		{E258A892-B7B7-42A7-B077-AB2D380B04C0}.Debug|Any CPU.Deploy.0 = Debug|Any CPU
		{E258A892-B7B7-42A7-B077-AB2D380B04C0}.Debug|iPhone.ActiveCfg = Debug|Any CPU
		{E258A892-B7B7-42A7-B077-AB2D380B04C0}.Debug|iPhone.Build.0 = Debug|Any CPU
		{E258A892-B7B7-42A7-B077-AB2D380B04C0}.Debug|iPhone.Deploy.0 = Debug|Any CPU
		{E258A892-B7B7-42A7-B077-AB2D380B04C0}.Debug|iPhoneSimulator.ActiveCfg = Debug|Any CPU
		{E258A892-B7B7-42A7-B077-AB2D380B04C0}.Debug|iPhoneSimulator.Build.0 = Debug|Any CPU
		{E258A892-B7B7-42A7-B077-AB2D380B04C0}.Debug|iPhoneSimulator.Deploy.0 = Debug|Any CPU
		{E258A892-B7B7-42A7-B077-AB2D380B04C0}.DebugFake|Any CPU.ActiveCfg = DebugFake|Any CPU
		{E258A892-B7B7-42A7-B077-AB2D380B04C0}.DebugFake|Any CPU.Build.0 = DebugFake|Any CPU
		{E258A892-B7B7-42A7-B077-AB2D380B04C0}.DebugFake|iPhone.ActiveCfg = DebugFake|Any CPU
		{E258A892-B7B7-42A7-B077-AB2D380B04C0}.DebugFake|iPhone.Build.0 = DebugFake|Any CPU
		{E258A892-B7B7-42A7-B077-AB2D380B04C0}.DebugFake|iPhoneSimulator.ActiveCfg = DebugFake|Any CPU
		{E258A892-B7B7-42A7-B077-AB2D380B04C0}.DebugFake|iPhoneSimulator.Build.0 = DebugFake|Any CPU
		{E258A892-B7B7-42A7-B077-AB2D380B04C0}.Local|Any CPU.ActiveCfg = DebugFake|Any CPU
		{E258A892-B7B7-42A7-B077-AB2D380B04C0}.Local|Any CPU.Build.0 = DebugFake|Any CPU
		{E258A892-B7B7-42A7-B077-AB2D380B04C0}.Local|iPhone.ActiveCfg = Release|Any CPU
		{E258A892-B7B7-42A7-B077-AB2D380B04C0}.Local|iPhone.Build.0 = Release|Any CPU
		{E258A892-B7B7-42A7-B077-AB2D380B04C0}.Local|iPhoneSimulator.ActiveCfg = DebugFake|Any CPU
		{E258A892-B7B7-42A7-B077-AB2D380B04C0}.Local|iPhoneSimulator.Build.0 = DebugFake|Any CPU
		{E258A892-B7B7-42A7-B077-AB2D380B04C0}.Release|Any CPU.ActiveCfg = Release|Any CPU
		{E258A892-B7B7-42A7-B077-AB2D380B04C0}.Release|Any CPU.Build.0 = Release|Any CPU
		{E258A892-B7B7-42A7-B077-AB2D380B04C0}.Release|Any CPU.Deploy.0 = Release|Any CPU
		{E258A892-B7B7-42A7-B077-AB2D380B04C0}.Release|iPhone.ActiveCfg = Release|Any CPU
		{E258A892-B7B7-42A7-B077-AB2D380B04C0}.Release|iPhone.Build.0 = Release|Any CPU
		{E258A892-B7B7-42A7-B077-AB2D380B04C0}.Release|iPhone.Deploy.0 = Release|Any CPU
		{E258A892-B7B7-42A7-B077-AB2D380B04C0}.Release|iPhoneSimulator.ActiveCfg = Release|Any CPU
		{E258A892-B7B7-42A7-B077-AB2D380B04C0}.Release|iPhoneSimulator.Build.0 = Release|Any CPU
		{E258A892-B7B7-42A7-B077-AB2D380B04C0}.Release|iPhoneSimulator.Deploy.0 = Release|Any CPU
		{E7F9A087-1E5D-4737-9856-87A4A3ED7F71}.Debug|Any CPU.ActiveCfg = Debug|iPhone
		{E7F9A087-1E5D-4737-9856-87A4A3ED7F71}.Debug|iPhone.ActiveCfg = Debug|iPhone
		{E7F9A087-1E5D-4737-9856-87A4A3ED7F71}.Debug|iPhone.Build.0 = Debug|iPhone
		{E7F9A087-1E5D-4737-9856-87A4A3ED7F71}.Debug|iPhone.Deploy.0 = Debug|iPhone
		{E7F9A087-1E5D-4737-9856-87A4A3ED7F71}.Debug|iPhoneSimulator.ActiveCfg = Debug|iPhoneSimulator
		{E7F9A087-1E5D-4737-9856-87A4A3ED7F71}.Debug|iPhoneSimulator.Build.0 = Debug|iPhoneSimulator
		{E7F9A087-1E5D-4737-9856-87A4A3ED7F71}.DebugFake|Any CPU.ActiveCfg = DebugFake|iPhone
		{E7F9A087-1E5D-4737-9856-87A4A3ED7F71}.DebugFake|iPhone.ActiveCfg = DebugFake|iPhone
		{E7F9A087-1E5D-4737-9856-87A4A3ED7F71}.DebugFake|iPhone.Build.0 = DebugFake|iPhone
		{E7F9A087-1E5D-4737-9856-87A4A3ED7F71}.DebugFake|iPhone.Deploy.0 = DebugFake|iPhone
		{E7F9A087-1E5D-4737-9856-87A4A3ED7F71}.DebugFake|iPhoneSimulator.ActiveCfg = DebugFake|iPhoneSimulator
		{E7F9A087-1E5D-4737-9856-87A4A3ED7F71}.DebugFake|iPhoneSimulator.Build.0 = DebugFake|iPhoneSimulator
		{E7F9A087-1E5D-4737-9856-87A4A3ED7F71}.Local|Any CPU.ActiveCfg = DebugFake|iPhoneSimulator
		{E7F9A087-1E5D-4737-9856-87A4A3ED7F71}.Local|Any CPU.Build.0 = DebugFake|iPhoneSimulator
		{E7F9A087-1E5D-4737-9856-87A4A3ED7F71}.Local|Any CPU.Deploy.0 = DebugFake|iPhoneSimulator
		{E7F9A087-1E5D-4737-9856-87A4A3ED7F71}.Local|iPhone.ActiveCfg = Release|iPhone
		{E7F9A087-1E5D-4737-9856-87A4A3ED7F71}.Local|iPhone.Build.0 = Release|iPhone
		{E7F9A087-1E5D-4737-9856-87A4A3ED7F71}.Local|iPhone.Deploy.0 = Release|iPhone
		{E7F9A087-1E5D-4737-9856-87A4A3ED7F71}.Local|iPhoneSimulator.ActiveCfg = DebugFake|iPhoneSimulator
		{E7F9A087-1E5D-4737-9856-87A4A3ED7F71}.Local|iPhoneSimulator.Build.0 = DebugFake|iPhoneSimulator
		{E7F9A087-1E5D-4737-9856-87A4A3ED7F71}.Local|iPhoneSimulator.Deploy.0 = DebugFake|iPhoneSimulator
		{E7F9A087-1E5D-4737-9856-87A4A3ED7F71}.Release|Any CPU.ActiveCfg = Release|iPhone
		{E7F9A087-1E5D-4737-9856-87A4A3ED7F71}.Release|iPhone.ActiveCfg = Release|iPhone
		{E7F9A087-1E5D-4737-9856-87A4A3ED7F71}.Release|iPhone.Build.0 = Release|iPhone
		{E7F9A087-1E5D-4737-9856-87A4A3ED7F71}.Release|iPhone.Deploy.0 = Release|iPhone
		{E7F9A087-1E5D-4737-9856-87A4A3ED7F71}.Release|iPhoneSimulator.ActiveCfg = Release|iPhoneSimulator
		{E7F9A087-1E5D-4737-9856-87A4A3ED7F71}.Release|iPhoneSimulator.Build.0 = Release|iPhoneSimulator
		{CC3B1B93-876A-41C2-9CAA-3C846408207C}.Debug|Any CPU.ActiveCfg = Debug|Any CPU
		{CC3B1B93-876A-41C2-9CAA-3C846408207C}.Debug|iPhone.ActiveCfg = Debug|Any CPU
		{CC3B1B93-876A-41C2-9CAA-3C846408207C}.Debug|iPhoneSimulator.ActiveCfg = Debug|Any CPU
		{CC3B1B93-876A-41C2-9CAA-3C846408207C}.DebugFake|Any CPU.ActiveCfg = Debug|Any CPU
		{CC3B1B93-876A-41C2-9CAA-3C846408207C}.DebugFake|Any CPU.Build.0 = Debug|Any CPU
		{CC3B1B93-876A-41C2-9CAA-3C846408207C}.DebugFake|iPhone.ActiveCfg = Debug|Any CPU
		{CC3B1B93-876A-41C2-9CAA-3C846408207C}.DebugFake|iPhone.Build.0 = Debug|Any CPU
		{CC3B1B93-876A-41C2-9CAA-3C846408207C}.DebugFake|iPhoneSimulator.ActiveCfg = Debug|Any CPU
		{CC3B1B93-876A-41C2-9CAA-3C846408207C}.DebugFake|iPhoneSimulator.Build.0 = Debug|Any CPU
		{CC3B1B93-876A-41C2-9CAA-3C846408207C}.Local|Any CPU.ActiveCfg = Debug|Any CPU
		{CC3B1B93-876A-41C2-9CAA-3C846408207C}.Local|Any CPU.Build.0 = Debug|Any CPU
		{CC3B1B93-876A-41C2-9CAA-3C846408207C}.Local|iPhone.ActiveCfg = Release|Any CPU
		{CC3B1B93-876A-41C2-9CAA-3C846408207C}.Local|iPhone.Build.0 = Release|Any CPU
		{CC3B1B93-876A-41C2-9CAA-3C846408207C}.Local|iPhoneSimulator.ActiveCfg = Debug|Any CPU
		{CC3B1B93-876A-41C2-9CAA-3C846408207C}.Local|iPhoneSimulator.Build.0 = Debug|Any CPU
		{CC3B1B93-876A-41C2-9CAA-3C846408207C}.Release|Any CPU.ActiveCfg = Release|Any CPU
		{CC3B1B93-876A-41C2-9CAA-3C846408207C}.Release|iPhone.ActiveCfg = Release|Any CPU
		{CC3B1B93-876A-41C2-9CAA-3C846408207C}.Release|iPhoneSimulator.ActiveCfg = Release|Any CPU
		{E6801CBA-CA34-47F3-BC32-1BF9EA206F55}.Debug|Any CPU.ActiveCfg = Debug|Any CPU
		{E6801CBA-CA34-47F3-BC32-1BF9EA206F55}.Debug|iPhone.ActiveCfg = Debug|Any CPU
		{E6801CBA-CA34-47F3-BC32-1BF9EA206F55}.Debug|iPhoneSimulator.ActiveCfg = Debug|Any CPU
		{E6801CBA-CA34-47F3-BC32-1BF9EA206F55}.DebugFake|Any CPU.ActiveCfg = Debug|Any CPU
		{E6801CBA-CA34-47F3-BC32-1BF9EA206F55}.DebugFake|Any CPU.Build.0 = Debug|Any CPU
		{E6801CBA-CA34-47F3-BC32-1BF9EA206F55}.DebugFake|iPhone.ActiveCfg = Debug|Any CPU
		{E6801CBA-CA34-47F3-BC32-1BF9EA206F55}.DebugFake|iPhone.Build.0 = Debug|Any CPU
		{E6801CBA-CA34-47F3-BC32-1BF9EA206F55}.DebugFake|iPhoneSimulator.ActiveCfg = Debug|Any CPU
		{E6801CBA-CA34-47F3-BC32-1BF9EA206F55}.DebugFake|iPhoneSimulator.Build.0 = Debug|Any CPU
		{E6801CBA-CA34-47F3-BC32-1BF9EA206F55}.Local|Any CPU.ActiveCfg = Debug|Any CPU
		{E6801CBA-CA34-47F3-BC32-1BF9EA206F55}.Local|Any CPU.Build.0 = Debug|Any CPU
		{E6801CBA-CA34-47F3-BC32-1BF9EA206F55}.Local|iPhone.ActiveCfg = Release|Any CPU
		{E6801CBA-CA34-47F3-BC32-1BF9EA206F55}.Local|iPhone.Build.0 = Release|Any CPU
		{E6801CBA-CA34-47F3-BC32-1BF9EA206F55}.Local|iPhoneSimulator.ActiveCfg = Debug|Any CPU
		{E6801CBA-CA34-47F3-BC32-1BF9EA206F55}.Local|iPhoneSimulator.Build.0 = Debug|Any CPU
		{E6801CBA-CA34-47F3-BC32-1BF9EA206F55}.Release|Any CPU.ActiveCfg = Release|Any CPU
		{E6801CBA-CA34-47F3-BC32-1BF9EA206F55}.Release|iPhone.ActiveCfg = Release|Any CPU
		{E6801CBA-CA34-47F3-BC32-1BF9EA206F55}.Release|iPhoneSimulator.ActiveCfg = Release|Any CPU
		{04A37C2C-FBCB-4683-AF12-170088E26565}.Debug|Any CPU.ActiveCfg = Debug|Any CPU
		{04A37C2C-FBCB-4683-AF12-170088E26565}.Debug|iPhone.ActiveCfg = Debug|Any CPU
		{04A37C2C-FBCB-4683-AF12-170088E26565}.Debug|iPhoneSimulator.ActiveCfg = Debug|Any CPU
		{04A37C2C-FBCB-4683-AF12-170088E26565}.DebugFake|Any CPU.ActiveCfg = Debug|Any CPU
		{04A37C2C-FBCB-4683-AF12-170088E26565}.DebugFake|Any CPU.Build.0 = Debug|Any CPU
		{04A37C2C-FBCB-4683-AF12-170088E26565}.DebugFake|iPhone.ActiveCfg = Debug|Any CPU
		{04A37C2C-FBCB-4683-AF12-170088E26565}.DebugFake|iPhone.Build.0 = Debug|Any CPU
		{04A37C2C-FBCB-4683-AF12-170088E26565}.DebugFake|iPhoneSimulator.ActiveCfg = Debug|Any CPU
		{04A37C2C-FBCB-4683-AF12-170088E26565}.DebugFake|iPhoneSimulator.Build.0 = Debug|Any CPU
		{04A37C2C-FBCB-4683-AF12-170088E26565}.Local|Any CPU.ActiveCfg = Debug|Any CPU
		{04A37C2C-FBCB-4683-AF12-170088E26565}.Local|Any CPU.Build.0 = Debug|Any CPU
		{04A37C2C-FBCB-4683-AF12-170088E26565}.Local|iPhone.ActiveCfg = Release|Any CPU
		{04A37C2C-FBCB-4683-AF12-170088E26565}.Local|iPhone.Build.0 = Release|Any CPU
		{04A37C2C-FBCB-4683-AF12-170088E26565}.Local|iPhoneSimulator.ActiveCfg = Debug|Any CPU
		{04A37C2C-FBCB-4683-AF12-170088E26565}.Local|iPhoneSimulator.Build.0 = Debug|Any CPU
		{04A37C2C-FBCB-4683-AF12-170088E26565}.Release|Any CPU.ActiveCfg = Release|Any CPU
		{04A37C2C-FBCB-4683-AF12-170088E26565}.Release|iPhone.ActiveCfg = Release|Any CPU
		{04A37C2C-FBCB-4683-AF12-170088E26565}.Release|iPhoneSimulator.ActiveCfg = Release|Any CPU
		{01198CB8-CE99-451C-BB2B-1C19E7206BAF}.Debug|Any CPU.ActiveCfg = Debug|Any CPU
		{01198CB8-CE99-451C-BB2B-1C19E7206BAF}.Debug|Any CPU.Build.0 = Debug|Any CPU
		{01198CB8-CE99-451C-BB2B-1C19E7206BAF}.Debug|iPhone.ActiveCfg = Debug|Any CPU
		{01198CB8-CE99-451C-BB2B-1C19E7206BAF}.Debug|iPhone.Build.0 = Debug|Any CPU
		{01198CB8-CE99-451C-BB2B-1C19E7206BAF}.Debug|iPhoneSimulator.ActiveCfg = Debug|Any CPU
		{01198CB8-CE99-451C-BB2B-1C19E7206BAF}.Debug|iPhoneSimulator.Build.0 = Debug|Any CPU
		{01198CB8-CE99-451C-BB2B-1C19E7206BAF}.DebugFake|Any CPU.ActiveCfg = DebugFake|Any CPU
		{01198CB8-CE99-451C-BB2B-1C19E7206BAF}.DebugFake|Any CPU.Build.0 = DebugFake|Any CPU
		{01198CB8-CE99-451C-BB2B-1C19E7206BAF}.DebugFake|iPhone.ActiveCfg = DebugFake|Any CPU
		{01198CB8-CE99-451C-BB2B-1C19E7206BAF}.DebugFake|iPhone.Build.0 = DebugFake|Any CPU
		{01198CB8-CE99-451C-BB2B-1C19E7206BAF}.DebugFake|iPhoneSimulator.ActiveCfg = DebugFake|Any CPU
		{01198CB8-CE99-451C-BB2B-1C19E7206BAF}.DebugFake|iPhoneSimulator.Build.0 = DebugFake|Any CPU
		{01198CB8-CE99-451C-BB2B-1C19E7206BAF}.Local|Any CPU.ActiveCfg = DebugFake|Any CPU
		{01198CB8-CE99-451C-BB2B-1C19E7206BAF}.Local|Any CPU.Build.0 = DebugFake|Any CPU
		{01198CB8-CE99-451C-BB2B-1C19E7206BAF}.Local|iPhone.ActiveCfg = Release|Any CPU
		{01198CB8-CE99-451C-BB2B-1C19E7206BAF}.Local|iPhone.Build.0 = Release|Any CPU
		{01198CB8-CE99-451C-BB2B-1C19E7206BAF}.Local|iPhoneSimulator.ActiveCfg = DebugFake|Any CPU
		{01198CB8-CE99-451C-BB2B-1C19E7206BAF}.Local|iPhoneSimulator.Build.0 = DebugFake|Any CPU
		{01198CB8-CE99-451C-BB2B-1C19E7206BAF}.Release|Any CPU.ActiveCfg = Release|Any CPU
		{01198CB8-CE99-451C-BB2B-1C19E7206BAF}.Release|Any CPU.Build.0 = Release|Any CPU
		{01198CB8-CE99-451C-BB2B-1C19E7206BAF}.Release|iPhone.ActiveCfg = Release|Any CPU
		{01198CB8-CE99-451C-BB2B-1C19E7206BAF}.Release|iPhone.Build.0 = Release|Any CPU
		{01198CB8-CE99-451C-BB2B-1C19E7206BAF}.Release|iPhoneSimulator.ActiveCfg = Release|Any CPU
		{01198CB8-CE99-451C-BB2B-1C19E7206BAF}.Release|iPhoneSimulator.Build.0 = Release|Any CPU
		{28E8DF77-CA17-46AC-8A36-31B1C0C2F034}.Debug|Any CPU.ActiveCfg = Debug|Any CPU
		{28E8DF77-CA17-46AC-8A36-31B1C0C2F034}.Debug|Any CPU.Build.0 = Debug|Any CPU
		{28E8DF77-CA17-46AC-8A36-31B1C0C2F034}.Debug|iPhone.ActiveCfg = Debug|Any CPU
		{28E8DF77-CA17-46AC-8A36-31B1C0C2F034}.Debug|iPhone.Build.0 = Debug|Any CPU
		{28E8DF77-CA17-46AC-8A36-31B1C0C2F034}.Debug|iPhoneSimulator.ActiveCfg = Debug|Any CPU
		{28E8DF77-CA17-46AC-8A36-31B1C0C2F034}.Debug|iPhoneSimulator.Build.0 = Debug|Any CPU
		{28E8DF77-CA17-46AC-8A36-31B1C0C2F034}.DebugFake|Any CPU.ActiveCfg = Debug|Any CPU
		{28E8DF77-CA17-46AC-8A36-31B1C0C2F034}.DebugFake|Any CPU.Build.0 = Debug|Any CPU
		{28E8DF77-CA17-46AC-8A36-31B1C0C2F034}.DebugFake|iPhone.ActiveCfg = Debug|Any CPU
		{28E8DF77-CA17-46AC-8A36-31B1C0C2F034}.DebugFake|iPhone.Build.0 = Debug|Any CPU
		{28E8DF77-CA17-46AC-8A36-31B1C0C2F034}.DebugFake|iPhoneSimulator.ActiveCfg = Debug|Any CPU
		{28E8DF77-CA17-46AC-8A36-31B1C0C2F034}.DebugFake|iPhoneSimulator.Build.0 = Debug|Any CPU
		{28E8DF77-CA17-46AC-8A36-31B1C0C2F034}.Local|Any CPU.ActiveCfg = Debug|Any CPU
		{28E8DF77-CA17-46AC-8A36-31B1C0C2F034}.Local|Any CPU.Build.0 = Debug|Any CPU
		{28E8DF77-CA17-46AC-8A36-31B1C0C2F034}.Local|iPhone.ActiveCfg = Release|Any CPU
		{28E8DF77-CA17-46AC-8A36-31B1C0C2F034}.Local|iPhone.Build.0 = Release|Any CPU
		{28E8DF77-CA17-46AC-8A36-31B1C0C2F034}.Local|iPhoneSimulator.ActiveCfg = Debug|Any CPU
		{28E8DF77-CA17-46AC-8A36-31B1C0C2F034}.Local|iPhoneSimulator.Build.0 = Debug|Any CPU
		{28E8DF77-CA17-46AC-8A36-31B1C0C2F034}.Release|Any CPU.ActiveCfg = Release|Any CPU
		{28E8DF77-CA17-46AC-8A36-31B1C0C2F034}.Release|Any CPU.Build.0 = Release|Any CPU
		{28E8DF77-CA17-46AC-8A36-31B1C0C2F034}.Release|iPhone.ActiveCfg = Release|Any CPU
		{28E8DF77-CA17-46AC-8A36-31B1C0C2F034}.Release|iPhone.Build.0 = Release|Any CPU
		{28E8DF77-CA17-46AC-8A36-31B1C0C2F034}.Release|iPhoneSimulator.ActiveCfg = Release|Any CPU
		{28E8DF77-CA17-46AC-8A36-31B1C0C2F034}.Release|iPhoneSimulator.Build.0 = Release|Any CPU
		{F5B13973-1BDF-467B-B2D6-AD9FDD981701}.Debug|Any CPU.ActiveCfg = Debug|Any CPU
		{F5B13973-1BDF-467B-B2D6-AD9FDD981701}.Debug|Any CPU.Build.0 = Debug|Any CPU
		{F5B13973-1BDF-467B-B2D6-AD9FDD981701}.Debug|iPhone.ActiveCfg = Debug|Any CPU
		{F5B13973-1BDF-467B-B2D6-AD9FDD981701}.Debug|iPhone.Build.0 = Debug|Any CPU
		{F5B13973-1BDF-467B-B2D6-AD9FDD981701}.Debug|iPhoneSimulator.ActiveCfg = Debug|Any CPU
		{F5B13973-1BDF-467B-B2D6-AD9FDD981701}.Debug|iPhoneSimulator.Build.0 = Debug|Any CPU
		{F5B13973-1BDF-467B-B2D6-AD9FDD981701}.DebugFake|Any CPU.ActiveCfg = Debug|Any CPU
		{F5B13973-1BDF-467B-B2D6-AD9FDD981701}.DebugFake|Any CPU.Build.0 = Debug|Any CPU
		{F5B13973-1BDF-467B-B2D6-AD9FDD981701}.DebugFake|iPhone.ActiveCfg = Debug|Any CPU
		{F5B13973-1BDF-467B-B2D6-AD9FDD981701}.DebugFake|iPhone.Build.0 = Debug|Any CPU
		{F5B13973-1BDF-467B-B2D6-AD9FDD981701}.DebugFake|iPhoneSimulator.ActiveCfg = Debug|Any CPU
		{F5B13973-1BDF-467B-B2D6-AD9FDD981701}.DebugFake|iPhoneSimulator.Build.0 = Debug|Any CPU
		{F5B13973-1BDF-467B-B2D6-AD9FDD981701}.Local|Any CPU.ActiveCfg = Debug|Any CPU
		{F5B13973-1BDF-467B-B2D6-AD9FDD981701}.Local|Any CPU.Build.0 = Debug|Any CPU
		{F5B13973-1BDF-467B-B2D6-AD9FDD981701}.Local|iPhone.ActiveCfg = Release|Any CPU
		{F5B13973-1BDF-467B-B2D6-AD9FDD981701}.Local|iPhone.Build.0 = Release|Any CPU
		{F5B13973-1BDF-467B-B2D6-AD9FDD981701}.Local|iPhoneSimulator.ActiveCfg = Debug|Any CPU
		{F5B13973-1BDF-467B-B2D6-AD9FDD981701}.Local|iPhoneSimulator.Build.0 = Debug|Any CPU
		{F5B13973-1BDF-467B-B2D6-AD9FDD981701}.Release|Any CPU.ActiveCfg = Release|Any CPU
		{F5B13973-1BDF-467B-B2D6-AD9FDD981701}.Release|Any CPU.Build.0 = Release|Any CPU
		{F5B13973-1BDF-467B-B2D6-AD9FDD981701}.Release|iPhone.ActiveCfg = Release|Any CPU
		{F5B13973-1BDF-467B-B2D6-AD9FDD981701}.Release|iPhone.Build.0 = Release|Any CPU
		{F5B13973-1BDF-467B-B2D6-AD9FDD981701}.Release|iPhoneSimulator.ActiveCfg = Release|Any CPU
		{F5B13973-1BDF-467B-B2D6-AD9FDD981701}.Release|iPhoneSimulator.Build.0 = Release|Any CPU
		{649E6CF5-92EC-4F1A-B273-091FFE2B8BE1}.Debug|Any CPU.ActiveCfg = Debug|Any CPU
		{649E6CF5-92EC-4F1A-B273-091FFE2B8BE1}.Debug|iPhone.ActiveCfg = Debug|Any CPU
		{649E6CF5-92EC-4F1A-B273-091FFE2B8BE1}.Debug|iPhoneSimulator.ActiveCfg = Debug|Any CPU
		{649E6CF5-92EC-4F1A-B273-091FFE2B8BE1}.DebugFake|Any CPU.ActiveCfg = Debug|Any CPU
		{649E6CF5-92EC-4F1A-B273-091FFE2B8BE1}.DebugFake|Any CPU.Build.0 = Debug|Any CPU
		{649E6CF5-92EC-4F1A-B273-091FFE2B8BE1}.DebugFake|iPhone.ActiveCfg = Debug|Any CPU
		{649E6CF5-92EC-4F1A-B273-091FFE2B8BE1}.DebugFake|iPhone.Build.0 = Debug|Any CPU
		{649E6CF5-92EC-4F1A-B273-091FFE2B8BE1}.DebugFake|iPhoneSimulator.ActiveCfg = Debug|Any CPU
		{649E6CF5-92EC-4F1A-B273-091FFE2B8BE1}.DebugFake|iPhoneSimulator.Build.0 = Debug|Any CPU
		{649E6CF5-92EC-4F1A-B273-091FFE2B8BE1}.Local|Any CPU.ActiveCfg = Debug|Any CPU
		{649E6CF5-92EC-4F1A-B273-091FFE2B8BE1}.Local|Any CPU.Build.0 = Debug|Any CPU
		{649E6CF5-92EC-4F1A-B273-091FFE2B8BE1}.Local|iPhone.ActiveCfg = Release|Any CPU
		{649E6CF5-92EC-4F1A-B273-091FFE2B8BE1}.Local|iPhone.Build.0 = Release|Any CPU
		{649E6CF5-92EC-4F1A-B273-091FFE2B8BE1}.Local|iPhoneSimulator.ActiveCfg = Debug|Any CPU
		{649E6CF5-92EC-4F1A-B273-091FFE2B8BE1}.Local|iPhoneSimulator.Build.0 = Debug|Any CPU
		{649E6CF5-92EC-4F1A-B273-091FFE2B8BE1}.Release|Any CPU.ActiveCfg = Release|Any CPU
		{649E6CF5-92EC-4F1A-B273-091FFE2B8BE1}.Release|iPhone.ActiveCfg = Release|Any CPU
		{649E6CF5-92EC-4F1A-B273-091FFE2B8BE1}.Release|iPhoneSimulator.ActiveCfg = Release|Any CPU
		{3FEEBB94-3A03-4001-9631-E5810E0A8627}.Debug|Any CPU.ActiveCfg = Debug|Any CPU
		{3FEEBB94-3A03-4001-9631-E5810E0A8627}.Debug|Any CPU.Build.0 = Debug|Any CPU
		{3FEEBB94-3A03-4001-9631-E5810E0A8627}.Debug|iPhone.ActiveCfg = Debug|Any CPU
		{3FEEBB94-3A03-4001-9631-E5810E0A8627}.Debug|iPhone.Build.0 = Debug|Any CPU
		{3FEEBB94-3A03-4001-9631-E5810E0A8627}.Debug|iPhoneSimulator.ActiveCfg = Debug|Any CPU
		{3FEEBB94-3A03-4001-9631-E5810E0A8627}.Debug|iPhoneSimulator.Build.0 = Debug|Any CPU
		{3FEEBB94-3A03-4001-9631-E5810E0A8627}.DebugFake|Any CPU.ActiveCfg = Debug|Any CPU
		{3FEEBB94-3A03-4001-9631-E5810E0A8627}.DebugFake|Any CPU.Build.0 = Debug|Any CPU
		{3FEEBB94-3A03-4001-9631-E5810E0A8627}.DebugFake|iPhone.ActiveCfg = Debug|Any CPU
		{3FEEBB94-3A03-4001-9631-E5810E0A8627}.DebugFake|iPhone.Build.0 = Debug|Any CPU
		{3FEEBB94-3A03-4001-9631-E5810E0A8627}.DebugFake|iPhoneSimulator.ActiveCfg = Debug|Any CPU
		{3FEEBB94-3A03-4001-9631-E5810E0A8627}.DebugFake|iPhoneSimulator.Build.0 = Debug|Any CPU
		{3FEEBB94-3A03-4001-9631-E5810E0A8627}.Local|Any CPU.ActiveCfg = Debug|Any CPU
		{3FEEBB94-3A03-4001-9631-E5810E0A8627}.Local|Any CPU.Build.0 = Debug|Any CPU
		{3FEEBB94-3A03-4001-9631-E5810E0A8627}.Local|iPhone.ActiveCfg = Release|Any CPU
		{3FEEBB94-3A03-4001-9631-E5810E0A8627}.Local|iPhone.Build.0 = Release|Any CPU
		{3FEEBB94-3A03-4001-9631-E5810E0A8627}.Local|iPhoneSimulator.ActiveCfg = Debug|Any CPU
		{3FEEBB94-3A03-4001-9631-E5810E0A8627}.Local|iPhoneSimulator.Build.0 = Debug|Any CPU
		{3FEEBB94-3A03-4001-9631-E5810E0A8627}.Release|Any CPU.ActiveCfg = Release|Any CPU
		{3FEEBB94-3A03-4001-9631-E5810E0A8627}.Release|Any CPU.Build.0 = Release|Any CPU
		{3FEEBB94-3A03-4001-9631-E5810E0A8627}.Release|iPhone.ActiveCfg = Release|Any CPU
		{3FEEBB94-3A03-4001-9631-E5810E0A8627}.Release|iPhone.Build.0 = Release|Any CPU
		{3FEEBB94-3A03-4001-9631-E5810E0A8627}.Release|iPhoneSimulator.ActiveCfg = Release|Any CPU
		{3FEEBB94-3A03-4001-9631-E5810E0A8627}.Release|iPhoneSimulator.Build.0 = Release|Any CPU
		{16E5EFE2-20F3-413A-91FD-118525A5D83C}.Debug|Any CPU.ActiveCfg = Debug|Any CPU
		{16E5EFE2-20F3-413A-91FD-118525A5D83C}.Debug|Any CPU.Build.0 = Debug|Any CPU
		{16E5EFE2-20F3-413A-91FD-118525A5D83C}.Debug|iPhone.ActiveCfg = Debug|Any CPU
		{16E5EFE2-20F3-413A-91FD-118525A5D83C}.Debug|iPhone.Build.0 = Debug|Any CPU
		{16E5EFE2-20F3-413A-91FD-118525A5D83C}.Debug|iPhoneSimulator.ActiveCfg = Debug|Any CPU
		{16E5EFE2-20F3-413A-91FD-118525A5D83C}.Debug|iPhoneSimulator.Build.0 = Debug|Any CPU
		{16E5EFE2-20F3-413A-91FD-118525A5D83C}.DebugFake|Any CPU.ActiveCfg = Debug|Any CPU
		{16E5EFE2-20F3-413A-91FD-118525A5D83C}.DebugFake|Any CPU.Build.0 = Debug|Any CPU
		{16E5EFE2-20F3-413A-91FD-118525A5D83C}.DebugFake|iPhone.ActiveCfg = Debug|Any CPU
		{16E5EFE2-20F3-413A-91FD-118525A5D83C}.DebugFake|iPhone.Build.0 = Debug|Any CPU
		{16E5EFE2-20F3-413A-91FD-118525A5D83C}.DebugFake|iPhoneSimulator.ActiveCfg = Debug|Any CPU
		{16E5EFE2-20F3-413A-91FD-118525A5D83C}.DebugFake|iPhoneSimulator.Build.0 = Debug|Any CPU
		{16E5EFE2-20F3-413A-91FD-118525A5D83C}.Local|Any CPU.ActiveCfg = Debug|Any CPU
		{16E5EFE2-20F3-413A-91FD-118525A5D83C}.Local|Any CPU.Build.0 = Debug|Any CPU
		{16E5EFE2-20F3-413A-91FD-118525A5D83C}.Local|iPhone.ActiveCfg = Release|Any CPU
		{16E5EFE2-20F3-413A-91FD-118525A5D83C}.Local|iPhone.Build.0 = Release|Any CPU
		{16E5EFE2-20F3-413A-91FD-118525A5D83C}.Local|iPhoneSimulator.ActiveCfg = Debug|Any CPU
		{16E5EFE2-20F3-413A-91FD-118525A5D83C}.Local|iPhoneSimulator.Build.0 = Debug|Any CPU
		{16E5EFE2-20F3-413A-91FD-118525A5D83C}.Release|Any CPU.ActiveCfg = Release|Any CPU
		{16E5EFE2-20F3-413A-91FD-118525A5D83C}.Release|Any CPU.Build.0 = Release|Any CPU
		{16E5EFE2-20F3-413A-91FD-118525A5D83C}.Release|iPhone.ActiveCfg = Release|Any CPU
		{16E5EFE2-20F3-413A-91FD-118525A5D83C}.Release|iPhone.Build.0 = Release|Any CPU
		{16E5EFE2-20F3-413A-91FD-118525A5D83C}.Release|iPhoneSimulator.ActiveCfg = Release|Any CPU
		{16E5EFE2-20F3-413A-91FD-118525A5D83C}.Release|iPhoneSimulator.Build.0 = Release|Any CPU
		{C8CAB251-2A5F-47E8-8AD6-E6FEE46D1C95}.Debug|Any CPU.ActiveCfg = Debug|Any CPU
		{C8CAB251-2A5F-47E8-8AD6-E6FEE46D1C95}.Debug|iPhone.ActiveCfg = Debug|Any CPU
		{C8CAB251-2A5F-47E8-8AD6-E6FEE46D1C95}.Debug|iPhoneSimulator.ActiveCfg = Debug|Any CPU
		{C8CAB251-2A5F-47E8-8AD6-E6FEE46D1C95}.DebugFake|Any CPU.ActiveCfg = Debug|Any CPU
		{C8CAB251-2A5F-47E8-8AD6-E6FEE46D1C95}.DebugFake|Any CPU.Build.0 = Debug|Any CPU
		{C8CAB251-2A5F-47E8-8AD6-E6FEE46D1C95}.DebugFake|iPhone.ActiveCfg = Debug|Any CPU
		{C8CAB251-2A5F-47E8-8AD6-E6FEE46D1C95}.DebugFake|iPhone.Build.0 = Debug|Any CPU
		{C8CAB251-2A5F-47E8-8AD6-E6FEE46D1C95}.DebugFake|iPhoneSimulator.ActiveCfg = DebugFake|Any CPU
		{C8CAB251-2A5F-47E8-8AD6-E6FEE46D1C95}.DebugFake|iPhoneSimulator.Build.0 = DebugFake|Any CPU
		{C8CAB251-2A5F-47E8-8AD6-E6FEE46D1C95}.Local|Any CPU.ActiveCfg = Debug|Any CPU
		{C8CAB251-2A5F-47E8-8AD6-E6FEE46D1C95}.Local|Any CPU.Build.0 = Debug|Any CPU
		{C8CAB251-2A5F-47E8-8AD6-E6FEE46D1C95}.Local|iPhone.ActiveCfg = Release|Any CPU
		{C8CAB251-2A5F-47E8-8AD6-E6FEE46D1C95}.Local|iPhone.Build.0 = Release|Any CPU
		{C8CAB251-2A5F-47E8-8AD6-E6FEE46D1C95}.Local|iPhoneSimulator.ActiveCfg = Debug|Any CPU
		{C8CAB251-2A5F-47E8-8AD6-E6FEE46D1C95}.Local|iPhoneSimulator.Build.0 = Debug|Any CPU
		{C8CAB251-2A5F-47E8-8AD6-E6FEE46D1C95}.Release|Any CPU.ActiveCfg = Release|Any CPU
		{C8CAB251-2A5F-47E8-8AD6-E6FEE46D1C95}.Release|iPhone.ActiveCfg = Release|Any CPU
		{C8CAB251-2A5F-47E8-8AD6-E6FEE46D1C95}.Release|iPhoneSimulator.ActiveCfg = Release|Any CPU
		{A8B1BF7B-7FF8-4089-B7FF-BFA86E25BB09}.Debug|Any CPU.ActiveCfg = Debug|Any CPU
		{A8B1BF7B-7FF8-4089-B7FF-BFA86E25BB09}.Debug|Any CPU.Build.0 = Debug|Any CPU
		{A8B1BF7B-7FF8-4089-B7FF-BFA86E25BB09}.Debug|iPhone.ActiveCfg = Debug|Any CPU
		{A8B1BF7B-7FF8-4089-B7FF-BFA86E25BB09}.Debug|iPhone.Build.0 = Debug|Any CPU
		{A8B1BF7B-7FF8-4089-B7FF-BFA86E25BB09}.Debug|iPhoneSimulator.ActiveCfg = Debug|Any CPU
		{A8B1BF7B-7FF8-4089-B7FF-BFA86E25BB09}.Debug|iPhoneSimulator.Build.0 = Debug|Any CPU
		{A8B1BF7B-7FF8-4089-B7FF-BFA86E25BB09}.DebugFake|Any CPU.ActiveCfg = Debug|Any CPU
		{A8B1BF7B-7FF8-4089-B7FF-BFA86E25BB09}.DebugFake|Any CPU.Build.0 = Debug|Any CPU
		{A8B1BF7B-7FF8-4089-B7FF-BFA86E25BB09}.DebugFake|iPhone.ActiveCfg = Debug|Any CPU
		{A8B1BF7B-7FF8-4089-B7FF-BFA86E25BB09}.DebugFake|iPhone.Build.0 = Debug|Any CPU
		{A8B1BF7B-7FF8-4089-B7FF-BFA86E25BB09}.DebugFake|iPhoneSimulator.ActiveCfg = Debug|Any CPU
		{A8B1BF7B-7FF8-4089-B7FF-BFA86E25BB09}.DebugFake|iPhoneSimulator.Build.0 = Debug|Any CPU
		{A8B1BF7B-7FF8-4089-B7FF-BFA86E25BB09}.Local|Any CPU.ActiveCfg = Debug|Any CPU
		{A8B1BF7B-7FF8-4089-B7FF-BFA86E25BB09}.Local|Any CPU.Build.0 = Debug|Any CPU
		{A8B1BF7B-7FF8-4089-B7FF-BFA86E25BB09}.Local|iPhone.ActiveCfg = Release|Any CPU
		{A8B1BF7B-7FF8-4089-B7FF-BFA86E25BB09}.Local|iPhone.Build.0 = Release|Any CPU
		{A8B1BF7B-7FF8-4089-B7FF-BFA86E25BB09}.Local|iPhoneSimulator.ActiveCfg = Debug|Any CPU
		{A8B1BF7B-7FF8-4089-B7FF-BFA86E25BB09}.Local|iPhoneSimulator.Build.0 = Debug|Any CPU
		{A8B1BF7B-7FF8-4089-B7FF-BFA86E25BB09}.Release|Any CPU.ActiveCfg = Release|Any CPU
		{A8B1BF7B-7FF8-4089-B7FF-BFA86E25BB09}.Release|Any CPU.Build.0 = Release|Any CPU
		{A8B1BF7B-7FF8-4089-B7FF-BFA86E25BB09}.Release|iPhone.ActiveCfg = Release|Any CPU
		{A8B1BF7B-7FF8-4089-B7FF-BFA86E25BB09}.Release|iPhone.Build.0 = Release|Any CPU
		{A8B1BF7B-7FF8-4089-B7FF-BFA86E25BB09}.Release|iPhoneSimulator.ActiveCfg = Release|Any CPU
		{A8B1BF7B-7FF8-4089-B7FF-BFA86E25BB09}.Release|iPhoneSimulator.Build.0 = Release|Any CPU
		{99ECCB5D-1363-418C-B384-EC6D3D668BB1}.Debug|Any CPU.ActiveCfg = Debug|Any CPU
		{99ECCB5D-1363-418C-B384-EC6D3D668BB1}.Debug|iPhone.ActiveCfg = Debug|Any CPU
		{99ECCB5D-1363-418C-B384-EC6D3D668BB1}.Debug|iPhoneSimulator.ActiveCfg = Debug|Any CPU
		{99ECCB5D-1363-418C-B384-EC6D3D668BB1}.DebugFake|Any CPU.ActiveCfg = Debug|Any CPU
		{99ECCB5D-1363-418C-B384-EC6D3D668BB1}.DebugFake|Any CPU.Build.0 = Debug|Any CPU
		{99ECCB5D-1363-418C-B384-EC6D3D668BB1}.DebugFake|iPhone.ActiveCfg = Debug|Any CPU
		{99ECCB5D-1363-418C-B384-EC6D3D668BB1}.DebugFake|iPhone.Build.0 = Debug|Any CPU
		{99ECCB5D-1363-418C-B384-EC6D3D668BB1}.DebugFake|iPhoneSimulator.ActiveCfg = Debug|Any CPU
		{99ECCB5D-1363-418C-B384-EC6D3D668BB1}.DebugFake|iPhoneSimulator.Build.0 = Debug|Any CPU
		{99ECCB5D-1363-418C-B384-EC6D3D668BB1}.Local|Any CPU.ActiveCfg = Local|Any CPU
		{99ECCB5D-1363-418C-B384-EC6D3D668BB1}.Local|Any CPU.Build.0 = Local|Any CPU
		{99ECCB5D-1363-418C-B384-EC6D3D668BB1}.Local|iPhone.ActiveCfg = Local|Any CPU
		{99ECCB5D-1363-418C-B384-EC6D3D668BB1}.Local|iPhone.Build.0 = Local|Any CPU
		{99ECCB5D-1363-418C-B384-EC6D3D668BB1}.Local|iPhoneSimulator.ActiveCfg = Local|Any CPU
		{99ECCB5D-1363-418C-B384-EC6D3D668BB1}.Local|iPhoneSimulator.Build.0 = Local|Any CPU
		{99ECCB5D-1363-418C-B384-EC6D3D668BB1}.Release|Any CPU.ActiveCfg = Release|Any CPU
		{99ECCB5D-1363-418C-B384-EC6D3D668BB1}.Release|iPhone.ActiveCfg = Release|Any CPU
		{99ECCB5D-1363-418C-B384-EC6D3D668BB1}.Release|iPhoneSimulator.ActiveCfg = Release|Any CPU
		{87F883FF-061D-4E2A-874E-5EAAE483ABF2}.Debug|Any CPU.ActiveCfg = Debug|Any CPU
		{87F883FF-061D-4E2A-874E-5EAAE483ABF2}.Debug|Any CPU.Build.0 = Debug|Any CPU
		{87F883FF-061D-4E2A-874E-5EAAE483ABF2}.Debug|iPhone.ActiveCfg = Debug|Any CPU
		{87F883FF-061D-4E2A-874E-5EAAE483ABF2}.Debug|iPhone.Build.0 = Debug|Any CPU
		{87F883FF-061D-4E2A-874E-5EAAE483ABF2}.Debug|iPhoneSimulator.ActiveCfg = Debug|Any CPU
		{87F883FF-061D-4E2A-874E-5EAAE483ABF2}.Debug|iPhoneSimulator.Build.0 = Debug|Any CPU
		{87F883FF-061D-4E2A-874E-5EAAE483ABF2}.DebugFake|Any CPU.ActiveCfg = Debug|Any CPU
		{87F883FF-061D-4E2A-874E-5EAAE483ABF2}.DebugFake|Any CPU.Build.0 = Debug|Any CPU
		{87F883FF-061D-4E2A-874E-5EAAE483ABF2}.DebugFake|iPhone.ActiveCfg = Debug|Any CPU
		{87F883FF-061D-4E2A-874E-5EAAE483ABF2}.DebugFake|iPhone.Build.0 = Debug|Any CPU
		{87F883FF-061D-4E2A-874E-5EAAE483ABF2}.DebugFake|iPhoneSimulator.ActiveCfg = Debug|Any CPU
		{87F883FF-061D-4E2A-874E-5EAAE483ABF2}.DebugFake|iPhoneSimulator.Build.0 = Debug|Any CPU
		{87F883FF-061D-4E2A-874E-5EAAE483ABF2}.Local|Any CPU.ActiveCfg = Debug|Any CPU
		{87F883FF-061D-4E2A-874E-5EAAE483ABF2}.Local|Any CPU.Build.0 = Debug|Any CPU
		{87F883FF-061D-4E2A-874E-5EAAE483ABF2}.Local|iPhone.ActiveCfg = Debug|Any CPU
		{87F883FF-061D-4E2A-874E-5EAAE483ABF2}.Local|iPhone.Build.0 = Debug|Any CPU
		{87F883FF-061D-4E2A-874E-5EAAE483ABF2}.Local|iPhoneSimulator.ActiveCfg = Debug|Any CPU
		{87F883FF-061D-4E2A-874E-5EAAE483ABF2}.Local|iPhoneSimulator.Build.0 = Debug|Any CPU
		{87F883FF-061D-4E2A-874E-5EAAE483ABF2}.Release|Any CPU.ActiveCfg = Release|Any CPU
		{87F883FF-061D-4E2A-874E-5EAAE483ABF2}.Release|Any CPU.Build.0 = Release|Any CPU
		{87F883FF-061D-4E2A-874E-5EAAE483ABF2}.Release|iPhone.ActiveCfg = Release|Any CPU
		{87F883FF-061D-4E2A-874E-5EAAE483ABF2}.Release|iPhone.Build.0 = Release|Any CPU
		{87F883FF-061D-4E2A-874E-5EAAE483ABF2}.Release|iPhoneSimulator.ActiveCfg = Release|Any CPU
		{87F883FF-061D-4E2A-874E-5EAAE483ABF2}.Release|iPhoneSimulator.Build.0 = Release|Any CPU
	EndGlobalSection
	GlobalSection(SolutionProperties) = preSolution
		HideSolutionNode = FALSE
	EndGlobalSection
	GlobalSection(NestedProjects) = preSolution
		{11257315-E609-4D03-B3ED-D1EE909E9EB1} = {8723A39E-9B2E-49B9-A3AB-A52CD441BE36}
		{C074271B-9646-4F5D-8BD7-ABD3C96D181E} = {53EBF2C2-4FC9-4D4C-B9BE-9E9A3D1E9935}
		{2D64771E-E4DD-495C-BAD0-E1B24F79DBC7} = {53EBF2C2-4FC9-4D4C-B9BE-9E9A3D1E9935}
		{32004E45-3235-4167-8107-31FD7855214C} = {53EBF2C2-4FC9-4D4C-B9BE-9E9A3D1E9935}
		{51BE028E-B579-43B1-A87C-4464D7FEA15A} = {32004E45-3235-4167-8107-31FD7855214C}
		{E258A892-B7B7-42A7-B077-AB2D380B04C0} = {8723A39E-9B2E-49B9-A3AB-A52CD441BE36}
		{E7F9A087-1E5D-4737-9856-87A4A3ED7F71} = {8723A39E-9B2E-49B9-A3AB-A52CD441BE36}
		{CC3B1B93-876A-41C2-9CAA-3C846408207C} = {2D64771E-E4DD-495C-BAD0-E1B24F79DBC7}
		{E6801CBA-CA34-47F3-BC32-1BF9EA206F55} = {2D64771E-E4DD-495C-BAD0-E1B24F79DBC7}
		{04A37C2C-FBCB-4683-AF12-170088E26565} = {2D64771E-E4DD-495C-BAD0-E1B24F79DBC7}
		{01198CB8-CE99-451C-BB2B-1C19E7206BAF} = {32004E45-3235-4167-8107-31FD7855214C}
		{28E8DF77-CA17-46AC-8A36-31B1C0C2F034} = {32004E45-3235-4167-8107-31FD7855214C}
		{F5B13973-1BDF-467B-B2D6-AD9FDD981701} = {32004E45-3235-4167-8107-31FD7855214C}
		{649E6CF5-92EC-4F1A-B273-091FFE2B8BE1} = {32004E45-3235-4167-8107-31FD7855214C}
		{3FEEBB94-3A03-4001-9631-E5810E0A8627} = {32004E45-3235-4167-8107-31FD7855214C}
		{16E5EFE2-20F3-413A-91FD-118525A5D83C} = {32004E45-3235-4167-8107-31FD7855214C}
		{DC1A765B-F5A9-423E-B4CA-B0E950EFEBDC} = {C074271B-9646-4F5D-8BD7-ABD3C96D181E}
		{C8CAB251-2A5F-47E8-8AD6-E6FEE46D1C95} = {17C3FD5F-01DD-47D9-A3F4-E03CD56D7D68}
		{A8B1BF7B-7FF8-4089-B7FF-BFA86E25BB09} = {32004E45-3235-4167-8107-31FD7855214C}
		{99ECCB5D-1363-418C-B384-EC6D3D668BB1} = {17C3FD5F-01DD-47D9-A3F4-E03CD56D7D68}
		{87F883FF-061D-4E2A-874E-5EAAE483ABF2} = {32004E45-3235-4167-8107-31FD7855214C}
	EndGlobalSection
	GlobalSection(ExtensibilityGlobals) = postSolution
		SolutionGuid = {57493643-C796-4615-BDEF-4719C970E838}
	EndGlobalSection
EndGlobal
